
Microsoft Visual Studio Solution File, Format Version 10.00
# Visual Studio 2008
Project("{FAE04EC0-301F-11D3-BF4B-00C04F79EFBC}") = "APD.Framework", "APD.Framework\APD.Framework.csproj", "{273AC02B-F852-40E5-BEA6-7BDE2D98C48B}"
EndProject
Project("{FAE04EC0-301F-11D3-BF4B-00C04F79EFBC}") = "APD.Framework.Tests", "APD.Framework.Tests\APD.Framework.Tests.csproj", "{5E8604FB-4B81-4195-9537-6CC14DD954AB}"
EndProject
Project("{FAE04EC0-301F-11D3-BF4B-00C04F79EFBC}") = "APD.Plugin.Framework", "APD.Plugin.Framework\APD.Plugin.Framework.csproj", "{44DFC2B4-2BAF-4D4D-84EE-6B4BEF0A8E13}"
EndProject
Project("{FAE04EC0-301F-11D3-BF4B-00C04F79EFBC}") = "APD.Client.Framework", "APD.Client.Framework\APD.Client.Framework.csproj", "{0E75F289-F4A6-4F4D-B0C0-8CA5E2105981}"
EndProject
Project("{2150E333-8FDC-42A3-9474-1A3956D46DE8}") = "Plugins", "Plugins", "{2682B5DF-307F-45F7-B894-529DC73C230C}"
EndProject
Project("{FAE04EC0-301F-11D3-BF4B-00C04F79EFBC}") = "APD.Plugin.SVN", "APD.Plugin.SVN\APD.Plugin.SVN.csproj", "{157D95C6-35FA-4E61-8C00-B87312196E41}"
EndProject
Project("{FAE04EC0-301F-11D3-BF4B-00C04F79EFBC}") = "APD.Plugin.SVNTests", "APD.Plugin.SVNTests\APD.Plugin.SVNTests.csproj", "{C9E8438A-2669-4C31-A9B1-8B7E26B15155}"
EndProject
Project("{2150E333-8FDC-42A3-9474-1A3956D46DE8}") = "DomainModels", "DomainModels", "{1A31B716-AE5F-4B49-8A72-A9B287C93440}"
EndProject
Project("{FAE04EC0-301F-11D3-BF4B-00C04F79EFBC}") = "APD.DomainModel.SourceControl", "APD.DomainModel.SourceControl\APD.DomainModel.SourceControl.csproj", "{10A85645-A4D5-4C8B-841A-A733876E5841}"
EndProject
Project("{FAE04EC0-301F-11D3-BF4B-00C04F79EFBC}") = "APD.DomainModel.Framework", "DomainModel\APD.DomainModel.Framework\APD.DomainModel.Framework.csproj", "{7C423CC1-417A-410A-81C9-741029DC0F8B}"
EndProject
Project("{FAE04EC0-301F-11D3-BF4B-00C04F79EFBC}") = "APD.DomainModel.FrameworkTests", "DomainModel\APD.DomainModel.FrameworkTests\APD.DomainModel.FrameworkTests.csproj", "{0108432D-68EB-4F91-962D-D7FF842F8988}"
EndProject
Project("{FAE04EC0-301F-11D3-BF4B-00C04F79EFBC}") = "APD.DomainModel.SourceControlTests", "APD.DomainModel.SourceControlTests\APD.DomainModel.SourceControlTests.csproj", "{0B8C284B-4D8B-491B-B96B-009A9C39180B}"
EndProject
Global
	GlobalSection(SolutionConfigurationPlatforms) = preSolution
		Debug|Any CPU = Debug|Any CPU
		Release|Any CPU = Release|Any CPU
	EndGlobalSection
	GlobalSection(ProjectConfigurationPlatforms) = postSolution
		{273AC02B-F852-40E5-BEA6-7BDE2D98C48B}.Debug|Any CPU.ActiveCfg = Debug|Any CPU
		{273AC02B-F852-40E5-BEA6-7BDE2D98C48B}.Debug|Any CPU.Build.0 = Debug|Any CPU
		{273AC02B-F852-40E5-BEA6-7BDE2D98C48B}.Release|Any CPU.ActiveCfg = Release|Any CPU
		{273AC02B-F852-40E5-BEA6-7BDE2D98C48B}.Release|Any CPU.Build.0 = Release|Any CPU
		{5E8604FB-4B81-4195-9537-6CC14DD954AB}.Debug|Any CPU.ActiveCfg = Debug|Any CPU
		{5E8604FB-4B81-4195-9537-6CC14DD954AB}.Debug|Any CPU.Build.0 = Debug|Any CPU
		{5E8604FB-4B81-4195-9537-6CC14DD954AB}.Release|Any CPU.ActiveCfg = Release|Any CPU
		{5E8604FB-4B81-4195-9537-6CC14DD954AB}.Release|Any CPU.Build.0 = Release|Any CPU
		{44DFC2B4-2BAF-4D4D-84EE-6B4BEF0A8E13}.Debug|Any CPU.ActiveCfg = Debug|Any CPU
		{44DFC2B4-2BAF-4D4D-84EE-6B4BEF0A8E13}.Debug|Any CPU.Build.0 = Debug|Any CPU
		{44DFC2B4-2BAF-4D4D-84EE-6B4BEF0A8E13}.Release|Any CPU.ActiveCfg = Release|Any CPU
		{44DFC2B4-2BAF-4D4D-84EE-6B4BEF0A8E13}.Release|Any CPU.Build.0 = Release|Any CPU
		{0E75F289-F4A6-4F4D-B0C0-8CA5E2105981}.Debug|Any CPU.ActiveCfg = Debug|Any CPU
		{0E75F289-F4A6-4F4D-B0C0-8CA5E2105981}.Debug|Any CPU.Build.0 = Debug|Any CPU
		{0E75F289-F4A6-4F4D-B0C0-8CA5E2105981}.Release|Any CPU.ActiveCfg = Release|Any CPU
		{0E75F289-F4A6-4F4D-B0C0-8CA5E2105981}.Release|Any CPU.Build.0 = Release|Any CPU
		{157D95C6-35FA-4E61-8C00-B87312196E41}.Debug|Any CPU.ActiveCfg = Debug|Any CPU
		{157D95C6-35FA-4E61-8C00-B87312196E41}.Debug|Any CPU.Build.0 = Debug|Any CPU
		{157D95C6-35FA-4E61-8C00-B87312196E41}.Release|Any CPU.ActiveCfg = Release|Any CPU
		{157D95C6-35FA-4E61-8C00-B87312196E41}.Release|Any CPU.Build.0 = Release|Any CPU
		{C9E8438A-2669-4C31-A9B1-8B7E26B15155}.Debug|Any CPU.ActiveCfg = Debug|Any CPU
		{C9E8438A-2669-4C31-A9B1-8B7E26B15155}.Debug|Any CPU.Build.0 = Debug|Any CPU
		{C9E8438A-2669-4C31-A9B1-8B7E26B15155}.Release|Any CPU.ActiveCfg = Release|Any CPU
		{C9E8438A-2669-4C31-A9B1-8B7E26B15155}.Release|Any CPU.Build.0 = Release|Any CPU
		{10A85645-A4D5-4C8B-841A-A733876E5841}.Debug|Any CPU.ActiveCfg = Debug|Any CPU
		{10A85645-A4D5-4C8B-841A-A733876E5841}.Debug|Any CPU.Build.0 = Debug|Any CPU
		{10A85645-A4D5-4C8B-841A-A733876E5841}.Release|Any CPU.ActiveCfg = Release|Any CPU
		{10A85645-A4D5-4C8B-841A-A733876E5841}.Release|Any CPU.Build.0 = Release|Any CPU
		{7C423CC1-417A-410A-81C9-741029DC0F8B}.Debug|Any CPU.ActiveCfg = Debug|Any CPU
		{7C423CC1-417A-410A-81C9-741029DC0F8B}.Debug|Any CPU.Build.0 = Debug|Any CPU
		{7C423CC1-417A-410A-81C9-741029DC0F8B}.Release|Any CPU.ActiveCfg = Release|Any CPU
		{7C423CC1-417A-410A-81C9-741029DC0F8B}.Release|Any CPU.Build.0 = Release|Any CPU
		{0108432D-68EB-4F91-962D-D7FF842F8988}.Debug|Any CPU.ActiveCfg = Debug|Any CPU
		{0108432D-68EB-4F91-962D-D7FF842F8988}.Debug|Any CPU.Build.0 = Debug|Any CPU
		{0108432D-68EB-4F91-962D-D7FF842F8988}.Release|Any CPU.ActiveCfg = Release|Any CPU
		{0108432D-68EB-4F91-962D-D7FF842F8988}.Release|Any CPU.Build.0 = Release|Any CPU
		{0B8C284B-4D8B-491B-B96B-009A9C39180B}.Debug|Any CPU.ActiveCfg = Debug|Any CPU
		{0B8C284B-4D8B-491B-B96B-009A9C39180B}.Debug|Any CPU.Build.0 = Debug|Any CPU
		{0B8C284B-4D8B-491B-B96B-009A9C39180B}.Release|Any CPU.ActiveCfg = Release|Any CPU
		{0B8C284B-4D8B-491B-B96B-009A9C39180B}.Release|Any CPU.Build.0 = Release|Any CPU
	EndGlobalSection
	GlobalSection(SolutionProperties) = preSolution
		HideSolutionNode = FALSE
	EndGlobalSection
	GlobalSection(NestedProjects) = preSolution
		{157D95C6-35FA-4E61-8C00-B87312196E41} = {2682B5DF-307F-45F7-B894-529DC73C230C}
		{C9E8438A-2669-4C31-A9B1-8B7E26B15155} = {2682B5DF-307F-45F7-B894-529DC73C230C}
		{10A85645-A4D5-4C8B-841A-A733876E5841} = {1A31B716-AE5F-4B49-8A72-A9B287C93440}
		{7C423CC1-417A-410A-81C9-741029DC0F8B} = {1A31B716-AE5F-4B49-8A72-A9B287C93440}
		{0108432D-68EB-4F91-962D-D7FF842F8988} = {1A31B716-AE5F-4B49-8A72-A9B287C93440}
		{0B8C284B-4D8B-491B-B96B-009A9C39180B} = {1A31B716-AE5F-4B49-8A72-A9B287C93440}
	EndGlobalSection
EndGlobal
