
Microsoft Visual Studio Solution File, Format Version 11.00
# Visual Studio 2010
Project("{2150E333-8FDC-42A3-9474-1A3956D46DE8}") = "DomainModels", "DomainModels", "{D2EBC0AD-E053-45FE-8DEC-733A539ED8CA}"
EndProject
Project("{FAE04EC0-301F-11D3-BF4B-00C04F79EFBC}") = "APD.Client.Widget.Admin.SL", "Widget\APD.Client.Widget.Admin.SL\APD.Client.Widget.Admin.SL.csproj", "{660C7FFD-ABB1-44A8-90C8-68553577DB6A}"
	ProjectSection(ProjectDependencies) = postProject
		{98E0FA30-C35F-4AF4-99B9-7597F6A0F1A1} = {98E0FA30-C35F-4AF4-99B9-7597F6A0F1A1}
	EndProjectSection
EndProject
Project("{FAE04EC0-301F-11D3-BF4B-00C04F79EFBC}") = "APD.Client.Widget.Admin", "Widget\APD.Client.Widget.Admin\APD.Client.Widget.Admin.csproj", "{0B667158-A786-4433-9911-3C8CC2F4A5D8}"
EndProject
Project("{FAE04EC0-301F-11D3-BF4B-00C04F79EFBC}") = "APD.Client.Widget.AdminTests", "Widget\APD.Client.Widget.AdminTests\APD.Client.Widget.AdminTests.csproj", "{D2BB213D-7095-4D49-9F52-2CA1C65CC267}"
EndProject
Project("{FAE04EC0-301F-11D3-BF4B-00C04F79EFBC}") = "APD.Client.Framework.SL", "APD.Client.Framework.SL\APD.Client.Framework.SL.csproj", "{E09BCACF-7320-4142-A8D5-40D34B9ABC89}"
EndProject
Project("{FAE04EC0-301F-11D3-BF4B-00C04F79EFBC}") = "APD.Client.Framework", "APD.Client.Framework\APD.Client.Framework.csproj", "{0E75F289-F4A6-4F4D-B0C0-8CA5E2105981}"
EndProject
Project("{FAE04EC0-301F-11D3-BF4B-00C04F79EFBC}") = "APD.DomainModel", "APD.DomainModel\APD.DomainModel.csproj", "{6D3D6DF1-E250-46D8-914D-05C09E6BFA54}"
EndProject
Project("{FAE04EC0-301F-11D3-BF4B-00C04F79EFBC}") = "APD.Tests", "APD.Tests\APD.Tests.csproj", "{F00CBB10-58D2-40B9-82DD-D8ABD14E1995}"
EndProject
Project("{FAE04EC0-301F-11D3-BF4B-00C04F79EFBC}") = "APD.DomainModel.SL", "APD.DomainModel\APD.DomainModel.SL.csproj", "{6D860A9B-0B17-4E78-AB4D-533D1698F225}"
EndProject
Project("{FAE04EC0-301F-11D3-BF4B-00C04F79EFBC}") = "APD.DomainModel.Framework", "DomainModel\APD.DomainModel.Framework\APD.DomainModel.Framework.csproj", "{7C423CC1-417A-410A-81C9-741029DC0F8B}"
EndProject
Project("{FAE04EC0-301F-11D3-BF4B-00C04F79EFBC}") = "APD.DomainModel.Framework.SL", "DomainModel\APD.DomainModel.Framework.SL\APD.DomainModel.Framework.SL.csproj", "{124594EB-B92D-49B1-9E1D-F3557A0413D8}"
EndProject
Project("{FAE04EC0-301F-11D3-BF4B-00C04F79EFBC}") = "APD.Client.Framework.Tests", "APD.Client.FrameworkTests\APD.Client.Framework.Tests.csproj", "{93D53039-47A6-473E-A3D8-9C12D73C37E1}"
EndProject
Project("{FAE04EC0-301F-11D3-BF4B-00C04F79EFBC}") = "APD.DomainModel.FrameworkTests", "DomainModel\APD.DomainModel.FrameworkTests\APD.DomainModel.FrameworkTests.csproj", "{0108432D-68EB-4F91-962D-D7FF842F8988}"
EndProject
Project("{FAE04EC0-301F-11D3-BF4B-00C04F79EFBC}") = "APD.Client.Web", "APD.Client.Web\APD.Client.Web.csproj", "{98E0FA30-C35F-4AF4-99B9-7597F6A0F1A1}"
EndProject
Project("{FAE04EC0-301F-11D3-BF4B-00C04F79EFBC}") = "APD.DomainModel.Tests", "APD.DomainModel.Tests\APD.DomainModel.Tests.csproj", "{5D4669EF-F733-4893-90CE-A4F577B2BD63}"
EndProject
Global
	GlobalSection(SolutionConfigurationPlatforms) = preSolution
		Debug|Any CPU = Debug|Any CPU
		Release|Any CPU = Release|Any CPU
	EndGlobalSection
	GlobalSection(ProjectConfigurationPlatforms) = postSolution
		{660C7FFD-ABB1-44A8-90C8-68553577DB6A}.Debug|Any CPU.ActiveCfg = Debug|Any CPU
		{660C7FFD-ABB1-44A8-90C8-68553577DB6A}.Debug|Any CPU.Build.0 = Debug|Any CPU
		{660C7FFD-ABB1-44A8-90C8-68553577DB6A}.Release|Any CPU.ActiveCfg = Release|Any CPU
		{660C7FFD-ABB1-44A8-90C8-68553577DB6A}.Release|Any CPU.Build.0 = Release|Any CPU
		{0B667158-A786-4433-9911-3C8CC2F4A5D8}.Debug|Any CPU.ActiveCfg = Debug|Any CPU
		{0B667158-A786-4433-9911-3C8CC2F4A5D8}.Debug|Any CPU.Build.0 = Debug|Any CPU
		{0B667158-A786-4433-9911-3C8CC2F4A5D8}.Release|Any CPU.ActiveCfg = Release|Any CPU
		{0B667158-A786-4433-9911-3C8CC2F4A5D8}.Release|Any CPU.Build.0 = Release|Any CPU
		{D2BB213D-7095-4D49-9F52-2CA1C65CC267}.Debug|Any CPU.ActiveCfg = Debug|Any CPU
		{D2BB213D-7095-4D49-9F52-2CA1C65CC267}.Debug|Any CPU.Build.0 = Debug|Any CPU
		{D2BB213D-7095-4D49-9F52-2CA1C65CC267}.Release|Any CPU.ActiveCfg = Release|Any CPU
		{D2BB213D-7095-4D49-9F52-2CA1C65CC267}.Release|Any CPU.Build.0 = Release|Any CPU
		{E09BCACF-7320-4142-A8D5-40D34B9ABC89}.Debug|Any CPU.ActiveCfg = Debug|Any CPU
		{E09BCACF-7320-4142-A8D5-40D34B9ABC89}.Debug|Any CPU.Build.0 = Debug|Any CPU
		{E09BCACF-7320-4142-A8D5-40D34B9ABC89}.Release|Any CPU.ActiveCfg = Release|Any CPU
		{E09BCACF-7320-4142-A8D5-40D34B9ABC89}.Release|Any CPU.Build.0 = Release|Any CPU
		{0E75F289-F4A6-4F4D-B0C0-8CA5E2105981}.Debug|Any CPU.ActiveCfg = Debug|Any CPU
		{0E75F289-F4A6-4F4D-B0C0-8CA5E2105981}.Debug|Any CPU.Build.0 = Debug|Any CPU
		{0E75F289-F4A6-4F4D-B0C0-8CA5E2105981}.Release|Any CPU.ActiveCfg = Release|Any CPU
		{0E75F289-F4A6-4F4D-B0C0-8CA5E2105981}.Release|Any CPU.Build.0 = Release|Any CPU
		{6D3D6DF1-E250-46D8-914D-05C09E6BFA54}.Debug|Any CPU.ActiveCfg = Debug|Any CPU
		{6D3D6DF1-E250-46D8-914D-05C09E6BFA54}.Debug|Any CPU.Build.0 = Debug|Any CPU
		{6D3D6DF1-E250-46D8-914D-05C09E6BFA54}.Release|Any CPU.ActiveCfg = Release|Any CPU
		{6D3D6DF1-E250-46D8-914D-05C09E6BFA54}.Release|Any CPU.Build.0 = Release|Any CPU
		{F00CBB10-58D2-40B9-82DD-D8ABD14E1995}.Debug|Any CPU.ActiveCfg = Debug|Any CPU
		{F00CBB10-58D2-40B9-82DD-D8ABD14E1995}.Debug|Any CPU.Build.0 = Debug|Any CPU
		{F00CBB10-58D2-40B9-82DD-D8ABD14E1995}.Release|Any CPU.ActiveCfg = Release|Any CPU
		{F00CBB10-58D2-40B9-82DD-D8ABD14E1995}.Release|Any CPU.Build.0 = Release|Any CPU
		{6D860A9B-0B17-4E78-AB4D-533D1698F225}.Debug|Any CPU.ActiveCfg = Debug|Any CPU
		{6D860A9B-0B17-4E78-AB4D-533D1698F225}.Debug|Any CPU.Build.0 = Debug|Any CPU
		{6D860A9B-0B17-4E78-AB4D-533D1698F225}.Release|Any CPU.ActiveCfg = Release|Any CPU
		{6D860A9B-0B17-4E78-AB4D-533D1698F225}.Release|Any CPU.Build.0 = Release|Any CPU
		{7C423CC1-417A-410A-81C9-741029DC0F8B}.Debug|Any CPU.ActiveCfg = Debug|Any CPU
		{7C423CC1-417A-410A-81C9-741029DC0F8B}.Debug|Any CPU.Build.0 = Debug|Any CPU
		{7C423CC1-417A-410A-81C9-741029DC0F8B}.Release|Any CPU.ActiveCfg = Release|Any CPU
		{7C423CC1-417A-410A-81C9-741029DC0F8B}.Release|Any CPU.Build.0 = Release|Any CPU
		{124594EB-B92D-49B1-9E1D-F3557A0413D8}.Debug|Any CPU.ActiveCfg = Debug|Any CPU
		{124594EB-B92D-49B1-9E1D-F3557A0413D8}.Debug|Any CPU.Build.0 = Debug|Any CPU
		{124594EB-B92D-49B1-9E1D-F3557A0413D8}.Release|Any CPU.ActiveCfg = Release|Any CPU
		{124594EB-B92D-49B1-9E1D-F3557A0413D8}.Release|Any CPU.Build.0 = Release|Any CPU
		{93D53039-47A6-473E-A3D8-9C12D73C37E1}.Debug|Any CPU.ActiveCfg = Debug|Any CPU
		{93D53039-47A6-473E-A3D8-9C12D73C37E1}.Debug|Any CPU.Build.0 = Debug|Any CPU
		{93D53039-47A6-473E-A3D8-9C12D73C37E1}.Release|Any CPU.ActiveCfg = Release|Any CPU
		{93D53039-47A6-473E-A3D8-9C12D73C37E1}.Release|Any CPU.Build.0 = Release|Any CPU
		{0108432D-68EB-4F91-962D-D7FF842F8988}.Debug|Any CPU.ActiveCfg = Debug|Any CPU
		{0108432D-68EB-4F91-962D-D7FF842F8988}.Debug|Any CPU.Build.0 = Debug|Any CPU
		{0108432D-68EB-4F91-962D-D7FF842F8988}.Release|Any CPU.ActiveCfg = Release|Any CPU
		{0108432D-68EB-4F91-962D-D7FF842F8988}.Release|Any CPU.Build.0 = Release|Any CPU
		{98E0FA30-C35F-4AF4-99B9-7597F6A0F1A1}.Debug|Any CPU.ActiveCfg = Debug|Any CPU
		{98E0FA30-C35F-4AF4-99B9-7597F6A0F1A1}.Debug|Any CPU.Build.0 = Debug|Any CPU
		{98E0FA30-C35F-4AF4-99B9-7597F6A0F1A1}.Release|Any CPU.ActiveCfg = Release|Any CPU
		{98E0FA30-C35F-4AF4-99B9-7597F6A0F1A1}.Release|Any CPU.Build.0 = Release|Any CPU
		{5D4669EF-F733-4893-90CE-A4F577B2BD63}.Debug|Any CPU.ActiveCfg = Debug|Any CPU
		{5D4669EF-F733-4893-90CE-A4F577B2BD63}.Debug|Any CPU.Build.0 = Debug|Any CPU
		{5D4669EF-F733-4893-90CE-A4F577B2BD63}.Release|Any CPU.ActiveCfg = Release|Any CPU
		{5D4669EF-F733-4893-90CE-A4F577B2BD63}.Release|Any CPU.Build.0 = Release|Any CPU
	EndGlobalSection
	GlobalSection(SolutionProperties) = preSolution
		HideSolutionNode = FALSE
	EndGlobalSection
	GlobalSection(NestedProjects) = preSolution
		{6D3D6DF1-E250-46D8-914D-05C09E6BFA54} = {D2EBC0AD-E053-45FE-8DEC-733A539ED8CA}
		{6D860A9B-0B17-4E78-AB4D-533D1698F225} = {D2EBC0AD-E053-45FE-8DEC-733A539ED8CA}
		{7C423CC1-417A-410A-81C9-741029DC0F8B} = {D2EBC0AD-E053-45FE-8DEC-733A539ED8CA}
		{124594EB-B92D-49B1-9E1D-F3557A0413D8} = {D2EBC0AD-E053-45FE-8DEC-733A539ED8CA}
		{0108432D-68EB-4F91-962D-D7FF842F8988} = {D2EBC0AD-E053-45FE-8DEC-733A539ED8CA}
		{5D4669EF-F733-4893-90CE-A4F577B2BD63} = {D2EBC0AD-E053-45FE-8DEC-733A539ED8CA}
	EndGlobalSection
EndGlobal
