
Microsoft Visual Studio Solution File, Format Version 11.00
# Visual Studio 2010
Project("{FAE04EC0-301F-11D3-BF4B-00C04F79EFBC}") = "Smeedee.Client.SL", "Client\Smeedee.Client.SL\Smeedee.Client.SL.csproj", "{82E89814-481B-48A7-9EBB-6717E47640EA}"
EndProject
Project("{FAE04EC0-301F-11D3-BF4B-00C04F79EFBC}") = "Smeedee.Client.Framework.Tests", "Client\Smeedee.Client.Framework.Tests\Smeedee.Client.Framework.Tests.csproj", "{1E77D895-A0E6-4DC9-82FF-3379D65836C1}"
EndProject
Project("{FAE04EC0-301F-11D3-BF4B-00C04F79EFBC}") = "Smeedee.Client.Framework.SL.Tests", "Client\Smeedee.Client.Framework.SL.Tests\Smeedee.Client.Framework.SL.Tests.csproj", "{B462D2F5-B13F-41FD-907C-02343087FF13}"
EndProject
Project("{2150E333-8FDC-42A3-9474-1A3956D46DE8}") = "DomainModel", "DomainModel", "{C7C5ECB7-BC48-40B6-8D39-AF6EBB507258}"
EndProject
Project("{FAE04EC0-301F-11D3-BF4B-00C04F79EFBC}") = "Smeedee.DomainModel.Framework", "DomainModel\Smeedee.DomainModel.Framework\Smeedee.DomainModel.Framework.csproj", "{7C423CC1-417A-410A-81C9-741029DC0F8B}"
EndProject
Project("{FAE04EC0-301F-11D3-BF4B-00C04F79EFBC}") = "Smeedee.DomainModel.FrameworkTests", "DomainModel\Smeedee.DomainModel.FrameworkTests\Smeedee.DomainModel.FrameworkTests.csproj", "{0108432D-68EB-4F91-962D-D7FF842F8988}"
EndProject
Project("{FAE04EC0-301F-11D3-BF4B-00C04F79EFBC}") = "Smeedee.DomainModel.Framework.SL", "DomainModel\Smeedee.DomainModel.Framework.SL\Smeedee.DomainModel.Framework.SL.csproj", "{124594EB-B92D-49B1-9E1D-F3557A0413D8}"
EndProject
Project("{FAE04EC0-301F-11D3-BF4B-00C04F79EFBC}") = "Smeedee.DomainModel", "DomainModel\Smeedee.DomainModel\Smeedee.DomainModel.csproj", "{6D3D6DF1-E250-46D8-914D-05C09E6BFA54}"
EndProject
Project("{FAE04EC0-301F-11D3-BF4B-00C04F79EFBC}") = "Smeedee.DomainModel.Tests", "DomainModel\Smeedee.DomainModel.Tests\Smeedee.DomainModel.Tests.csproj", "{5D4669EF-F733-4893-90CE-A4F577B2BD63}"
EndProject
Project("{FAE04EC0-301F-11D3-BF4B-00C04F79EFBC}") = "Smeedee.Tests", "Smeedee.Tests\Smeedee.Tests.csproj", "{F00CBB10-58D2-40B9-82DD-D8ABD14E1995}"
EndProject
Project("{FAE04EC0-301F-11D3-BF4B-00C04F79EFBC}") = "Smeedee.Integration", "Integration\Smeedee.Integration\Smeedee.Integration.csproj", "{47431D6D-1824-41E1-87B8-D90872E4FA04}"
EndProject
Project("{2150E333-8FDC-42A3-9474-1A3956D46DE8}") = "Integration", "Integration", "{70401D9A-1688-4A82-8010-B26F92DF3459}"
EndProject
Project("{FAE04EC0-301F-11D3-BF4B-00C04F79EFBC}") = "Smeedee.Integration.Framework", "Integration\Smeedee.Integration.Framework\Smeedee.Integration.Framework.csproj", "{D5058BDF-B5D2-48DB-9DD7-04BFB7541509}"
EndProject
Project("{2150E333-8FDC-42A3-9474-1A3956D46DE8}") = "Client", "Client", "{4B5B618D-6D37-471A-8BBB-1E98B0DD83DD}"
EndProject
Project("{FAE04EC0-301F-11D3-BF4B-00C04F79EFBC}") = "Smeedee.DomainModel.SL", "DomainModel\Smeedee.DomainModel\Smeedee.DomainModel.SL.csproj", "{6D860A9B-0B17-4E78-AB4D-533D1698F225}"
EndProject
Project("{FAE04EC0-301F-11D3-BF4B-00C04F79EFBC}") = "Smeedee.Framework.Tests", "Smeedee.Framework.Tests\Smeedee.Framework.Tests.csproj", "{5E8604FB-4B81-4195-9537-6CC14DD954AB}"
EndProject
Project("{FAE04EC0-301F-11D3-BF4B-00C04F79EFBC}") = "Smeedee.Client.Framework", "Client\Smeedee.Client.Framework\Smeedee.Client.Framework.csproj", "{7882F92F-E48B-479E-A2EA-68844EE1C113}"
EndProject
Project("{FAE04EC0-301F-11D3-BF4B-00C04F79EFBC}") = "Smeedee.Client.Framework.SL", "Client\Smeedee.Client.Framework.SL\Smeedee.Client.Framework.SL.csproj", "{DB3A158F-D0F2-46F2-BC90-1BB163EA76AB}"
	ProjectSection(ProjectDependencies) = postProject
		{98E0FA30-C35F-4AF4-99B9-7597F6A0F1A1} = {98E0FA30-C35F-4AF4-99B9-7597F6A0F1A1}
	EndProjectSection
EndProject
Project("{2150E333-8FDC-42A3-9474-1A3956D46DE8}") = "Framework", "Framework", "{C67CC367-C864-4918-B34F-6CFC3B8C58C2}"
EndProject
Project("{FAE04EC0-301F-11D3-BF4B-00C04F79EFBC}") = "Smeedee.Framework", "Smeedee.Framework\Smeedee.Framework.csproj", "{273AC02B-F852-40E5-BEA6-7BDE2D98C48B}"
EndProject
Project("{2150E333-8FDC-42A3-9474-1A3956D46DE8}") = "Widget", "Widget", "{F2BC67A3-40DB-4E7A-852E-3F3C08DA36FE}"
EndProject
Project("{FAE04EC0-301F-11D3-BF4B-00C04F79EFBC}") = "Smeedee.Widget.TeamPicture", "Widget\Smeedee.Widget.TeamPicture\Smeedee.Widget.TeamPicture.csproj", "{5DE9E55F-AD3C-4217-85B2-F3C5971D03E5}"
EndProject
Project("{FAE04EC0-301F-11D3-BF4B-00C04F79EFBC}") = "Smeedee.Widget.TeamPicture.Tests", "Widget\Smeedee.Widget.TeamPicture.Tests\Smeedee.Widget.TeamPicture.Tests.csproj", "{A254C31C-8711-4AC5-A6E0-AF55672D681B}"
EndProject
Project("{FAE04EC0-301F-11D3-BF4B-00C04F79EFBC}") = "Smeedee.Client.Web", "Client\Smeedee.Client.Web\Smeedee.Client.Web.csproj", "{98E0FA30-C35F-4AF4-99B9-7597F6A0F1A1}"
EndProject
Project("{FAE04EC0-301F-11D3-BF4B-00C04F79EFBC}") = "Smeedee.Client.WebTests", "Client\Smeedee.Client.Web.Tests\Smeedee.Client.WebTests.csproj", "{377B2C84-D2F4-4521-97A4-ADDDA50F53C7}"
	ProjectSection(ProjectDependencies) = postProject
		{98E0FA30-C35F-4AF4-99B9-7597F6A0F1A1} = {98E0FA30-C35F-4AF4-99B9-7597F6A0F1A1}
	EndProjectSection
EndProject
Project("{FAE04EC0-301F-11D3-BF4B-00C04F79EFBC}") = "Smeedee.Widget.SourceControl", "Widget\Smeedee.Widget.SourceControl\Smeedee.Widget.SourceControl.csproj", "{900E0DA9-9341-41A5-B562-063815073DF4}"
EndProject
Project("{FAE04EC0-301F-11D3-BF4B-00C04F79EFBC}") = "Smeedee.Widget.SourceControl.SL", "Widget\Smeedee.Widget.SourceControl.SL\Smeedee.Widget.SourceControl.SL.csproj", "{9886A595-ADFA-4E80-A383-64B567DB008C}"
EndProject
Project("{FAE04EC0-301F-11D3-BF4B-00C04F79EFBC}") = "Smeedee.Widget.DeveloperInfo.SL", "Widget\Smeedee.Widget.DeveloperInfo.SL\Smeedee.Widget.DeveloperInfo.SL.csproj", "{754C1232-CD79-474B-B21C-B3243015C1DC}"
EndProject
Project("{FAE04EC0-301F-11D3-BF4B-00C04F79EFBC}") = "Smeedee.Widget.CI", "Widget\Smeedee.Widget.CI\Smeedee.Widget.CI.csproj", "{4ABCB9D9-E9EF-40FE-9AA9-E77714A5E275}"
EndProject
Project("{FAE04EC0-301F-11D3-BF4B-00C04F79EFBC}") = "Smeedee.Widget.CI.SL", "Widget\Smeedee.Widget.CI.SL\Smeedee.Widget.CI.SL.csproj", "{B84CF0E7-086A-4836-A317-7FF06AD0D52F}"
EndProject
Project("{FAE04EC0-301F-11D3-BF4B-00C04F79EFBC}") = "Smeedee.Widget.CI.Tests", "Widget\Smeedee.Widget.CI.Tests\Smeedee.Widget.CI.Tests.csproj", "{E374F5FC-DE03-4A95-B28F-2A227841B2AD}"
EndProject
Project("{FAE04EC0-301F-11D3-BF4B-00C04F79EFBC}") = "Smeedee.Widget.SourceControl.Tests", "Widget\Smeedee.Widget.SourceControl.Tests\Smeedee.Widget.SourceControl.Tests.csproj", "{DAE0045C-6153-4512-A265-F49798DFA84B}"
EndProject
Project("{FAE04EC0-301F-11D3-BF4B-00C04F79EFBC}") = "Smeedee.Widget.ProjectInfo", "Widget\Smeedee.Widget.ProjectInfo\Smeedee.Widget.ProjectInfo.csproj", "{8B63D9B3-7728-413A-94E6-167C30F1B429}"
EndProject
Project("{FAE04EC0-301F-11D3-BF4B-00C04F79EFBC}") = "Smeedee.Widget.ProjectInfo.SL", "Widget\Smeedee.Widget.ProjectInfo.SL\Smeedee.Widget.ProjectInfo.SL.csproj", "{203A07E5-D01B-4241-B330-8BC91CFBE303}"
EndProject
Project("{FAE04EC0-301F-11D3-BF4B-00C04F79EFBC}") = "Smeedee.Widget.ProjectInfo.Tests", "Widget\Smeedee.Widget.ProjectInfo.Tests\Smeedee.Widget.ProjectInfo.Tests.csproj", "{55A12310-9C06-4C3F-A2E8-57BBAC0E4A0F}"
EndProject
Project("{FAE04EC0-301F-11D3-BF4B-00C04F79EFBC}") = "Smeedee.Widget.BurndownChart", "Widget\Smeedee.Widget.BurndownChart\Smeedee.Widget.BurndownChart.csproj", "{1B46775D-B317-411F-8111-645C7A81614E}"
EndProject
Project("{FAE04EC0-301F-11D3-BF4B-00C04F79EFBC}") = "Smeedee.Widget.BurndownChart.SL", "Widget\Smeedee.Widget.BurndownChart.SL\Smeedee.Widget.BurndownChart.SL.csproj", "{A93BB217-B5AA-4465-B61A-AEE9D25D73AE}"
EndProject
Project("{FAE04EC0-301F-11D3-BF4B-00C04F79EFBC}") = "Smeedee.Widget.BurndownChart.Tests", "Widget\Smeedee.Widget.BurndownChart.Tests\Smeedee.Widget.BurndownChart.Tests.csproj", "{2298D45A-84B7-48E7-8823-52A124F4A911}"
EndProject
Global
	GlobalSection(SolutionConfigurationPlatforms) = preSolution
		Debug|Any CPU = Debug|Any CPU
		Release|Any CPU = Release|Any CPU
	EndGlobalSection
	GlobalSection(ProjectConfigurationPlatforms) = postSolution
		{82E89814-481B-48A7-9EBB-6717E47640EA}.Debug|Any CPU.ActiveCfg = Debug|Any CPU
		{82E89814-481B-48A7-9EBB-6717E47640EA}.Debug|Any CPU.Build.0 = Debug|Any CPU
		{82E89814-481B-48A7-9EBB-6717E47640EA}.Release|Any CPU.ActiveCfg = Release|Any CPU
		{82E89814-481B-48A7-9EBB-6717E47640EA}.Release|Any CPU.Build.0 = Release|Any CPU
		{1E77D895-A0E6-4DC9-82FF-3379D65836C1}.Debug|Any CPU.ActiveCfg = Debug|Any CPU
		{1E77D895-A0E6-4DC9-82FF-3379D65836C1}.Debug|Any CPU.Build.0 = Debug|Any CPU
		{1E77D895-A0E6-4DC9-82FF-3379D65836C1}.Release|Any CPU.ActiveCfg = Release|Any CPU
		{1E77D895-A0E6-4DC9-82FF-3379D65836C1}.Release|Any CPU.Build.0 = Release|Any CPU
		{B462D2F5-B13F-41FD-907C-02343087FF13}.Debug|Any CPU.ActiveCfg = Debug|Any CPU
		{B462D2F5-B13F-41FD-907C-02343087FF13}.Debug|Any CPU.Build.0 = Debug|Any CPU
		{B462D2F5-B13F-41FD-907C-02343087FF13}.Release|Any CPU.ActiveCfg = Release|Any CPU
		{B462D2F5-B13F-41FD-907C-02343087FF13}.Release|Any CPU.Build.0 = Release|Any CPU
		{7C423CC1-417A-410A-81C9-741029DC0F8B}.Debug|Any CPU.ActiveCfg = Debug|Any CPU
		{7C423CC1-417A-410A-81C9-741029DC0F8B}.Debug|Any CPU.Build.0 = Debug|Any CPU
		{7C423CC1-417A-410A-81C9-741029DC0F8B}.Release|Any CPU.ActiveCfg = Release|Any CPU
		{7C423CC1-417A-410A-81C9-741029DC0F8B}.Release|Any CPU.Build.0 = Release|Any CPU
		{0108432D-68EB-4F91-962D-D7FF842F8988}.Debug|Any CPU.ActiveCfg = Debug|Any CPU
		{0108432D-68EB-4F91-962D-D7FF842F8988}.Debug|Any CPU.Build.0 = Debug|Any CPU
		{0108432D-68EB-4F91-962D-D7FF842F8988}.Release|Any CPU.ActiveCfg = Release|Any CPU
		{0108432D-68EB-4F91-962D-D7FF842F8988}.Release|Any CPU.Build.0 = Release|Any CPU
		{124594EB-B92D-49B1-9E1D-F3557A0413D8}.Debug|Any CPU.ActiveCfg = Debug|Any CPU
		{124594EB-B92D-49B1-9E1D-F3557A0413D8}.Debug|Any CPU.Build.0 = Debug|Any CPU
		{124594EB-B92D-49B1-9E1D-F3557A0413D8}.Release|Any CPU.ActiveCfg = Release|Any CPU
		{124594EB-B92D-49B1-9E1D-F3557A0413D8}.Release|Any CPU.Build.0 = Release|Any CPU
		{6D3D6DF1-E250-46D8-914D-05C09E6BFA54}.Debug|Any CPU.ActiveCfg = Debug|Any CPU
		{6D3D6DF1-E250-46D8-914D-05C09E6BFA54}.Debug|Any CPU.Build.0 = Debug|Any CPU
		{6D3D6DF1-E250-46D8-914D-05C09E6BFA54}.Release|Any CPU.ActiveCfg = Release|Any CPU
		{6D3D6DF1-E250-46D8-914D-05C09E6BFA54}.Release|Any CPU.Build.0 = Release|Any CPU
		{5D4669EF-F733-4893-90CE-A4F577B2BD63}.Debug|Any CPU.ActiveCfg = Debug|Any CPU
		{5D4669EF-F733-4893-90CE-A4F577B2BD63}.Debug|Any CPU.Build.0 = Debug|Any CPU
		{5D4669EF-F733-4893-90CE-A4F577B2BD63}.Release|Any CPU.ActiveCfg = Release|Any CPU
		{5D4669EF-F733-4893-90CE-A4F577B2BD63}.Release|Any CPU.Build.0 = Release|Any CPU
		{F00CBB10-58D2-40B9-82DD-D8ABD14E1995}.Debug|Any CPU.ActiveCfg = Debug|Any CPU
		{F00CBB10-58D2-40B9-82DD-D8ABD14E1995}.Debug|Any CPU.Build.0 = Debug|Any CPU
		{F00CBB10-58D2-40B9-82DD-D8ABD14E1995}.Release|Any CPU.ActiveCfg = Release|Any CPU
		{F00CBB10-58D2-40B9-82DD-D8ABD14E1995}.Release|Any CPU.Build.0 = Release|Any CPU
		{47431D6D-1824-41E1-87B8-D90872E4FA04}.Debug|Any CPU.ActiveCfg = Debug|Any CPU
		{47431D6D-1824-41E1-87B8-D90872E4FA04}.Debug|Any CPU.Build.0 = Debug|Any CPU
		{47431D6D-1824-41E1-87B8-D90872E4FA04}.Release|Any CPU.ActiveCfg = Release|Any CPU
		{47431D6D-1824-41E1-87B8-D90872E4FA04}.Release|Any CPU.Build.0 = Release|Any CPU
		{D5058BDF-B5D2-48DB-9DD7-04BFB7541509}.Debug|Any CPU.ActiveCfg = Debug|Any CPU
		{D5058BDF-B5D2-48DB-9DD7-04BFB7541509}.Debug|Any CPU.Build.0 = Debug|Any CPU
		{D5058BDF-B5D2-48DB-9DD7-04BFB7541509}.Release|Any CPU.ActiveCfg = Release|Any CPU
		{D5058BDF-B5D2-48DB-9DD7-04BFB7541509}.Release|Any CPU.Build.0 = Release|Any CPU
		{6D860A9B-0B17-4E78-AB4D-533D1698F225}.Debug|Any CPU.ActiveCfg = Debug|Any CPU
		{6D860A9B-0B17-4E78-AB4D-533D1698F225}.Debug|Any CPU.Build.0 = Debug|Any CPU
		{6D860A9B-0B17-4E78-AB4D-533D1698F225}.Release|Any CPU.ActiveCfg = Release|Any CPU
		{6D860A9B-0B17-4E78-AB4D-533D1698F225}.Release|Any CPU.Build.0 = Release|Any CPU
		{5E8604FB-4B81-4195-9537-6CC14DD954AB}.Debug|Any CPU.ActiveCfg = Debug|Any CPU
		{5E8604FB-4B81-4195-9537-6CC14DD954AB}.Debug|Any CPU.Build.0 = Debug|Any CPU
		{5E8604FB-4B81-4195-9537-6CC14DD954AB}.Release|Any CPU.ActiveCfg = Release|Any CPU
		{5E8604FB-4B81-4195-9537-6CC14DD954AB}.Release|Any CPU.Build.0 = Release|Any CPU
		{7882F92F-E48B-479E-A2EA-68844EE1C113}.Debug|Any CPU.ActiveCfg = Debug|Any CPU
		{7882F92F-E48B-479E-A2EA-68844EE1C113}.Debug|Any CPU.Build.0 = Debug|Any CPU
		{7882F92F-E48B-479E-A2EA-68844EE1C113}.Release|Any CPU.ActiveCfg = Release|Any CPU
		{7882F92F-E48B-479E-A2EA-68844EE1C113}.Release|Any CPU.Build.0 = Release|Any CPU
		{DB3A158F-D0F2-46F2-BC90-1BB163EA76AB}.Debug|Any CPU.ActiveCfg = Debug|Any CPU
		{DB3A158F-D0F2-46F2-BC90-1BB163EA76AB}.Debug|Any CPU.Build.0 = Debug|Any CPU
		{DB3A158F-D0F2-46F2-BC90-1BB163EA76AB}.Release|Any CPU.ActiveCfg = Release|Any CPU
		{DB3A158F-D0F2-46F2-BC90-1BB163EA76AB}.Release|Any CPU.Build.0 = Release|Any CPU
		{273AC02B-F852-40E5-BEA6-7BDE2D98C48B}.Debug|Any CPU.ActiveCfg = Debug|Any CPU
		{273AC02B-F852-40E5-BEA6-7BDE2D98C48B}.Debug|Any CPU.Build.0 = Debug|Any CPU
		{273AC02B-F852-40E5-BEA6-7BDE2D98C48B}.Release|Any CPU.ActiveCfg = Release|Any CPU
		{273AC02B-F852-40E5-BEA6-7BDE2D98C48B}.Release|Any CPU.Build.0 = Release|Any CPU
		{5DE9E55F-AD3C-4217-85B2-F3C5971D03E5}.Debug|Any CPU.ActiveCfg = Debug|Any CPU
		{5DE9E55F-AD3C-4217-85B2-F3C5971D03E5}.Debug|Any CPU.Build.0 = Debug|Any CPU
		{5DE9E55F-AD3C-4217-85B2-F3C5971D03E5}.Release|Any CPU.ActiveCfg = Release|Any CPU
		{5DE9E55F-AD3C-4217-85B2-F3C5971D03E5}.Release|Any CPU.Build.0 = Release|Any CPU
		{A254C31C-8711-4AC5-A6E0-AF55672D681B}.Debug|Any CPU.ActiveCfg = Debug|Any CPU
		{A254C31C-8711-4AC5-A6E0-AF55672D681B}.Debug|Any CPU.Build.0 = Debug|Any CPU
		{A254C31C-8711-4AC5-A6E0-AF55672D681B}.Release|Any CPU.ActiveCfg = Release|Any CPU
		{A254C31C-8711-4AC5-A6E0-AF55672D681B}.Release|Any CPU.Build.0 = Release|Any CPU
		{98E0FA30-C35F-4AF4-99B9-7597F6A0F1A1}.Debug|Any CPU.ActiveCfg = Debug|Any CPU
		{98E0FA30-C35F-4AF4-99B9-7597F6A0F1A1}.Debug|Any CPU.Build.0 = Debug|Any CPU
		{98E0FA30-C35F-4AF4-99B9-7597F6A0F1A1}.Release|Any CPU.ActiveCfg = Release|Any CPU
		{98E0FA30-C35F-4AF4-99B9-7597F6A0F1A1}.Release|Any CPU.Build.0 = Release|Any CPU
		{377B2C84-D2F4-4521-97A4-ADDDA50F53C7}.Debug|Any CPU.ActiveCfg = Debug|Any CPU
		{377B2C84-D2F4-4521-97A4-ADDDA50F53C7}.Debug|Any CPU.Build.0 = Debug|Any CPU
		{377B2C84-D2F4-4521-97A4-ADDDA50F53C7}.Release|Any CPU.ActiveCfg = Release|Any CPU
		{377B2C84-D2F4-4521-97A4-ADDDA50F53C7}.Release|Any CPU.Build.0 = Release|Any CPU
		{900E0DA9-9341-41A5-B562-063815073DF4}.Debug|Any CPU.ActiveCfg = Debug|Any CPU
		{900E0DA9-9341-41A5-B562-063815073DF4}.Debug|Any CPU.Build.0 = Debug|Any CPU
		{900E0DA9-9341-41A5-B562-063815073DF4}.Release|Any CPU.ActiveCfg = Release|Any CPU
		{900E0DA9-9341-41A5-B562-063815073DF4}.Release|Any CPU.Build.0 = Release|Any CPU
		{9886A595-ADFA-4E80-A383-64B567DB008C}.Debug|Any CPU.ActiveCfg = Debug|Any CPU
		{9886A595-ADFA-4E80-A383-64B567DB008C}.Debug|Any CPU.Build.0 = Debug|Any CPU
		{9886A595-ADFA-4E80-A383-64B567DB008C}.Release|Any CPU.ActiveCfg = Release|Any CPU
		{9886A595-ADFA-4E80-A383-64B567DB008C}.Release|Any CPU.Build.0 = Release|Any CPU
		{754C1232-CD79-474B-B21C-B3243015C1DC}.Debug|Any CPU.ActiveCfg = Debug|Any CPU
		{754C1232-CD79-474B-B21C-B3243015C1DC}.Debug|Any CPU.Build.0 = Debug|Any CPU
		{754C1232-CD79-474B-B21C-B3243015C1DC}.Release|Any CPU.ActiveCfg = Release|Any CPU
		{754C1232-CD79-474B-B21C-B3243015C1DC}.Release|Any CPU.Build.0 = Release|Any CPU
		{4ABCB9D9-E9EF-40FE-9AA9-E77714A5E275}.Debug|Any CPU.ActiveCfg = Debug|Any CPU
		{4ABCB9D9-E9EF-40FE-9AA9-E77714A5E275}.Debug|Any CPU.Build.0 = Debug|Any CPU
		{4ABCB9D9-E9EF-40FE-9AA9-E77714A5E275}.Release|Any CPU.ActiveCfg = Release|Any CPU
		{4ABCB9D9-E9EF-40FE-9AA9-E77714A5E275}.Release|Any CPU.Build.0 = Release|Any CPU
		{B84CF0E7-086A-4836-A317-7FF06AD0D52F}.Debug|Any CPU.ActiveCfg = Debug|Any CPU
		{B84CF0E7-086A-4836-A317-7FF06AD0D52F}.Debug|Any CPU.Build.0 = Debug|Any CPU
		{B84CF0E7-086A-4836-A317-7FF06AD0D52F}.Release|Any CPU.ActiveCfg = Release|Any CPU
		{B84CF0E7-086A-4836-A317-7FF06AD0D52F}.Release|Any CPU.Build.0 = Release|Any CPU
		{E374F5FC-DE03-4A95-B28F-2A227841B2AD}.Debug|Any CPU.ActiveCfg = Debug|Any CPU
		{E374F5FC-DE03-4A95-B28F-2A227841B2AD}.Debug|Any CPU.Build.0 = Debug|Any CPU
		{E374F5FC-DE03-4A95-B28F-2A227841B2AD}.Release|Any CPU.ActiveCfg = Release|Any CPU
		{E374F5FC-DE03-4A95-B28F-2A227841B2AD}.Release|Any CPU.Build.0 = Release|Any CPU
		{DAE0045C-6153-4512-A265-F49798DFA84B}.Debug|Any CPU.ActiveCfg = Debug|Any CPU
		{DAE0045C-6153-4512-A265-F49798DFA84B}.Debug|Any CPU.Build.0 = Debug|Any CPU
		{DAE0045C-6153-4512-A265-F49798DFA84B}.Release|Any CPU.ActiveCfg = Release|Any CPU
		{DAE0045C-6153-4512-A265-F49798DFA84B}.Release|Any CPU.Build.0 = Release|Any CPU
		{8B63D9B3-7728-413A-94E6-167C30F1B429}.Debug|Any CPU.ActiveCfg = Debug|Any CPU
		{8B63D9B3-7728-413A-94E6-167C30F1B429}.Debug|Any CPU.Build.0 = Debug|Any CPU
		{8B63D9B3-7728-413A-94E6-167C30F1B429}.Release|Any CPU.ActiveCfg = Release|Any CPU
		{8B63D9B3-7728-413A-94E6-167C30F1B429}.Release|Any CPU.Build.0 = Release|Any CPU
		{203A07E5-D01B-4241-B330-8BC91CFBE303}.Debug|Any CPU.ActiveCfg = Debug|Any CPU
		{203A07E5-D01B-4241-B330-8BC91CFBE303}.Debug|Any CPU.Build.0 = Debug|Any CPU
		{203A07E5-D01B-4241-B330-8BC91CFBE303}.Release|Any CPU.ActiveCfg = Release|Any CPU
		{203A07E5-D01B-4241-B330-8BC91CFBE303}.Release|Any CPU.Build.0 = Release|Any CPU
		{55A12310-9C06-4C3F-A2E8-57BBAC0E4A0F}.Debug|Any CPU.ActiveCfg = Debug|Any CPU
		{55A12310-9C06-4C3F-A2E8-57BBAC0E4A0F}.Debug|Any CPU.Build.0 = Debug|Any CPU
		{55A12310-9C06-4C3F-A2E8-57BBAC0E4A0F}.Release|Any CPU.ActiveCfg = Release|Any CPU
		{55A12310-9C06-4C3F-A2E8-57BBAC0E4A0F}.Release|Any CPU.Build.0 = Release|Any CPU
		{1B46775D-B317-411F-8111-645C7A81614E}.Debug|Any CPU.ActiveCfg = Debug|Any CPU
		{1B46775D-B317-411F-8111-645C7A81614E}.Debug|Any CPU.Build.0 = Debug|Any CPU
		{1B46775D-B317-411F-8111-645C7A81614E}.Release|Any CPU.ActiveCfg = Release|Any CPU
		{1B46775D-B317-411F-8111-645C7A81614E}.Release|Any CPU.Build.0 = Release|Any CPU
		{A93BB217-B5AA-4465-B61A-AEE9D25D73AE}.Debug|Any CPU.ActiveCfg = Debug|Any CPU
		{A93BB217-B5AA-4465-B61A-AEE9D25D73AE}.Debug|Any CPU.Build.0 = Debug|Any CPU
		{A93BB217-B5AA-4465-B61A-AEE9D25D73AE}.Release|Any CPU.ActiveCfg = Release|Any CPU
		{A93BB217-B5AA-4465-B61A-AEE9D25D73AE}.Release|Any CPU.Build.0 = Release|Any CPU
		{2298D45A-84B7-48E7-8823-52A124F4A911}.Debug|Any CPU.ActiveCfg = Debug|Any CPU
		{2298D45A-84B7-48E7-8823-52A124F4A911}.Debug|Any CPU.Build.0 = Debug|Any CPU
		{2298D45A-84B7-48E7-8823-52A124F4A911}.Release|Any CPU.ActiveCfg = Release|Any CPU
		{2298D45A-84B7-48E7-8823-52A124F4A911}.Release|Any CPU.Build.0 = Release|Any CPU
	EndGlobalSection
	GlobalSection(SolutionProperties) = preSolution
		HideSolutionNode = FALSE
	EndGlobalSection
	GlobalSection(NestedProjects) = preSolution
		{1E77D895-A0E6-4DC9-82FF-3379D65836C1} = {4B5B618D-6D37-471A-8BBB-1E98B0DD83DD}
		{B462D2F5-B13F-41FD-907C-02343087FF13} = {4B5B618D-6D37-471A-8BBB-1E98B0DD83DD}
		{82E89814-481B-48A7-9EBB-6717E47640EA} = {4B5B618D-6D37-471A-8BBB-1E98B0DD83DD}
		{7882F92F-E48B-479E-A2EA-68844EE1C113} = {4B5B618D-6D37-471A-8BBB-1E98B0DD83DD}
		{DB3A158F-D0F2-46F2-BC90-1BB163EA76AB} = {4B5B618D-6D37-471A-8BBB-1E98B0DD83DD}
		{98E0FA30-C35F-4AF4-99B9-7597F6A0F1A1} = {4B5B618D-6D37-471A-8BBB-1E98B0DD83DD}
		{377B2C84-D2F4-4521-97A4-ADDDA50F53C7} = {4B5B618D-6D37-471A-8BBB-1E98B0DD83DD}
		{7C423CC1-417A-410A-81C9-741029DC0F8B} = {C7C5ECB7-BC48-40B6-8D39-AF6EBB507258}
		{0108432D-68EB-4F91-962D-D7FF842F8988} = {C7C5ECB7-BC48-40B6-8D39-AF6EBB507258}
		{124594EB-B92D-49B1-9E1D-F3557A0413D8} = {C7C5ECB7-BC48-40B6-8D39-AF6EBB507258}
		{6D3D6DF1-E250-46D8-914D-05C09E6BFA54} = {C7C5ECB7-BC48-40B6-8D39-AF6EBB507258}
		{5D4669EF-F733-4893-90CE-A4F577B2BD63} = {C7C5ECB7-BC48-40B6-8D39-AF6EBB507258}
		{6D860A9B-0B17-4E78-AB4D-533D1698F225} = {C7C5ECB7-BC48-40B6-8D39-AF6EBB507258}
		{5E8604FB-4B81-4195-9537-6CC14DD954AB} = {C67CC367-C864-4918-B34F-6CFC3B8C58C2}
		{F00CBB10-58D2-40B9-82DD-D8ABD14E1995} = {C67CC367-C864-4918-B34F-6CFC3B8C58C2}
		{273AC02B-F852-40E5-BEA6-7BDE2D98C48B} = {C67CC367-C864-4918-B34F-6CFC3B8C58C2}
		{47431D6D-1824-41E1-87B8-D90872E4FA04} = {70401D9A-1688-4A82-8010-B26F92DF3459}
		{D5058BDF-B5D2-48DB-9DD7-04BFB7541509} = {70401D9A-1688-4A82-8010-B26F92DF3459}
		{5DE9E55F-AD3C-4217-85B2-F3C5971D03E5} = {F2BC67A3-40DB-4E7A-852E-3F3C08DA36FE}
		{A254C31C-8711-4AC5-A6E0-AF55672D681B} = {F2BC67A3-40DB-4E7A-852E-3F3C08DA36FE}
		{900E0DA9-9341-41A5-B562-063815073DF4} = {F2BC67A3-40DB-4E7A-852E-3F3C08DA36FE}
		{9886A595-ADFA-4E80-A383-64B567DB008C} = {F2BC67A3-40DB-4E7A-852E-3F3C08DA36FE}
		{754C1232-CD79-474B-B21C-B3243015C1DC} = {F2BC67A3-40DB-4E7A-852E-3F3C08DA36FE}
		{4ABCB9D9-E9EF-40FE-9AA9-E77714A5E275} = {F2BC67A3-40DB-4E7A-852E-3F3C08DA36FE}
		{B84CF0E7-086A-4836-A317-7FF06AD0D52F} = {F2BC67A3-40DB-4E7A-852E-3F3C08DA36FE}
		{E374F5FC-DE03-4A95-B28F-2A227841B2AD} = {F2BC67A3-40DB-4E7A-852E-3F3C08DA36FE}
		{DAE0045C-6153-4512-A265-F49798DFA84B} = {F2BC67A3-40DB-4E7A-852E-3F3C08DA36FE}
		{8B63D9B3-7728-413A-94E6-167C30F1B429} = {F2BC67A3-40DB-4E7A-852E-3F3C08DA36FE}
		{203A07E5-D01B-4241-B330-8BC91CFBE303} = {F2BC67A3-40DB-4E7A-852E-3F3C08DA36FE}
		{55A12310-9C06-4C3F-A2E8-57BBAC0E4A0F} = {F2BC67A3-40DB-4E7A-852E-3F3C08DA36FE}
		{1B46775D-B317-411F-8111-645C7A81614E} = {F2BC67A3-40DB-4E7A-852E-3F3C08DA36FE}
		{A93BB217-B5AA-4465-B61A-AEE9D25D73AE} = {F2BC67A3-40DB-4E7A-852E-3F3C08DA36FE}
		{2298D45A-84B7-48E7-8823-52A124F4A911} = {F2BC67A3-40DB-4E7A-852E-3F3C08DA36FE}
	EndGlobalSection
EndGlobal
