
Microsoft Visual Studio Solution File, Format Version 11.00
# Visual Studio 2010
Project("{2150E333-8FDC-42A3-9474-1A3956D46DE8}") = "DomainModel", "DomainModel", "{DBFAEEDF-45E5-4D81-B80B-14CECABC0614}"
EndProject
Project("{2150E333-8FDC-42A3-9474-1A3956D46DE8}") = "BuildScripts", "BuildScripts", "{C069CAEE-1507-468E-B3A1-77EDF10294BB}"
	ProjectSection(SolutionItems) = preProject
		Buildscripts\Smeedee.Installer.msbuild = Buildscripts\Smeedee.Installer.msbuild
		Buildscripts\Smeedee.msbuild = Buildscripts\Smeedee.msbuild
		Buildscripts\Smeedee.Projects.msbuild = Buildscripts\Smeedee.Projects.msbuild
		Buildscripts\Smeedee.Targets.msbuild = Buildscripts\Smeedee.Targets.msbuild
		Buildscripts\Smeedee.TestProjects.msbuild = Buildscripts\Smeedee.TestProjects.msbuild
	EndProjectSection
EndProject
Project("{2150E333-8FDC-42A3-9474-1A3956D46DE8}") = "Client", "Client", "{C8A901E0-BFBC-472A-87C9-8A7DB2EE30D8}"
EndProject
Project("{2150E333-8FDC-42A3-9474-1A3956D46DE8}") = "Widgets", "Widgets", "{88EB074E-ADA5-4098-8F85-79CE30913CFD}"
EndProject
Project("{2150E333-8FDC-42A3-9474-1A3956D46DE8}") = "ProjectInfo", "ProjectInfo", "{97AD9B12-AA77-49B0-B7A6-9D78FB387EE3}"
EndProject
Project("{2150E333-8FDC-42A3-9474-1A3956D46DE8}") = "SourceControl", "SourceControl", "{F6F08036-B1F1-4415-93B3-61CD0D4724BC}"
EndProject
Project("{2150E333-8FDC-42A3-9474-1A3956D46DE8}") = "ContinuousIntegration", "ContinuousIntegration", "{FBCC72D4-8577-407F-9DC4-D9DD43F9234A}"
EndProject
Project("{2150E333-8FDC-42A3-9474-1A3956D46DE8}") = "Common", "Common", "{A8DAA6B2-1761-4D5F-91F6-5E3D50F76FE4}"
EndProject
Project("{2150E333-8FDC-42A3-9474-1A3956D46DE8}") = "BurndownChart", "BurndownChart", "{57BB7959-11F6-4A25-BA74-4C1C7FA1AF7B}"
EndProject
Project("{2150E333-8FDC-42A3-9474-1A3956D46DE8}") = "Common", "Common", "{EFCEC0CE-DCF4-40D0-AE9A-8FE6B1367B99}"
EndProject
Project("{2150E333-8FDC-42A3-9474-1A3956D46DE8}") = "Admin", "Admin", "{1FA71300-2252-4004-A091-382B9962171E}"
EndProject
Project("{2150E333-8FDC-42A3-9474-1A3956D46DE8}") = "Task Scheduler", "Task Scheduler", "{29D6840E-0105-4553-A33F-FAB466A377CD}"
EndProject
Project("{2150E333-8FDC-42A3-9474-1A3956D46DE8}") = "Integration", "Integration", "{FC11CD76-1039-4981-B981-A7EA21A2AA84}"
EndProject
Project("{FAE04EC0-301F-11D3-BF4B-00C04F79EFBC}") = "Smeedee.Widget.SourceControl", "Widget\Smeedee.Widget.SourceControl\Smeedee.Widget.SourceControl.csproj", "{900E0DA9-9341-41A5-B562-063815073DF4}"
EndProject
Project("{FAE04EC0-301F-11D3-BF4B-00C04F79EFBC}") = "Smeedee.Widget.SourceControl.SL", "Widget\Smeedee.Widget.SourceControl.SL\Smeedee.Widget.SourceControl.SL.csproj", "{9886A595-ADFA-4E80-A383-64B567DB008C}"
EndProject
Project("{FAE04EC0-301F-11D3-BF4B-00C04F79EFBC}") = "Smeedee.Widget.SourceControl.Tests", "Widget\Smeedee.Widget.SourceControl.Tests\Smeedee.Widget.SourceControl.Tests.csproj", "{DAE0045C-6153-4512-A265-F49798DFA84B}"
EndProject
Project("{FAE04EC0-301F-11D3-BF4B-00C04F79EFBC}") = "Smeedee.Widget.ProjectInfo", "Widget\Smeedee.Widget.ProjectInfo\Smeedee.Widget.ProjectInfo.csproj", "{8B63D9B3-7728-413A-94E6-167C30F1B429}"
EndProject
Project("{FAE04EC0-301F-11D3-BF4B-00C04F79EFBC}") = "Smeedee.Widget.ProjectInfo.SL", "Widget\Smeedee.Widget.ProjectInfo.SL\Smeedee.Widget.ProjectInfo.SL.csproj", "{203A07E5-D01B-4241-B330-8BC91CFBE303}"
EndProject
Project("{FAE04EC0-301F-11D3-BF4B-00C04F79EFBC}") = "Smeedee.Widget.ProjectInfo.Tests", "Widget\Smeedee.Widget.ProjectInfo.Tests\Smeedee.Widget.ProjectInfo.Tests.csproj", "{55A12310-9C06-4C3F-A2E8-57BBAC0E4A0F}"
EndProject
Project("{FAE04EC0-301F-11D3-BF4B-00C04F79EFBC}") = "Smeedee.Widget.DeveloperInfo.SL", "Widget\Smeedee.Widget.DeveloperInfo.SL\Smeedee.Widget.DeveloperInfo.SL.csproj", "{754C1232-CD79-474B-B21C-B3243015C1DC}"
EndProject
Project("{FAE04EC0-301F-11D3-BF4B-00C04F79EFBC}") = "Smeedee.Widget.CI", "Widget\Smeedee.Widget.CI\Smeedee.Widget.CI.csproj", "{4ABCB9D9-E9EF-40FE-9AA9-E77714A5E275}"
EndProject
Project("{FAE04EC0-301F-11D3-BF4B-00C04F79EFBC}") = "Smeedee.Widget.CI.SL", "Widget\Smeedee.Widget.CI.SL\Smeedee.Widget.CI.SL.csproj", "{B84CF0E7-086A-4836-A317-7FF06AD0D52F}"
EndProject
Project("{FAE04EC0-301F-11D3-BF4B-00C04F79EFBC}") = "Smeedee.Widget.CI.Tests", "Widget\Smeedee.Widget.CI.Tests\Smeedee.Widget.CI.Tests.csproj", "{E374F5FC-DE03-4A95-B28F-2A227841B2AD}"
EndProject
Project("{FAE04EC0-301F-11D3-BF4B-00C04F79EFBC}") = "Smeedee.Widget.BurndownChart", "Widget\Smeedee.Widget.BurndownChart\Smeedee.Widget.BurndownChart.csproj", "{1B46775D-B317-411F-8111-645C7A81614E}"
EndProject
Project("{FAE04EC0-301F-11D3-BF4B-00C04F79EFBC}") = "Smeedee.Widget.BurndownChart.SL", "Widget\Smeedee.Widget.BurndownChart.SL\Smeedee.Widget.BurndownChart.SL.csproj", "{A93BB217-B5AA-4465-B61A-AEE9D25D73AE}"
	ProjectSection(ProjectDependencies) = postProject
		{98E0FA30-C35F-4AF4-99B9-7597F6A0F1A1} = {98E0FA30-C35F-4AF4-99B9-7597F6A0F1A1}
		{1B46775D-B317-411F-8111-645C7A81614E} = {1B46775D-B317-411F-8111-645C7A81614E}
	EndProjectSection
EndProject
Project("{FAE04EC0-301F-11D3-BF4B-00C04F79EFBC}") = "Smeedee.Widget.BurndownChart.Tests", "Widget\Smeedee.Widget.BurndownChart.Tests\Smeedee.Widget.BurndownChart.Tests.csproj", "{2298D45A-84B7-48E7-8823-52A124F4A911}"
EndProject
Project("{FAE04EC0-301F-11D3-BF4B-00C04F79EFBC}") = "Smeedee.Client.Framework", "Client\Smeedee.Client.Framework\Smeedee.Client.Framework.csproj", "{7882F92F-E48B-479E-A2EA-68844EE1C113}"
EndProject
Project("{FAE04EC0-301F-11D3-BF4B-00C04F79EFBC}") = "Smeedee.Client.Framework.SL", "Client\Smeedee.Client.Framework.SL\Smeedee.Client.Framework.SL.csproj", "{DB3A158F-D0F2-46F2-BC90-1BB163EA76AB}"
	ProjectSection(ProjectDependencies) = postProject
		{98E0FA30-C35F-4AF4-99B9-7597F6A0F1A1} = {98E0FA30-C35F-4AF4-99B9-7597F6A0F1A1}
	EndProjectSection
EndProject
Project("{FAE04EC0-301F-11D3-BF4B-00C04F79EFBC}") = "Smeedee.Client.Framework.SL.Tests", "Client\Smeedee.Client.Framework.SL.Tests\Smeedee.Client.Framework.SL.Tests.csproj", "{B462D2F5-B13F-41FD-907C-02343087FF13}"
EndProject
Project("{FAE04EC0-301F-11D3-BF4B-00C04F79EFBC}") = "Smeedee.Client.Framework.Tests", "Client\Smeedee.Client.Framework.Tests\Smeedee.Client.Framework.Tests.csproj", "{1E77D895-A0E6-4DC9-82FF-3379D65836C1}"
EndProject
Project("{FAE04EC0-301F-11D3-BF4B-00C04F79EFBC}") = "Smeedee.Client.SL", "Client\Smeedee.Client.SL\Smeedee.Client.SL.csproj", "{82E89814-481B-48A7-9EBB-6717E47640EA}"
EndProject
Project("{FAE04EC0-301F-11D3-BF4B-00C04F79EFBC}") = "Smeedee.Client.Web", "Client\Smeedee.Client.Web\Smeedee.Client.Web.csproj", "{98E0FA30-C35F-4AF4-99B9-7597F6A0F1A1}"
EndProject
Project("{FAE04EC0-301F-11D3-BF4B-00C04F79EFBC}") = "Smeedee.Client.WebTests", "Client\Smeedee.Client.Web.Tests\Smeedee.Client.WebTests.csproj", "{377B2C84-D2F4-4521-97A4-ADDDA50F53C7}"
	ProjectSection(ProjectDependencies) = postProject
		{98E0FA30-C35F-4AF4-99B9-7597F6A0F1A1} = {98E0FA30-C35F-4AF4-99B9-7597F6A0F1A1}
	EndProjectSection
EndProject
Project("{FAE04EC0-301F-11D3-BF4B-00C04F79EFBC}") = "Smeedee.Tests", "Smeedee.Tests\Smeedee.Tests.csproj", "{F00CBB10-58D2-40B9-82DD-D8ABD14E1995}"
EndProject
Project("{FAE04EC0-301F-11D3-BF4B-00C04F79EFBC}") = "Smeedee.DomainModel", "DomainModel\Smeedee.DomainModel\Smeedee.DomainModel.csproj", "{6D3D6DF1-E250-46D8-914D-05C09E6BFA54}"
EndProject
Project("{FAE04EC0-301F-11D3-BF4B-00C04F79EFBC}") = "Smeedee.DomainModel.SL", "DomainModel\Smeedee.DomainModel\Smeedee.DomainModel.SL.csproj", "{6D860A9B-0B17-4E78-AB4D-533D1698F225}"
EndProject
Project("{FAE04EC0-301F-11D3-BF4B-00C04F79EFBC}") = "Smeedee.DomainModel.FrameworkTests", "DomainModel\Smeedee.DomainModel.FrameworkTests\Smeedee.DomainModel.FrameworkTests.csproj", "{0108432D-68EB-4F91-962D-D7FF842F8988}"
EndProject
Project("{FAE04EC0-301F-11D3-BF4B-00C04F79EFBC}") = "Smeedee.DomainModel.Tests", "DomainModel\Smeedee.DomainModel.Tests\Smeedee.DomainModel.Tests.csproj", "{5D4669EF-F733-4893-90CE-A4F577B2BD63}"
EndProject
Project("{FAE04EC0-301F-11D3-BF4B-00C04F79EFBC}") = "Smeedee.DomainModel.Framework", "DomainModel\Smeedee.DomainModel.Framework\Smeedee.DomainModel.Framework.csproj", "{7C423CC1-417A-410A-81C9-741029DC0F8B}"
EndProject
Project("{FAE04EC0-301F-11D3-BF4B-00C04F79EFBC}") = "Smeedee.DomainModel.Framework.SL", "DomainModel\Smeedee.DomainModel.Framework.SL\Smeedee.DomainModel.Framework.SL.csproj", "{124594EB-B92D-49B1-9E1D-F3557A0413D8}"
EndProject
Project("{FAE04EC0-301F-11D3-BF4B-00C04F79EFBC}") = "Smeedee.Integration", "Integration\Smeedee.Integration\Smeedee.Integration.csproj", "{47431D6D-1824-41E1-87B8-D90872E4FA04}"
EndProject
Project("{FAE04EC0-301F-11D3-BF4B-00C04F79EFBC}") = "Smeedee.Integration.Framework", "Integration\Smeedee.Integration.Framework\Smeedee.Integration.Framework.csproj", "{D5058BDF-B5D2-48DB-9DD7-04BFB7541509}"
EndProject
Project("{FAE04EC0-301F-11D3-BF4B-00C04F79EFBC}") = "Smeedee.Integration.FrameworkTests", "Integration\Smeedee.Integration.Framework.Tests\Smeedee.Integration.FrameworkTests.csproj", "{96DB7413-005C-4001-894F-5821EFCB8A4C}"
EndProject
Project("{FAE04EC0-301F-11D3-BF4B-00C04F79EFBC}") = "Smeedee.IntegrationTests", "Integration\Smeedee.Integration.Tests\Smeedee.IntegrationTests.csproj", "{64D97E2C-3CA6-43A6-BCE3-F69077919675}"
EndProject
Project("{FAE04EC0-301F-11D3-BF4B-00C04F79EFBC}") = "Smeedee.Scheduler", "Scheduler\Smeedee.Scheduler\Smeedee.Scheduler.csproj", "{9DF70FC1-5972-47B7-8000-A8BCBD3B0A9D}"
EndProject
Project("{FAE04EC0-301F-11D3-BF4B-00C04F79EFBC}") = "Smeedee.Scheduler.Console", "Scheduler\Smeedee.Scheduler.Console\Smeedee.Scheduler.Console.csproj", "{9AAB9A13-D535-4ACA-9DB3-36E9FBEAAE05}"
EndProject
Project("{FAE04EC0-301F-11D3-BF4B-00C04F79EFBC}") = "Smeedee.Scheduler.Service", "Scheduler\Smeedee.Scheduler.Service\Smeedee.Scheduler.Service.csproj", "{BD60A0FD-5700-4853-A23F-A70D5C3A7F05}"
EndProject
Project("{FAE04EC0-301F-11D3-BF4B-00C04F79EFBC}") = "Smeedee.Scheduler.Tests", "Scheduler\Smeedee.Scheduler.Tests\Smeedee.Scheduler.Tests.csproj", "{857BBB02-9897-44C8-93CA-C4290EE7A3E4}"
EndProject
Project("{2150E333-8FDC-42A3-9474-1A3956D46DE8}") = "Corkboard", "Corkboard", "{59F06562-E4B1-46F1-9135-038CB0B1772F}"
EndProject
Project("{2150E333-8FDC-42A3-9474-1A3956D46DE8}") = "TeamMembers", "TeamMembers", "{1A8A616E-9980-49CF-A49C-0540E705D4E4}"
EndProject
Project("{FAE04EC0-301F-11D3-BF4B-00C04F79EFBC}") = "Smeedee.Widget.Corkboard", "Widget\Smeedee.Widget.Corkboard\Smeedee.Widget.Corkboard.csproj", "{CAC23290-BC18-41AB-94BF-A893FA13F8A0}"
EndProject
Project("{FAE04EC0-301F-11D3-BF4B-00C04F79EFBC}") = "Smeedee.Widget.TeamMembers.Test", "Widget\Smeedee.Widget.TeamMembers.Test\Smeedee.Widget.TeamMembers.Test.csproj", "{0D4C73E0-BDA9-48F8-856C-4C84391B9C48}"
EndProject
Project("{FAE04EC0-301F-11D3-BF4B-00C04F79EFBC}") = "Smeedee.Widget.Corkboard.Tests", "Widget\Smeedee.Widget.Corkboard.Tests\Smeedee.Widget.Corkboard.Tests.csproj", "{BAD5DC21-DCEF-4C1F-9FAE-11FD462F7ADE}"
EndProject
Project("{FAE04EC0-301F-11D3-BF4B-00C04F79EFBC}") = "Smeedee.Widget.TeamMembers", "Widget\Smeedee.Widget.TeamMembers\Smeedee.Widget.TeamMembers.csproj", "{40A79DFC-FC6D-4092-BA56-119770F2374A}"
EndProject
Project("{FAE04EC0-301F-11D3-BF4B-00C04F79EFBC}") = "Smeedee.Widget.Corkboard.SL", "Widget\Smeedee.Widget.Corkboard.SL\Smeedee.Widget.Corkboard.SL.csproj", "{5C71697A-3647-4061-9B58-155F02B22CEB}"
EndProject
Project("{FAE04EC0-301F-11D3-BF4B-00C04F79EFBC}") = "Smeedee.Widget.TeamMembers.SL", "Widget\Smeedee.Widget.TeamMembers.SL\Smeedee.Widget.TeamMembers.SL.csproj", "{3031A8CA-BF0E-425B-B432-9299661651FB}"
EndProject
Project("{FAE04EC0-301F-11D3-BF4B-00C04F79EFBC}") = "Smeedee.Tests.SL", "Smeedee.Tests.SL\Smeedee.Tests.SL.csproj", "{EA9E224F-FDC6-4974-AB78-54910EEF7171}"
EndProject
Project("{2150E333-8FDC-42A3-9474-1A3956D46DE8}") = "TeamPicture", "TeamPicture", "{90633D78-261A-4FC7-A876-E35C10A50D95}"
EndProject
Project("{FAE04EC0-301F-11D3-BF4B-00C04F79EFBC}") = "Smeedee.Widget.TeamPicture", "Widget\Smeedee.Widget.TeamPicture\Smeedee.Widget.TeamPicture.csproj", "{5DE9E55F-AD3C-4217-85B2-F3C5971D03E5}"
EndProject
Project("{FAE04EC0-301F-11D3-BF4B-00C04F79EFBC}") = "Smeedee.Widget.TeamPicture.Tests", "Widget\Smeedee.Widget.TeamPicture.Tests\Smeedee.Widget.TeamPicture.Tests.csproj", "{A254C31C-8711-4AC5-A6E0-AF55672D681B}"
EndProject
Project("{2150E333-8FDC-42A3-9474-1A3956D46DE8}") = "Tasks", "Tasks", "{42A87EF0-008B-4AAB-8A95-3FD07E8B0992}"
EndProject
Project("{FAE04EC0-301F-11D3-BF4B-00C04F79EFBC}") = "Smeedee.Widget.Admin.Tasks", "Widget\Smeedee.Widget.Admin.Tasks\Smeedee.Widget.Admin.Tasks.csproj", "{91F7D534-224D-4F93-885D-FC46C84A1210}"
EndProject
Project("{FAE04EC0-301F-11D3-BF4B-00C04F79EFBC}") = "Smeedee.Widget.Admin.Tasks.SL", "Widget\Smeedee.Widget.Admin.Tasks.SL\Smeedee.Widget.Admin.Tasks.SL.csproj", "{3488E062-2B64-4654-B506-B7A064E9EF4E}"
EndProject
Project("{FAE04EC0-301F-11D3-BF4B-00C04F79EFBC}") = "Smeedee.Widget.Admin.Tasks.Tests", "Widget\Smeedee.Widget.Admin.Tasks.Tests\Smeedee.Widget.Admin.Tasks.Tests.csproj", "{6D9506E2-A655-4A52-936D-F17638931E23}"
EndProject
Project("{2150E333-8FDC-42A3-9474-1A3956D46DE8}") = "Tasks", "Tasks", "{C64BEC1B-7349-4B9B-86F6-0C51DFEB3F61}"
EndProject
Project("{FAE04EC0-301F-11D3-BF4B-00C04F79EFBC}") = "Smeedee.Tasks", "Scheduler\Smeedee.Tasks\Smeedee.Tasks.csproj", "{2010684E-AE16-4A45-B64A-252F807E7DB5}"
EndProject
Project("{FAE04EC0-301F-11D3-BF4B-00C04F79EFBC}") = "Smeedee.Tasks.Framework", "Scheduler\Smeedee.Tasks.Framework\Smeedee.Tasks.Framework.csproj", "{EB96EC6A-173A-4D65-A266-0E8F6776B394}"
EndProject
Project("{FAE04EC0-301F-11D3-BF4B-00C04F79EFBC}") = "Smeedee.Tasks.Tests", "Scheduler\Smeedee.Tasks.Tests\Smeedee.Tasks.Tests.csproj", "{E63B0802-67A6-4B3E-B8D3-C3EFB4FEB03E}"
EndProject
Project("{FAE04EC0-301F-11D3-BF4B-00C04F79EFBC}") = "Smeedee.Tasks.Framework.Tests", "Smeedee.Tasks.Framework.Tests\Smeedee.Tasks.Framework.Tests.csproj", "{8C68335F-4C05-4939-ACFE-830836E59A66}"
EndProject
Project("{2150E333-8FDC-42A3-9474-1A3956D46DE8}") = "Users", "Users", "{5A6EF1DD-D358-4907-859B-111F3A45A9EF}"
EndProject
Project("{FAE04EC0-301F-11D3-BF4B-00C04F79EFBC}") = "Smeedee.Widget.Admin.Users", "Widget\Smeedee.Widget.Admin.Users\Smeedee.Widget.Admin.Users.csproj", "{6B428B15-70F8-4C17-85B7-328DB8273948}"
EndProject
Project("{FAE04EC0-301F-11D3-BF4B-00C04F79EFBC}") = "Smeedee.Widget.Admin.Users.SL", "Widget\Smeedee.Widget.Admin.Users.SL\Smeedee.Widget.Admin.Users.SL.csproj", "{95DF63D4-D4A0-4D14-A83C-3DC7896A5602}"
EndProject
Project("{FAE04EC0-301F-11D3-BF4B-00C04F79EFBC}") = "Smeedee.Widget.Admin.Users.Tests", "Widget\Smeedee.Widget.Admin.Users.Tests\Smeedee.Widget.Admin.Users.Tests.csproj", "{60D64434-D706-4C84-91A2-80239C6AABA2}"
EndProject
Project("{2150E333-8FDC-42A3-9474-1A3956D46DE8}") = "Holidays", "Holidays", "{DFEE3182-BD20-4747-BCAD-F19C277A8070}"
EndProject
Project("{FAE04EC0-301F-11D3-BF4B-00C04F79EFBC}") = "Smeedee.Widget.Admin.Holidays", "Widget\Smeedee.Widget.Admin.Holidays\Smeedee.Widget.Admin.Holidays.csproj", "{6AA6AA3B-5D1E-481E-B307-B553F3F3508E}"
EndProject
Project("{FAE04EC0-301F-11D3-BF4B-00C04F79EFBC}") = "Smeedee.Widget.Admin.Holidays.SL", "Widget\Smeedee.Widget.Admin.Holidays.SL\Smeedee.Widget.Admin.Holidays.SL.csproj", "{3600462F-DDE6-41BC-9616-6F5D0465260B}"
EndProject
Project("{FAE04EC0-301F-11D3-BF4B-00C04F79EFBC}") = "Smeedee.Widget.Admin.Holidays.Tests", "Widget\Smeedee.Widget.Admin.Holidays.Tests\Smeedee.Widget.Admin.Holidays.Tests.csproj", "{1F702879-3C0A-4915-8EB9-BD6DF586A77F}"
EndProject
Project("{2150E333-8FDC-42A3-9474-1A3956D46DE8}") = "Charting", "Charting", "{A4274041-04F7-436E-8A1B-CB72D4916013}"
EndProject
Project("{FAE04EC0-301F-11D3-BF4B-00C04F79EFBC}") = "Smeedee.Widget.Charting", "Widget\Smeedee.Widget.Charting\Smeedee.Widget.Charting.csproj", "{97E9523B-DB3B-46AA-A7F9-9716FDA63A3C}"
EndProject
Project("{FAE04EC0-301F-11D3-BF4B-00C04F79EFBC}") = "Smeedee.Widget.Charting.Tests", "Widget\Smeedee.Widget.Charting.Tests\Smeedee.Widget.Charting.Tests.csproj", "{9C929E6A-CED4-4279-86A7-2E4ACCC5962E}"
EndProject
Project("{FAE04EC0-301F-11D3-BF4B-00C04F79EFBC}") = "Smeedee.Widget.Charting.SL", "Widget\Smeedee.Widget.Charting.SL\Smeedee.Widget.Charting.SL.csproj", "{366E9F59-AA7E-4059-8176-20FFF07F7EF4}"
EndProject
Project("{FAE04EC0-301F-11D3-BF4B-00C04F79EFBC}") = "Smeedee.Widgets", "Client\Smeedee.Widgets\Smeedee.Widgets.csproj", "{5C51D91C-8A5B-4308-8963-C522888ADB4D}"
EndProject
Project("{FAE04EC0-301F-11D3-BF4B-00C04F79EFBC}") = "Smeedee.Widgets.Tests", "Client\Smeedee.Widgets.Tests\Smeedee.Widgets.Tests.csproj", "{1A6D909E-7BAD-43BA-928D-DC8786CB3EE3}"
EndProject
Project("{FAE04EC0-301F-11D3-BF4B-00C04F79EFBC}") = "Smeedee.Widgets.SL", "Client\Smeedee.Widgets.SL\Smeedee.Widgets.SL.csproj", "{87C4635A-B2A9-4A50-A95F-95F40DDFDAB2}"
EndProject
Project("{FAE04EC0-301F-11D3-BF4B-00C04F79EFBC}") = "Smeedee.Widgets.SL.Tests", "Client\Smeedee.Widgets.SL.Tests\Smeedee.Widgets.SL.Tests.csproj", "{8D16BD2B-1251-48EA-9349-145EF4BCB5FA}"
EndProject
Project("{2150E333-8FDC-42A3-9474-1A3956D46DE8}") = "Classes", "Classes", "{1F90A7BD-75F0-489B-BD81-2E6A40BCDF7C}"
	ProjectSection(SolutionItems) = preProject
		Common\Classes\Guard.cs = Common\Classes\Guard.cs
	EndProjectSection
EndProject
Global
	GlobalSection(SolutionConfigurationPlatforms) = preSolution
		Client.Framework - Debug|Any CPU = Client.Framework - Debug|Any CPU
		Client.Framework - Debug|x86 = Client.Framework - Debug|x86
		Debug|Any CPU = Debug|Any CPU
		Debug|x86 = Debug|x86
		DomainModel - Debug|Any CPU = DomainModel - Debug|Any CPU
		DomainModel - Debug|x86 = DomainModel - Debug|x86
		Release|Any CPU = Release|Any CPU
		Release|x86 = Release|x86
	EndGlobalSection
	GlobalSection(ProjectConfigurationPlatforms) = postSolution
		{900E0DA9-9341-41A5-B562-063815073DF4}.Client.Framework - Debug|Any CPU.ActiveCfg = Debug|Any CPU
		{900E0DA9-9341-41A5-B562-063815073DF4}.Client.Framework - Debug|x86.ActiveCfg = Debug|x86
		{900E0DA9-9341-41A5-B562-063815073DF4}.Client.Framework - Debug|x86.Build.0 = Debug|x86
		{900E0DA9-9341-41A5-B562-063815073DF4}.Debug|Any CPU.ActiveCfg = Debug|Any CPU
		{900E0DA9-9341-41A5-B562-063815073DF4}.Debug|Any CPU.Build.0 = Debug|Any CPU
		{900E0DA9-9341-41A5-B562-063815073DF4}.Debug|x86.ActiveCfg = Debug|x86
		{900E0DA9-9341-41A5-B562-063815073DF4}.Debug|x86.Build.0 = Debug|x86
		{900E0DA9-9341-41A5-B562-063815073DF4}.DomainModel - Debug|Any CPU.ActiveCfg = Debug|Any CPU
		{900E0DA9-9341-41A5-B562-063815073DF4}.DomainModel - Debug|x86.ActiveCfg = Debug|x86
		{900E0DA9-9341-41A5-B562-063815073DF4}.DomainModel - Debug|x86.Build.0 = Debug|x86
		{900E0DA9-9341-41A5-B562-063815073DF4}.Release|Any CPU.ActiveCfg = Release|Any CPU
		{900E0DA9-9341-41A5-B562-063815073DF4}.Release|Any CPU.Build.0 = Release|Any CPU
		{900E0DA9-9341-41A5-B562-063815073DF4}.Release|x86.ActiveCfg = Release|x86
		{900E0DA9-9341-41A5-B562-063815073DF4}.Release|x86.Build.0 = Release|x86
		{9886A595-ADFA-4E80-A383-64B567DB008C}.Client.Framework - Debug|Any CPU.ActiveCfg = Debug|Any CPU
		{9886A595-ADFA-4E80-A383-64B567DB008C}.Client.Framework - Debug|x86.ActiveCfg = Debug|x86
		{9886A595-ADFA-4E80-A383-64B567DB008C}.Client.Framework - Debug|x86.Build.0 = Debug|x86
		{9886A595-ADFA-4E80-A383-64B567DB008C}.Debug|Any CPU.ActiveCfg = Debug|Any CPU
		{9886A595-ADFA-4E80-A383-64B567DB008C}.Debug|Any CPU.Build.0 = Debug|Any CPU
		{9886A595-ADFA-4E80-A383-64B567DB008C}.Debug|x86.ActiveCfg = Debug|x86
		{9886A595-ADFA-4E80-A383-64B567DB008C}.Debug|x86.Build.0 = Debug|x86
		{9886A595-ADFA-4E80-A383-64B567DB008C}.DomainModel - Debug|Any CPU.ActiveCfg = Debug|Any CPU
		{9886A595-ADFA-4E80-A383-64B567DB008C}.DomainModel - Debug|x86.ActiveCfg = Debug|x86
		{9886A595-ADFA-4E80-A383-64B567DB008C}.DomainModel - Debug|x86.Build.0 = Debug|x86
		{9886A595-ADFA-4E80-A383-64B567DB008C}.Release|Any CPU.ActiveCfg = Release|Any CPU
		{9886A595-ADFA-4E80-A383-64B567DB008C}.Release|Any CPU.Build.0 = Release|Any CPU
		{9886A595-ADFA-4E80-A383-64B567DB008C}.Release|x86.ActiveCfg = Release|x86
		{9886A595-ADFA-4E80-A383-64B567DB008C}.Release|x86.Build.0 = Release|x86
		{DAE0045C-6153-4512-A265-F49798DFA84B}.Client.Framework - Debug|Any CPU.ActiveCfg = Debug|Any CPU
		{DAE0045C-6153-4512-A265-F49798DFA84B}.Client.Framework - Debug|x86.ActiveCfg = Debug|x86
		{DAE0045C-6153-4512-A265-F49798DFA84B}.Client.Framework - Debug|x86.Build.0 = Debug|x86
		{DAE0045C-6153-4512-A265-F49798DFA84B}.Debug|Any CPU.ActiveCfg = Debug|Any CPU
		{DAE0045C-6153-4512-A265-F49798DFA84B}.Debug|Any CPU.Build.0 = Debug|Any CPU
		{DAE0045C-6153-4512-A265-F49798DFA84B}.Debug|x86.ActiveCfg = Debug|x86
		{DAE0045C-6153-4512-A265-F49798DFA84B}.Debug|x86.Build.0 = Debug|x86
		{DAE0045C-6153-4512-A265-F49798DFA84B}.DomainModel - Debug|Any CPU.ActiveCfg = Debug|Any CPU
		{DAE0045C-6153-4512-A265-F49798DFA84B}.DomainModel - Debug|x86.ActiveCfg = Debug|x86
		{DAE0045C-6153-4512-A265-F49798DFA84B}.DomainModel - Debug|x86.Build.0 = Debug|x86
		{DAE0045C-6153-4512-A265-F49798DFA84B}.Release|Any CPU.ActiveCfg = Release|Any CPU
		{DAE0045C-6153-4512-A265-F49798DFA84B}.Release|Any CPU.Build.0 = Release|Any CPU
		{DAE0045C-6153-4512-A265-F49798DFA84B}.Release|x86.ActiveCfg = Release|x86
		{DAE0045C-6153-4512-A265-F49798DFA84B}.Release|x86.Build.0 = Release|x86
		{8B63D9B3-7728-413A-94E6-167C30F1B429}.Client.Framework - Debug|Any CPU.ActiveCfg = Debug|Any CPU
		{8B63D9B3-7728-413A-94E6-167C30F1B429}.Client.Framework - Debug|x86.ActiveCfg = Debug|x86
		{8B63D9B3-7728-413A-94E6-167C30F1B429}.Client.Framework - Debug|x86.Build.0 = Debug|x86
		{8B63D9B3-7728-413A-94E6-167C30F1B429}.Debug|Any CPU.ActiveCfg = Debug|Any CPU
		{8B63D9B3-7728-413A-94E6-167C30F1B429}.Debug|Any CPU.Build.0 = Debug|Any CPU
		{8B63D9B3-7728-413A-94E6-167C30F1B429}.Debug|x86.ActiveCfg = Debug|x86
		{8B63D9B3-7728-413A-94E6-167C30F1B429}.Debug|x86.Build.0 = Debug|x86
		{8B63D9B3-7728-413A-94E6-167C30F1B429}.DomainModel - Debug|Any CPU.ActiveCfg = Debug|Any CPU
		{8B63D9B3-7728-413A-94E6-167C30F1B429}.DomainModel - Debug|x86.ActiveCfg = Debug|x86
		{8B63D9B3-7728-413A-94E6-167C30F1B429}.DomainModel - Debug|x86.Build.0 = Debug|x86
		{8B63D9B3-7728-413A-94E6-167C30F1B429}.Release|Any CPU.ActiveCfg = Release|Any CPU
		{8B63D9B3-7728-413A-94E6-167C30F1B429}.Release|Any CPU.Build.0 = Release|Any CPU
		{8B63D9B3-7728-413A-94E6-167C30F1B429}.Release|x86.ActiveCfg = Release|x86
		{8B63D9B3-7728-413A-94E6-167C30F1B429}.Release|x86.Build.0 = Release|x86
		{203A07E5-D01B-4241-B330-8BC91CFBE303}.Client.Framework - Debug|Any CPU.ActiveCfg = Debug|Any CPU
		{203A07E5-D01B-4241-B330-8BC91CFBE303}.Client.Framework - Debug|x86.ActiveCfg = Debug|x86
		{203A07E5-D01B-4241-B330-8BC91CFBE303}.Client.Framework - Debug|x86.Build.0 = Debug|x86
		{203A07E5-D01B-4241-B330-8BC91CFBE303}.Debug|Any CPU.ActiveCfg = Debug|Any CPU
		{203A07E5-D01B-4241-B330-8BC91CFBE303}.Debug|Any CPU.Build.0 = Debug|Any CPU
		{203A07E5-D01B-4241-B330-8BC91CFBE303}.Debug|x86.ActiveCfg = Debug|x86
		{203A07E5-D01B-4241-B330-8BC91CFBE303}.Debug|x86.Build.0 = Debug|x86
		{203A07E5-D01B-4241-B330-8BC91CFBE303}.DomainModel - Debug|Any CPU.ActiveCfg = Debug|Any CPU
		{203A07E5-D01B-4241-B330-8BC91CFBE303}.DomainModel - Debug|x86.ActiveCfg = Debug|x86
		{203A07E5-D01B-4241-B330-8BC91CFBE303}.DomainModel - Debug|x86.Build.0 = Debug|x86
		{203A07E5-D01B-4241-B330-8BC91CFBE303}.Release|Any CPU.ActiveCfg = Release|Any CPU
		{203A07E5-D01B-4241-B330-8BC91CFBE303}.Release|Any CPU.Build.0 = Release|Any CPU
		{203A07E5-D01B-4241-B330-8BC91CFBE303}.Release|x86.ActiveCfg = Release|x86
		{203A07E5-D01B-4241-B330-8BC91CFBE303}.Release|x86.Build.0 = Release|x86
		{55A12310-9C06-4C3F-A2E8-57BBAC0E4A0F}.Client.Framework - Debug|Any CPU.ActiveCfg = Debug|Any CPU
		{55A12310-9C06-4C3F-A2E8-57BBAC0E4A0F}.Client.Framework - Debug|x86.ActiveCfg = Debug|x86
		{55A12310-9C06-4C3F-A2E8-57BBAC0E4A0F}.Client.Framework - Debug|x86.Build.0 = Debug|x86
		{55A12310-9C06-4C3F-A2E8-57BBAC0E4A0F}.Debug|Any CPU.ActiveCfg = Debug|Any CPU
		{55A12310-9C06-4C3F-A2E8-57BBAC0E4A0F}.Debug|Any CPU.Build.0 = Debug|Any CPU
		{55A12310-9C06-4C3F-A2E8-57BBAC0E4A0F}.Debug|x86.ActiveCfg = Debug|x86
		{55A12310-9C06-4C3F-A2E8-57BBAC0E4A0F}.Debug|x86.Build.0 = Debug|x86
		{55A12310-9C06-4C3F-A2E8-57BBAC0E4A0F}.DomainModel - Debug|Any CPU.ActiveCfg = Debug|Any CPU
		{55A12310-9C06-4C3F-A2E8-57BBAC0E4A0F}.DomainModel - Debug|x86.ActiveCfg = Debug|x86
		{55A12310-9C06-4C3F-A2E8-57BBAC0E4A0F}.DomainModel - Debug|x86.Build.0 = Debug|x86
		{55A12310-9C06-4C3F-A2E8-57BBAC0E4A0F}.Release|Any CPU.ActiveCfg = Release|Any CPU
		{55A12310-9C06-4C3F-A2E8-57BBAC0E4A0F}.Release|Any CPU.Build.0 = Release|Any CPU
		{55A12310-9C06-4C3F-A2E8-57BBAC0E4A0F}.Release|x86.ActiveCfg = Release|x86
		{55A12310-9C06-4C3F-A2E8-57BBAC0E4A0F}.Release|x86.Build.0 = Release|x86
		{754C1232-CD79-474B-B21C-B3243015C1DC}.Client.Framework - Debug|Any CPU.ActiveCfg = Debug|Any CPU
		{754C1232-CD79-474B-B21C-B3243015C1DC}.Client.Framework - Debug|x86.ActiveCfg = Debug|x86
		{754C1232-CD79-474B-B21C-B3243015C1DC}.Client.Framework - Debug|x86.Build.0 = Debug|x86
		{754C1232-CD79-474B-B21C-B3243015C1DC}.Debug|Any CPU.ActiveCfg = Debug|Any CPU
		{754C1232-CD79-474B-B21C-B3243015C1DC}.Debug|Any CPU.Build.0 = Debug|Any CPU
		{754C1232-CD79-474B-B21C-B3243015C1DC}.Debug|x86.ActiveCfg = Debug|x86
		{754C1232-CD79-474B-B21C-B3243015C1DC}.Debug|x86.Build.0 = Debug|x86
		{754C1232-CD79-474B-B21C-B3243015C1DC}.DomainModel - Debug|Any CPU.ActiveCfg = Debug|Any CPU
		{754C1232-CD79-474B-B21C-B3243015C1DC}.DomainModel - Debug|x86.ActiveCfg = Debug|x86
		{754C1232-CD79-474B-B21C-B3243015C1DC}.DomainModel - Debug|x86.Build.0 = Debug|x86
		{754C1232-CD79-474B-B21C-B3243015C1DC}.Release|Any CPU.ActiveCfg = Release|Any CPU
		{754C1232-CD79-474B-B21C-B3243015C1DC}.Release|Any CPU.Build.0 = Release|Any CPU
		{754C1232-CD79-474B-B21C-B3243015C1DC}.Release|x86.ActiveCfg = Release|x86
		{754C1232-CD79-474B-B21C-B3243015C1DC}.Release|x86.Build.0 = Release|x86
		{4ABCB9D9-E9EF-40FE-9AA9-E77714A5E275}.Client.Framework - Debug|Any CPU.ActiveCfg = Debug|Any CPU
		{4ABCB9D9-E9EF-40FE-9AA9-E77714A5E275}.Client.Framework - Debug|x86.ActiveCfg = Debug|x86
		{4ABCB9D9-E9EF-40FE-9AA9-E77714A5E275}.Client.Framework - Debug|x86.Build.0 = Debug|x86
		{4ABCB9D9-E9EF-40FE-9AA9-E77714A5E275}.Debug|Any CPU.ActiveCfg = Debug|Any CPU
		{4ABCB9D9-E9EF-40FE-9AA9-E77714A5E275}.Debug|Any CPU.Build.0 = Debug|Any CPU
		{4ABCB9D9-E9EF-40FE-9AA9-E77714A5E275}.Debug|x86.ActiveCfg = Debug|x86
		{4ABCB9D9-E9EF-40FE-9AA9-E77714A5E275}.Debug|x86.Build.0 = Debug|x86
		{4ABCB9D9-E9EF-40FE-9AA9-E77714A5E275}.DomainModel - Debug|Any CPU.ActiveCfg = Debug|Any CPU
		{4ABCB9D9-E9EF-40FE-9AA9-E77714A5E275}.DomainModel - Debug|x86.ActiveCfg = Debug|x86
		{4ABCB9D9-E9EF-40FE-9AA9-E77714A5E275}.DomainModel - Debug|x86.Build.0 = Debug|x86
		{4ABCB9D9-E9EF-40FE-9AA9-E77714A5E275}.Release|Any CPU.ActiveCfg = Release|Any CPU
		{4ABCB9D9-E9EF-40FE-9AA9-E77714A5E275}.Release|Any CPU.Build.0 = Release|Any CPU
		{4ABCB9D9-E9EF-40FE-9AA9-E77714A5E275}.Release|x86.ActiveCfg = Release|x86
		{4ABCB9D9-E9EF-40FE-9AA9-E77714A5E275}.Release|x86.Build.0 = Release|x86
		{B84CF0E7-086A-4836-A317-7FF06AD0D52F}.Client.Framework - Debug|Any CPU.ActiveCfg = Debug|Any CPU
		{B84CF0E7-086A-4836-A317-7FF06AD0D52F}.Client.Framework - Debug|x86.ActiveCfg = Debug|x86
		{B84CF0E7-086A-4836-A317-7FF06AD0D52F}.Client.Framework - Debug|x86.Build.0 = Debug|x86
		{B84CF0E7-086A-4836-A317-7FF06AD0D52F}.Debug|Any CPU.ActiveCfg = Debug|Any CPU
		{B84CF0E7-086A-4836-A317-7FF06AD0D52F}.Debug|Any CPU.Build.0 = Debug|Any CPU
		{B84CF0E7-086A-4836-A317-7FF06AD0D52F}.Debug|x86.ActiveCfg = Debug|x86
		{B84CF0E7-086A-4836-A317-7FF06AD0D52F}.Debug|x86.Build.0 = Debug|x86
		{B84CF0E7-086A-4836-A317-7FF06AD0D52F}.DomainModel - Debug|Any CPU.ActiveCfg = Debug|Any CPU
		{B84CF0E7-086A-4836-A317-7FF06AD0D52F}.DomainModel - Debug|x86.ActiveCfg = Debug|x86
		{B84CF0E7-086A-4836-A317-7FF06AD0D52F}.DomainModel - Debug|x86.Build.0 = Debug|x86
		{B84CF0E7-086A-4836-A317-7FF06AD0D52F}.Release|Any CPU.ActiveCfg = Release|Any CPU
		{B84CF0E7-086A-4836-A317-7FF06AD0D52F}.Release|Any CPU.Build.0 = Release|Any CPU
		{B84CF0E7-086A-4836-A317-7FF06AD0D52F}.Release|x86.ActiveCfg = Release|x86
		{B84CF0E7-086A-4836-A317-7FF06AD0D52F}.Release|x86.Build.0 = Release|x86
		{E374F5FC-DE03-4A95-B28F-2A227841B2AD}.Client.Framework - Debug|Any CPU.ActiveCfg = Debug|Any CPU
		{E374F5FC-DE03-4A95-B28F-2A227841B2AD}.Client.Framework - Debug|x86.ActiveCfg = Debug|x86
		{E374F5FC-DE03-4A95-B28F-2A227841B2AD}.Client.Framework - Debug|x86.Build.0 = Debug|x86
		{E374F5FC-DE03-4A95-B28F-2A227841B2AD}.Debug|Any CPU.ActiveCfg = Debug|Any CPU
		{E374F5FC-DE03-4A95-B28F-2A227841B2AD}.Debug|Any CPU.Build.0 = Debug|Any CPU
		{E374F5FC-DE03-4A95-B28F-2A227841B2AD}.Debug|x86.ActiveCfg = Debug|x86
		{E374F5FC-DE03-4A95-B28F-2A227841B2AD}.Debug|x86.Build.0 = Debug|x86
		{E374F5FC-DE03-4A95-B28F-2A227841B2AD}.DomainModel - Debug|Any CPU.ActiveCfg = Debug|Any CPU
		{E374F5FC-DE03-4A95-B28F-2A227841B2AD}.DomainModel - Debug|x86.ActiveCfg = Debug|x86
		{E374F5FC-DE03-4A95-B28F-2A227841B2AD}.DomainModel - Debug|x86.Build.0 = Debug|x86
		{E374F5FC-DE03-4A95-B28F-2A227841B2AD}.Release|Any CPU.ActiveCfg = Release|Any CPU
		{E374F5FC-DE03-4A95-B28F-2A227841B2AD}.Release|Any CPU.Build.0 = Release|Any CPU
		{E374F5FC-DE03-4A95-B28F-2A227841B2AD}.Release|x86.ActiveCfg = Release|x86
		{E374F5FC-DE03-4A95-B28F-2A227841B2AD}.Release|x86.Build.0 = Release|x86
		{1B46775D-B317-411F-8111-645C7A81614E}.Client.Framework - Debug|Any CPU.ActiveCfg = Debug|Any CPU
		{1B46775D-B317-411F-8111-645C7A81614E}.Client.Framework - Debug|x86.ActiveCfg = Debug|x86
		{1B46775D-B317-411F-8111-645C7A81614E}.Client.Framework - Debug|x86.Build.0 = Debug|x86
		{1B46775D-B317-411F-8111-645C7A81614E}.Debug|Any CPU.ActiveCfg = Debug|Any CPU
		{1B46775D-B317-411F-8111-645C7A81614E}.Debug|Any CPU.Build.0 = Debug|Any CPU
		{1B46775D-B317-411F-8111-645C7A81614E}.Debug|x86.ActiveCfg = Debug|x86
		{1B46775D-B317-411F-8111-645C7A81614E}.Debug|x86.Build.0 = Debug|x86
		{1B46775D-B317-411F-8111-645C7A81614E}.DomainModel - Debug|Any CPU.ActiveCfg = Debug|Any CPU
		{1B46775D-B317-411F-8111-645C7A81614E}.DomainModel - Debug|x86.ActiveCfg = Debug|x86
		{1B46775D-B317-411F-8111-645C7A81614E}.DomainModel - Debug|x86.Build.0 = Debug|x86
		{1B46775D-B317-411F-8111-645C7A81614E}.Release|Any CPU.ActiveCfg = Release|Any CPU
		{1B46775D-B317-411F-8111-645C7A81614E}.Release|Any CPU.Build.0 = Release|Any CPU
		{1B46775D-B317-411F-8111-645C7A81614E}.Release|x86.ActiveCfg = Release|x86
		{1B46775D-B317-411F-8111-645C7A81614E}.Release|x86.Build.0 = Release|x86
		{A93BB217-B5AA-4465-B61A-AEE9D25D73AE}.Client.Framework - Debug|Any CPU.ActiveCfg = Debug|Any CPU
		{A93BB217-B5AA-4465-B61A-AEE9D25D73AE}.Client.Framework - Debug|x86.ActiveCfg = Debug|x86
		{A93BB217-B5AA-4465-B61A-AEE9D25D73AE}.Client.Framework - Debug|x86.Build.0 = Debug|x86
		{A93BB217-B5AA-4465-B61A-AEE9D25D73AE}.Debug|Any CPU.ActiveCfg = Debug|Any CPU
		{A93BB217-B5AA-4465-B61A-AEE9D25D73AE}.Debug|Any CPU.Build.0 = Debug|Any CPU
		{A93BB217-B5AA-4465-B61A-AEE9D25D73AE}.Debug|x86.ActiveCfg = Debug|x86
		{A93BB217-B5AA-4465-B61A-AEE9D25D73AE}.Debug|x86.Build.0 = Debug|x86
		{A93BB217-B5AA-4465-B61A-AEE9D25D73AE}.DomainModel - Debug|Any CPU.ActiveCfg = Debug|Any CPU
		{A93BB217-B5AA-4465-B61A-AEE9D25D73AE}.DomainModel - Debug|x86.ActiveCfg = Debug|x86
		{A93BB217-B5AA-4465-B61A-AEE9D25D73AE}.DomainModel - Debug|x86.Build.0 = Debug|x86
		{A93BB217-B5AA-4465-B61A-AEE9D25D73AE}.Release|Any CPU.ActiveCfg = Release|Any CPU
		{A93BB217-B5AA-4465-B61A-AEE9D25D73AE}.Release|Any CPU.Build.0 = Release|Any CPU
		{A93BB217-B5AA-4465-B61A-AEE9D25D73AE}.Release|x86.ActiveCfg = Release|x86
		{A93BB217-B5AA-4465-B61A-AEE9D25D73AE}.Release|x86.Build.0 = Release|x86
		{2298D45A-84B7-48E7-8823-52A124F4A911}.Client.Framework - Debug|Any CPU.ActiveCfg = Debug|Any CPU
		{2298D45A-84B7-48E7-8823-52A124F4A911}.Client.Framework - Debug|x86.ActiveCfg = Debug|x86
		{2298D45A-84B7-48E7-8823-52A124F4A911}.Client.Framework - Debug|x86.Build.0 = Debug|x86
		{2298D45A-84B7-48E7-8823-52A124F4A911}.Debug|Any CPU.ActiveCfg = Debug|Any CPU
		{2298D45A-84B7-48E7-8823-52A124F4A911}.Debug|Any CPU.Build.0 = Debug|Any CPU
		{2298D45A-84B7-48E7-8823-52A124F4A911}.Debug|x86.ActiveCfg = Debug|x86
		{2298D45A-84B7-48E7-8823-52A124F4A911}.Debug|x86.Build.0 = Debug|x86
		{2298D45A-84B7-48E7-8823-52A124F4A911}.DomainModel - Debug|Any CPU.ActiveCfg = Debug|Any CPU
		{2298D45A-84B7-48E7-8823-52A124F4A911}.DomainModel - Debug|x86.ActiveCfg = Debug|x86
		{2298D45A-84B7-48E7-8823-52A124F4A911}.DomainModel - Debug|x86.Build.0 = Debug|x86
		{2298D45A-84B7-48E7-8823-52A124F4A911}.Release|Any CPU.ActiveCfg = Release|Any CPU
		{2298D45A-84B7-48E7-8823-52A124F4A911}.Release|Any CPU.Build.0 = Release|Any CPU
		{2298D45A-84B7-48E7-8823-52A124F4A911}.Release|x86.ActiveCfg = Release|x86
		{2298D45A-84B7-48E7-8823-52A124F4A911}.Release|x86.Build.0 = Release|x86
		{7882F92F-E48B-479E-A2EA-68844EE1C113}.Client.Framework - Debug|Any CPU.ActiveCfg = Debug|Any CPU
		{7882F92F-E48B-479E-A2EA-68844EE1C113}.Client.Framework - Debug|Any CPU.Build.0 = Debug|Any CPU
		{7882F92F-E48B-479E-A2EA-68844EE1C113}.Client.Framework - Debug|x86.ActiveCfg = Debug|x86
		{7882F92F-E48B-479E-A2EA-68844EE1C113}.Client.Framework - Debug|x86.Build.0 = Debug|x86
		{7882F92F-E48B-479E-A2EA-68844EE1C113}.Debug|Any CPU.ActiveCfg = Debug|Any CPU
		{7882F92F-E48B-479E-A2EA-68844EE1C113}.Debug|Any CPU.Build.0 = Debug|Any CPU
		{7882F92F-E48B-479E-A2EA-68844EE1C113}.Debug|x86.ActiveCfg = Debug|x86
		{7882F92F-E48B-479E-A2EA-68844EE1C113}.Debug|x86.Build.0 = Debug|x86
		{7882F92F-E48B-479E-A2EA-68844EE1C113}.DomainModel - Debug|Any CPU.ActiveCfg = Debug|Any CPU
		{7882F92F-E48B-479E-A2EA-68844EE1C113}.DomainModel - Debug|x86.ActiveCfg = Debug|x86
		{7882F92F-E48B-479E-A2EA-68844EE1C113}.DomainModel - Debug|x86.Build.0 = Debug|x86
		{7882F92F-E48B-479E-A2EA-68844EE1C113}.Release|Any CPU.ActiveCfg = Release|Any CPU
		{7882F92F-E48B-479E-A2EA-68844EE1C113}.Release|Any CPU.Build.0 = Release|Any CPU
		{7882F92F-E48B-479E-A2EA-68844EE1C113}.Release|x86.ActiveCfg = Release|x86
		{7882F92F-E48B-479E-A2EA-68844EE1C113}.Release|x86.Build.0 = Release|x86
		{DB3A158F-D0F2-46F2-BC90-1BB163EA76AB}.Client.Framework - Debug|Any CPU.ActiveCfg = Debug|Any CPU
		{DB3A158F-D0F2-46F2-BC90-1BB163EA76AB}.Client.Framework - Debug|Any CPU.Build.0 = Debug|Any CPU
		{DB3A158F-D0F2-46F2-BC90-1BB163EA76AB}.Client.Framework - Debug|x86.ActiveCfg = Debug|x86
		{DB3A158F-D0F2-46F2-BC90-1BB163EA76AB}.Client.Framework - Debug|x86.Build.0 = Debug|x86
		{DB3A158F-D0F2-46F2-BC90-1BB163EA76AB}.Debug|Any CPU.ActiveCfg = Debug|Any CPU
		{DB3A158F-D0F2-46F2-BC90-1BB163EA76AB}.Debug|Any CPU.Build.0 = Debug|Any CPU
		{DB3A158F-D0F2-46F2-BC90-1BB163EA76AB}.Debug|x86.ActiveCfg = Debug|x86
		{DB3A158F-D0F2-46F2-BC90-1BB163EA76AB}.Debug|x86.Build.0 = Debug|x86
		{DB3A158F-D0F2-46F2-BC90-1BB163EA76AB}.DomainModel - Debug|Any CPU.ActiveCfg = Debug|Any CPU
		{DB3A158F-D0F2-46F2-BC90-1BB163EA76AB}.DomainModel - Debug|x86.ActiveCfg = Debug|x86
		{DB3A158F-D0F2-46F2-BC90-1BB163EA76AB}.DomainModel - Debug|x86.Build.0 = Debug|x86
		{DB3A158F-D0F2-46F2-BC90-1BB163EA76AB}.Release|Any CPU.ActiveCfg = Release|Any CPU
		{DB3A158F-D0F2-46F2-BC90-1BB163EA76AB}.Release|Any CPU.Build.0 = Release|Any CPU
		{DB3A158F-D0F2-46F2-BC90-1BB163EA76AB}.Release|x86.ActiveCfg = Release|x86
		{DB3A158F-D0F2-46F2-BC90-1BB163EA76AB}.Release|x86.Build.0 = Release|x86
		{B462D2F5-B13F-41FD-907C-02343087FF13}.Client.Framework - Debug|Any CPU.ActiveCfg = Debug|Any CPU
		{B462D2F5-B13F-41FD-907C-02343087FF13}.Client.Framework - Debug|Any CPU.Build.0 = Debug|Any CPU
		{B462D2F5-B13F-41FD-907C-02343087FF13}.Client.Framework - Debug|x86.ActiveCfg = Debug|x86
		{B462D2F5-B13F-41FD-907C-02343087FF13}.Client.Framework - Debug|x86.Build.0 = Debug|x86
		{B462D2F5-B13F-41FD-907C-02343087FF13}.Debug|Any CPU.ActiveCfg = Debug|Any CPU
		{B462D2F5-B13F-41FD-907C-02343087FF13}.Debug|Any CPU.Build.0 = Debug|Any CPU
		{B462D2F5-B13F-41FD-907C-02343087FF13}.Debug|x86.ActiveCfg = Debug|x86
		{B462D2F5-B13F-41FD-907C-02343087FF13}.Debug|x86.Build.0 = Debug|x86
		{B462D2F5-B13F-41FD-907C-02343087FF13}.DomainModel - Debug|Any CPU.ActiveCfg = Debug|Any CPU
		{B462D2F5-B13F-41FD-907C-02343087FF13}.DomainModel - Debug|x86.ActiveCfg = Debug|x86
		{B462D2F5-B13F-41FD-907C-02343087FF13}.DomainModel - Debug|x86.Build.0 = Debug|x86
		{B462D2F5-B13F-41FD-907C-02343087FF13}.Release|Any CPU.ActiveCfg = Release|Any CPU
		{B462D2F5-B13F-41FD-907C-02343087FF13}.Release|Any CPU.Build.0 = Release|Any CPU
		{B462D2F5-B13F-41FD-907C-02343087FF13}.Release|x86.ActiveCfg = Release|x86
		{B462D2F5-B13F-41FD-907C-02343087FF13}.Release|x86.Build.0 = Release|x86
		{1E77D895-A0E6-4DC9-82FF-3379D65836C1}.Client.Framework - Debug|Any CPU.ActiveCfg = Debug|Any CPU
		{1E77D895-A0E6-4DC9-82FF-3379D65836C1}.Client.Framework - Debug|Any CPU.Build.0 = Debug|Any CPU
		{1E77D895-A0E6-4DC9-82FF-3379D65836C1}.Client.Framework - Debug|x86.ActiveCfg = Debug|x86
		{1E77D895-A0E6-4DC9-82FF-3379D65836C1}.Client.Framework - Debug|x86.Build.0 = Debug|x86
		{1E77D895-A0E6-4DC9-82FF-3379D65836C1}.Debug|Any CPU.ActiveCfg = Debug|Any CPU
		{1E77D895-A0E6-4DC9-82FF-3379D65836C1}.Debug|Any CPU.Build.0 = Debug|Any CPU
		{1E77D895-A0E6-4DC9-82FF-3379D65836C1}.Debug|x86.ActiveCfg = Debug|x86
		{1E77D895-A0E6-4DC9-82FF-3379D65836C1}.Debug|x86.Build.0 = Debug|x86
		{1E77D895-A0E6-4DC9-82FF-3379D65836C1}.DomainModel - Debug|Any CPU.ActiveCfg = Debug|Any CPU
		{1E77D895-A0E6-4DC9-82FF-3379D65836C1}.DomainModel - Debug|x86.ActiveCfg = Debug|x86
		{1E77D895-A0E6-4DC9-82FF-3379D65836C1}.DomainModel - Debug|x86.Build.0 = Debug|x86
		{1E77D895-A0E6-4DC9-82FF-3379D65836C1}.Release|Any CPU.ActiveCfg = Release|Any CPU
		{1E77D895-A0E6-4DC9-82FF-3379D65836C1}.Release|Any CPU.Build.0 = Release|Any CPU
		{1E77D895-A0E6-4DC9-82FF-3379D65836C1}.Release|x86.ActiveCfg = Release|x86
		{1E77D895-A0E6-4DC9-82FF-3379D65836C1}.Release|x86.Build.0 = Release|x86
		{82E89814-481B-48A7-9EBB-6717E47640EA}.Client.Framework - Debug|Any CPU.ActiveCfg = Debug|Any CPU
		{82E89814-481B-48A7-9EBB-6717E47640EA}.Client.Framework - Debug|Any CPU.Build.0 = Debug|Any CPU
		{82E89814-481B-48A7-9EBB-6717E47640EA}.Client.Framework - Debug|x86.ActiveCfg = Debug|x86
		{82E89814-481B-48A7-9EBB-6717E47640EA}.Client.Framework - Debug|x86.Build.0 = Debug|x86
		{82E89814-481B-48A7-9EBB-6717E47640EA}.Debug|Any CPU.ActiveCfg = Debug|Any CPU
		{82E89814-481B-48A7-9EBB-6717E47640EA}.Debug|Any CPU.Build.0 = Debug|Any CPU
		{82E89814-481B-48A7-9EBB-6717E47640EA}.Debug|x86.ActiveCfg = Debug|x86
		{82E89814-481B-48A7-9EBB-6717E47640EA}.Debug|x86.Build.0 = Debug|x86
		{82E89814-481B-48A7-9EBB-6717E47640EA}.DomainModel - Debug|Any CPU.ActiveCfg = Debug|Any CPU
		{82E89814-481B-48A7-9EBB-6717E47640EA}.DomainModel - Debug|x86.ActiveCfg = Debug|x86
		{82E89814-481B-48A7-9EBB-6717E47640EA}.DomainModel - Debug|x86.Build.0 = Debug|x86
		{82E89814-481B-48A7-9EBB-6717E47640EA}.Release|Any CPU.ActiveCfg = Release|Any CPU
		{82E89814-481B-48A7-9EBB-6717E47640EA}.Release|Any CPU.Build.0 = Release|Any CPU
		{82E89814-481B-48A7-9EBB-6717E47640EA}.Release|x86.ActiveCfg = Release|x86
		{82E89814-481B-48A7-9EBB-6717E47640EA}.Release|x86.Build.0 = Release|x86
		{98E0FA30-C35F-4AF4-99B9-7597F6A0F1A1}.Client.Framework - Debug|Any CPU.ActiveCfg = Debug|Any CPU
		{98E0FA30-C35F-4AF4-99B9-7597F6A0F1A1}.Client.Framework - Debug|Any CPU.Build.0 = Debug|Any CPU
		{98E0FA30-C35F-4AF4-99B9-7597F6A0F1A1}.Client.Framework - Debug|x86.ActiveCfg = Debug|x86
		{98E0FA30-C35F-4AF4-99B9-7597F6A0F1A1}.Client.Framework - Debug|x86.Build.0 = Debug|x86
		{98E0FA30-C35F-4AF4-99B9-7597F6A0F1A1}.Debug|Any CPU.ActiveCfg = Debug|Any CPU
		{98E0FA30-C35F-4AF4-99B9-7597F6A0F1A1}.Debug|Any CPU.Build.0 = Debug|Any CPU
		{98E0FA30-C35F-4AF4-99B9-7597F6A0F1A1}.Debug|x86.ActiveCfg = Debug|x86
		{98E0FA30-C35F-4AF4-99B9-7597F6A0F1A1}.Debug|x86.Build.0 = Debug|x86
		{98E0FA30-C35F-4AF4-99B9-7597F6A0F1A1}.DomainModel - Debug|Any CPU.ActiveCfg = Debug|Any CPU
		{98E0FA30-C35F-4AF4-99B9-7597F6A0F1A1}.DomainModel - Debug|x86.ActiveCfg = Debug|x86
		{98E0FA30-C35F-4AF4-99B9-7597F6A0F1A1}.DomainModel - Debug|x86.Build.0 = Debug|x86
		{98E0FA30-C35F-4AF4-99B9-7597F6A0F1A1}.Release|Any CPU.ActiveCfg = Release|Any CPU
		{98E0FA30-C35F-4AF4-99B9-7597F6A0F1A1}.Release|Any CPU.Build.0 = Release|Any CPU
		{98E0FA30-C35F-4AF4-99B9-7597F6A0F1A1}.Release|x86.ActiveCfg = Release|x86
		{98E0FA30-C35F-4AF4-99B9-7597F6A0F1A1}.Release|x86.Build.0 = Release|x86
		{377B2C84-D2F4-4521-97A4-ADDDA50F53C7}.Client.Framework - Debug|Any CPU.ActiveCfg = Debug|Any CPU
		{377B2C84-D2F4-4521-97A4-ADDDA50F53C7}.Client.Framework - Debug|x86.ActiveCfg = Debug|x86
		{377B2C84-D2F4-4521-97A4-ADDDA50F53C7}.Client.Framework - Debug|x86.Build.0 = Debug|x86
		{377B2C84-D2F4-4521-97A4-ADDDA50F53C7}.Debug|Any CPU.ActiveCfg = Debug|Any CPU
		{377B2C84-D2F4-4521-97A4-ADDDA50F53C7}.Debug|Any CPU.Build.0 = Debug|Any CPU
		{377B2C84-D2F4-4521-97A4-ADDDA50F53C7}.Debug|x86.ActiveCfg = Debug|x86
		{377B2C84-D2F4-4521-97A4-ADDDA50F53C7}.Debug|x86.Build.0 = Debug|x86
		{377B2C84-D2F4-4521-97A4-ADDDA50F53C7}.DomainModel - Debug|Any CPU.ActiveCfg = Debug|Any CPU
		{377B2C84-D2F4-4521-97A4-ADDDA50F53C7}.DomainModel - Debug|x86.ActiveCfg = Debug|x86
		{377B2C84-D2F4-4521-97A4-ADDDA50F53C7}.DomainModel - Debug|x86.Build.0 = Debug|x86
		{377B2C84-D2F4-4521-97A4-ADDDA50F53C7}.Release|Any CPU.ActiveCfg = Release|Any CPU
		{377B2C84-D2F4-4521-97A4-ADDDA50F53C7}.Release|Any CPU.Build.0 = Release|Any CPU
		{377B2C84-D2F4-4521-97A4-ADDDA50F53C7}.Release|x86.ActiveCfg = Release|x86
		{377B2C84-D2F4-4521-97A4-ADDDA50F53C7}.Release|x86.Build.0 = Release|x86
		{F00CBB10-58D2-40B9-82DD-D8ABD14E1995}.Client.Framework - Debug|Any CPU.ActiveCfg = Debug|Any CPU
		{F00CBB10-58D2-40B9-82DD-D8ABD14E1995}.Client.Framework - Debug|x86.ActiveCfg = Debug|x86
		{F00CBB10-58D2-40B9-82DD-D8ABD14E1995}.Client.Framework - Debug|x86.Build.0 = Debug|x86
		{F00CBB10-58D2-40B9-82DD-D8ABD14E1995}.Debug|Any CPU.ActiveCfg = Debug|Any CPU
		{F00CBB10-58D2-40B9-82DD-D8ABD14E1995}.Debug|Any CPU.Build.0 = Debug|Any CPU
		{F00CBB10-58D2-40B9-82DD-D8ABD14E1995}.Debug|x86.ActiveCfg = Debug|x86
		{F00CBB10-58D2-40B9-82DD-D8ABD14E1995}.Debug|x86.Build.0 = Debug|x86
		{F00CBB10-58D2-40B9-82DD-D8ABD14E1995}.DomainModel - Debug|Any CPU.ActiveCfg = Debug|Any CPU
		{F00CBB10-58D2-40B9-82DD-D8ABD14E1995}.DomainModel - Debug|Any CPU.Build.0 = Debug|Any CPU
		{F00CBB10-58D2-40B9-82DD-D8ABD14E1995}.DomainModel - Debug|x86.ActiveCfg = Debug|x86
		{F00CBB10-58D2-40B9-82DD-D8ABD14E1995}.DomainModel - Debug|x86.Build.0 = Debug|x86
		{F00CBB10-58D2-40B9-82DD-D8ABD14E1995}.Release|Any CPU.ActiveCfg = Release|Any CPU
		{F00CBB10-58D2-40B9-82DD-D8ABD14E1995}.Release|Any CPU.Build.0 = Release|Any CPU
		{F00CBB10-58D2-40B9-82DD-D8ABD14E1995}.Release|x86.ActiveCfg = Release|x86
		{F00CBB10-58D2-40B9-82DD-D8ABD14E1995}.Release|x86.Build.0 = Release|x86
		{6D3D6DF1-E250-46D8-914D-05C09E6BFA54}.Client.Framework - Debug|Any CPU.ActiveCfg = Debug|Any CPU
		{6D3D6DF1-E250-46D8-914D-05C09E6BFA54}.Client.Framework - Debug|Any CPU.Build.0 = Debug|Any CPU
		{6D3D6DF1-E250-46D8-914D-05C09E6BFA54}.Client.Framework - Debug|x86.ActiveCfg = Debug|x86
		{6D3D6DF1-E250-46D8-914D-05C09E6BFA54}.Client.Framework - Debug|x86.Build.0 = Debug|x86
		{6D3D6DF1-E250-46D8-914D-05C09E6BFA54}.Debug|Any CPU.ActiveCfg = Debug|Any CPU
		{6D3D6DF1-E250-46D8-914D-05C09E6BFA54}.Debug|Any CPU.Build.0 = Debug|Any CPU
		{6D3D6DF1-E250-46D8-914D-05C09E6BFA54}.Debug|x86.ActiveCfg = Debug|x86
		{6D3D6DF1-E250-46D8-914D-05C09E6BFA54}.Debug|x86.Build.0 = Debug|x86
		{6D3D6DF1-E250-46D8-914D-05C09E6BFA54}.DomainModel - Debug|Any CPU.ActiveCfg = Debug|Any CPU
		{6D3D6DF1-E250-46D8-914D-05C09E6BFA54}.DomainModel - Debug|Any CPU.Build.0 = Debug|Any CPU
		{6D3D6DF1-E250-46D8-914D-05C09E6BFA54}.DomainModel - Debug|x86.ActiveCfg = Debug|x86
		{6D3D6DF1-E250-46D8-914D-05C09E6BFA54}.DomainModel - Debug|x86.Build.0 = Debug|x86
		{6D3D6DF1-E250-46D8-914D-05C09E6BFA54}.Release|Any CPU.ActiveCfg = Release|Any CPU
		{6D3D6DF1-E250-46D8-914D-05C09E6BFA54}.Release|Any CPU.Build.0 = Release|Any CPU
		{6D3D6DF1-E250-46D8-914D-05C09E6BFA54}.Release|x86.ActiveCfg = Release|x86
		{6D3D6DF1-E250-46D8-914D-05C09E6BFA54}.Release|x86.Build.0 = Release|x86
		{6D860A9B-0B17-4E78-AB4D-533D1698F225}.Client.Framework - Debug|Any CPU.ActiveCfg = Debug|Any CPU
		{6D860A9B-0B17-4E78-AB4D-533D1698F225}.Client.Framework - Debug|Any CPU.Build.0 = Debug|Any CPU
		{6D860A9B-0B17-4E78-AB4D-533D1698F225}.Client.Framework - Debug|x86.ActiveCfg = Debug|x86
		{6D860A9B-0B17-4E78-AB4D-533D1698F225}.Client.Framework - Debug|x86.Build.0 = Debug|x86
		{6D860A9B-0B17-4E78-AB4D-533D1698F225}.Debug|Any CPU.ActiveCfg = Debug|Any CPU
		{6D860A9B-0B17-4E78-AB4D-533D1698F225}.Debug|Any CPU.Build.0 = Debug|Any CPU
		{6D860A9B-0B17-4E78-AB4D-533D1698F225}.Debug|x86.ActiveCfg = Debug|x86
		{6D860A9B-0B17-4E78-AB4D-533D1698F225}.Debug|x86.Build.0 = Debug|x86
		{6D860A9B-0B17-4E78-AB4D-533D1698F225}.DomainModel - Debug|Any CPU.ActiveCfg = Debug|Any CPU
		{6D860A9B-0B17-4E78-AB4D-533D1698F225}.DomainModel - Debug|Any CPU.Build.0 = Debug|Any CPU
		{6D860A9B-0B17-4E78-AB4D-533D1698F225}.DomainModel - Debug|x86.ActiveCfg = Debug|x86
		{6D860A9B-0B17-4E78-AB4D-533D1698F225}.DomainModel - Debug|x86.Build.0 = Debug|x86
		{6D860A9B-0B17-4E78-AB4D-533D1698F225}.Release|Any CPU.ActiveCfg = Release|Any CPU
		{6D860A9B-0B17-4E78-AB4D-533D1698F225}.Release|Any CPU.Build.0 = Release|Any CPU
		{6D860A9B-0B17-4E78-AB4D-533D1698F225}.Release|x86.ActiveCfg = Release|x86
		{6D860A9B-0B17-4E78-AB4D-533D1698F225}.Release|x86.Build.0 = Release|x86
		{0108432D-68EB-4F91-962D-D7FF842F8988}.Client.Framework - Debug|Any CPU.ActiveCfg = Debug|Any CPU
		{0108432D-68EB-4F91-962D-D7FF842F8988}.Client.Framework - Debug|Any CPU.Build.0 = Debug|Any CPU
		{0108432D-68EB-4F91-962D-D7FF842F8988}.Client.Framework - Debug|x86.ActiveCfg = Debug|x86
		{0108432D-68EB-4F91-962D-D7FF842F8988}.Client.Framework - Debug|x86.Build.0 = Debug|x86
		{0108432D-68EB-4F91-962D-D7FF842F8988}.Debug|Any CPU.ActiveCfg = Debug|Any CPU
		{0108432D-68EB-4F91-962D-D7FF842F8988}.Debug|Any CPU.Build.0 = Debug|Any CPU
		{0108432D-68EB-4F91-962D-D7FF842F8988}.Debug|x86.ActiveCfg = Debug|x86
		{0108432D-68EB-4F91-962D-D7FF842F8988}.Debug|x86.Build.0 = Debug|x86
		{0108432D-68EB-4F91-962D-D7FF842F8988}.DomainModel - Debug|Any CPU.ActiveCfg = Debug|Any CPU
		{0108432D-68EB-4F91-962D-D7FF842F8988}.DomainModel - Debug|Any CPU.Build.0 = Debug|Any CPU
		{0108432D-68EB-4F91-962D-D7FF842F8988}.DomainModel - Debug|x86.ActiveCfg = Debug|x86
		{0108432D-68EB-4F91-962D-D7FF842F8988}.DomainModel - Debug|x86.Build.0 = Debug|x86
		{0108432D-68EB-4F91-962D-D7FF842F8988}.Release|Any CPU.ActiveCfg = Release|Any CPU
		{0108432D-68EB-4F91-962D-D7FF842F8988}.Release|Any CPU.Build.0 = Release|Any CPU
		{0108432D-68EB-4F91-962D-D7FF842F8988}.Release|x86.ActiveCfg = Release|x86
		{0108432D-68EB-4F91-962D-D7FF842F8988}.Release|x86.Build.0 = Release|x86
		{5D4669EF-F733-4893-90CE-A4F577B2BD63}.Client.Framework - Debug|Any CPU.ActiveCfg = Debug|Any CPU
		{5D4669EF-F733-4893-90CE-A4F577B2BD63}.Client.Framework - Debug|Any CPU.Build.0 = Debug|Any CPU
		{5D4669EF-F733-4893-90CE-A4F577B2BD63}.Client.Framework - Debug|x86.ActiveCfg = Debug|x86
		{5D4669EF-F733-4893-90CE-A4F577B2BD63}.Client.Framework - Debug|x86.Build.0 = Debug|x86
		{5D4669EF-F733-4893-90CE-A4F577B2BD63}.Debug|Any CPU.ActiveCfg = Debug|Any CPU
		{5D4669EF-F733-4893-90CE-A4F577B2BD63}.Debug|Any CPU.Build.0 = Debug|Any CPU
		{5D4669EF-F733-4893-90CE-A4F577B2BD63}.Debug|x86.ActiveCfg = Debug|x86
		{5D4669EF-F733-4893-90CE-A4F577B2BD63}.Debug|x86.Build.0 = Debug|x86
		{5D4669EF-F733-4893-90CE-A4F577B2BD63}.DomainModel - Debug|Any CPU.ActiveCfg = Debug|Any CPU
		{5D4669EF-F733-4893-90CE-A4F577B2BD63}.DomainModel - Debug|Any CPU.Build.0 = Debug|Any CPU
		{5D4669EF-F733-4893-90CE-A4F577B2BD63}.DomainModel - Debug|x86.ActiveCfg = Debug|x86
		{5D4669EF-F733-4893-90CE-A4F577B2BD63}.DomainModel - Debug|x86.Build.0 = Debug|x86
		{5D4669EF-F733-4893-90CE-A4F577B2BD63}.Release|Any CPU.ActiveCfg = Release|Any CPU
		{5D4669EF-F733-4893-90CE-A4F577B2BD63}.Release|Any CPU.Build.0 = Release|Any CPU
		{5D4669EF-F733-4893-90CE-A4F577B2BD63}.Release|x86.ActiveCfg = Release|x86
		{5D4669EF-F733-4893-90CE-A4F577B2BD63}.Release|x86.Build.0 = Release|x86
		{7C423CC1-417A-410A-81C9-741029DC0F8B}.Client.Framework - Debug|Any CPU.ActiveCfg = Debug|Any CPU
		{7C423CC1-417A-410A-81C9-741029DC0F8B}.Client.Framework - Debug|Any CPU.Build.0 = Debug|Any CPU
		{7C423CC1-417A-410A-81C9-741029DC0F8B}.Client.Framework - Debug|x86.ActiveCfg = Debug|x86
		{7C423CC1-417A-410A-81C9-741029DC0F8B}.Client.Framework - Debug|x86.Build.0 = Debug|x86
		{7C423CC1-417A-410A-81C9-741029DC0F8B}.Debug|Any CPU.ActiveCfg = Debug|Any CPU
		{7C423CC1-417A-410A-81C9-741029DC0F8B}.Debug|Any CPU.Build.0 = Debug|Any CPU
		{7C423CC1-417A-410A-81C9-741029DC0F8B}.Debug|x86.ActiveCfg = Debug|x86
		{7C423CC1-417A-410A-81C9-741029DC0F8B}.Debug|x86.Build.0 = Debug|x86
		{7C423CC1-417A-410A-81C9-741029DC0F8B}.DomainModel - Debug|Any CPU.ActiveCfg = Debug|Any CPU
		{7C423CC1-417A-410A-81C9-741029DC0F8B}.DomainModel - Debug|Any CPU.Build.0 = Debug|Any CPU
		{7C423CC1-417A-410A-81C9-741029DC0F8B}.DomainModel - Debug|x86.ActiveCfg = Debug|x86
		{7C423CC1-417A-410A-81C9-741029DC0F8B}.DomainModel - Debug|x86.Build.0 = Debug|x86
		{7C423CC1-417A-410A-81C9-741029DC0F8B}.Release|Any CPU.ActiveCfg = Release|Any CPU
		{7C423CC1-417A-410A-81C9-741029DC0F8B}.Release|Any CPU.Build.0 = Release|Any CPU
		{7C423CC1-417A-410A-81C9-741029DC0F8B}.Release|x86.ActiveCfg = Release|x86
		{7C423CC1-417A-410A-81C9-741029DC0F8B}.Release|x86.Build.0 = Release|x86
		{124594EB-B92D-49B1-9E1D-F3557A0413D8}.Client.Framework - Debug|Any CPU.ActiveCfg = Debug|Any CPU
		{124594EB-B92D-49B1-9E1D-F3557A0413D8}.Client.Framework - Debug|Any CPU.Build.0 = Debug|Any CPU
		{124594EB-B92D-49B1-9E1D-F3557A0413D8}.Client.Framework - Debug|x86.ActiveCfg = Debug|x86
		{124594EB-B92D-49B1-9E1D-F3557A0413D8}.Client.Framework - Debug|x86.Build.0 = Debug|x86
		{124594EB-B92D-49B1-9E1D-F3557A0413D8}.Debug|Any CPU.ActiveCfg = Debug|Any CPU
		{124594EB-B92D-49B1-9E1D-F3557A0413D8}.Debug|Any CPU.Build.0 = Debug|Any CPU
		{124594EB-B92D-49B1-9E1D-F3557A0413D8}.Debug|x86.ActiveCfg = Debug|x86
		{124594EB-B92D-49B1-9E1D-F3557A0413D8}.Debug|x86.Build.0 = Debug|x86
		{124594EB-B92D-49B1-9E1D-F3557A0413D8}.DomainModel - Debug|Any CPU.ActiveCfg = Debug|Any CPU
		{124594EB-B92D-49B1-9E1D-F3557A0413D8}.DomainModel - Debug|Any CPU.Build.0 = Debug|Any CPU
		{124594EB-B92D-49B1-9E1D-F3557A0413D8}.DomainModel - Debug|x86.ActiveCfg = Debug|x86
		{124594EB-B92D-49B1-9E1D-F3557A0413D8}.DomainModel - Debug|x86.Build.0 = Debug|x86
		{124594EB-B92D-49B1-9E1D-F3557A0413D8}.Release|Any CPU.ActiveCfg = Release|Any CPU
		{124594EB-B92D-49B1-9E1D-F3557A0413D8}.Release|Any CPU.Build.0 = Release|Any CPU
		{124594EB-B92D-49B1-9E1D-F3557A0413D8}.Release|x86.ActiveCfg = Release|x86
		{124594EB-B92D-49B1-9E1D-F3557A0413D8}.Release|x86.Build.0 = Release|x86
		{47431D6D-1824-41E1-87B8-D90872E4FA04}.Client.Framework - Debug|Any CPU.ActiveCfg = Debug|Any CPU
		{47431D6D-1824-41E1-87B8-D90872E4FA04}.Client.Framework - Debug|Any CPU.Build.0 = Debug|Any CPU
		{47431D6D-1824-41E1-87B8-D90872E4FA04}.Client.Framework - Debug|x86.ActiveCfg = Debug|x86
		{47431D6D-1824-41E1-87B8-D90872E4FA04}.Client.Framework - Debug|x86.Build.0 = Debug|x86
		{47431D6D-1824-41E1-87B8-D90872E4FA04}.Debug|Any CPU.ActiveCfg = Debug|Any CPU
		{47431D6D-1824-41E1-87B8-D90872E4FA04}.Debug|Any CPU.Build.0 = Debug|Any CPU
		{47431D6D-1824-41E1-87B8-D90872E4FA04}.Debug|x86.ActiveCfg = Debug|x86
		{47431D6D-1824-41E1-87B8-D90872E4FA04}.Debug|x86.Build.0 = Debug|x86
		{47431D6D-1824-41E1-87B8-D90872E4FA04}.DomainModel - Debug|Any CPU.ActiveCfg = Debug|Any CPU
		{47431D6D-1824-41E1-87B8-D90872E4FA04}.DomainModel - Debug|Any CPU.Build.0 = Debug|Any CPU
		{47431D6D-1824-41E1-87B8-D90872E4FA04}.DomainModel - Debug|x86.ActiveCfg = Debug|x86
		{47431D6D-1824-41E1-87B8-D90872E4FA04}.DomainModel - Debug|x86.Build.0 = Debug|x86
		{47431D6D-1824-41E1-87B8-D90872E4FA04}.Release|Any CPU.ActiveCfg = Release|Any CPU
		{47431D6D-1824-41E1-87B8-D90872E4FA04}.Release|Any CPU.Build.0 = Release|Any CPU
		{47431D6D-1824-41E1-87B8-D90872E4FA04}.Release|x86.ActiveCfg = Release|x86
		{47431D6D-1824-41E1-87B8-D90872E4FA04}.Release|x86.Build.0 = Release|x86
		{D5058BDF-B5D2-48DB-9DD7-04BFB7541509}.Client.Framework - Debug|Any CPU.ActiveCfg = Debug|Any CPU
		{D5058BDF-B5D2-48DB-9DD7-04BFB7541509}.Client.Framework - Debug|Any CPU.Build.0 = Debug|Any CPU
		{D5058BDF-B5D2-48DB-9DD7-04BFB7541509}.Client.Framework - Debug|x86.ActiveCfg = Debug|x86
		{D5058BDF-B5D2-48DB-9DD7-04BFB7541509}.Client.Framework - Debug|x86.Build.0 = Debug|x86
		{D5058BDF-B5D2-48DB-9DD7-04BFB7541509}.Debug|Any CPU.ActiveCfg = Debug|Any CPU
		{D5058BDF-B5D2-48DB-9DD7-04BFB7541509}.Debug|Any CPU.Build.0 = Debug|Any CPU
		{D5058BDF-B5D2-48DB-9DD7-04BFB7541509}.Debug|x86.ActiveCfg = Debug|x86
		{D5058BDF-B5D2-48DB-9DD7-04BFB7541509}.Debug|x86.Build.0 = Debug|x86
		{D5058BDF-B5D2-48DB-9DD7-04BFB7541509}.DomainModel - Debug|Any CPU.ActiveCfg = Debug|Any CPU
		{D5058BDF-B5D2-48DB-9DD7-04BFB7541509}.DomainModel - Debug|Any CPU.Build.0 = Debug|Any CPU
		{D5058BDF-B5D2-48DB-9DD7-04BFB7541509}.DomainModel - Debug|x86.ActiveCfg = Debug|x86
		{D5058BDF-B5D2-48DB-9DD7-04BFB7541509}.DomainModel - Debug|x86.Build.0 = Debug|x86
		{D5058BDF-B5D2-48DB-9DD7-04BFB7541509}.Release|Any CPU.ActiveCfg = Release|Any CPU
		{D5058BDF-B5D2-48DB-9DD7-04BFB7541509}.Release|Any CPU.Build.0 = Release|Any CPU
		{D5058BDF-B5D2-48DB-9DD7-04BFB7541509}.Release|x86.ActiveCfg = Release|x86
		{D5058BDF-B5D2-48DB-9DD7-04BFB7541509}.Release|x86.Build.0 = Release|x86
		{96DB7413-005C-4001-894F-5821EFCB8A4C}.Client.Framework - Debug|Any CPU.ActiveCfg = Debug|Any CPU
		{96DB7413-005C-4001-894F-5821EFCB8A4C}.Client.Framework - Debug|Any CPU.Build.0 = Debug|Any CPU
		{96DB7413-005C-4001-894F-5821EFCB8A4C}.Client.Framework - Debug|x86.ActiveCfg = Debug|x86
		{96DB7413-005C-4001-894F-5821EFCB8A4C}.Client.Framework - Debug|x86.Build.0 = Debug|x86
		{96DB7413-005C-4001-894F-5821EFCB8A4C}.Debug|Any CPU.ActiveCfg = Debug|Any CPU
		{96DB7413-005C-4001-894F-5821EFCB8A4C}.Debug|Any CPU.Build.0 = Debug|Any CPU
		{96DB7413-005C-4001-894F-5821EFCB8A4C}.Debug|x86.ActiveCfg = Debug|x86
		{96DB7413-005C-4001-894F-5821EFCB8A4C}.Debug|x86.Build.0 = Debug|x86
		{96DB7413-005C-4001-894F-5821EFCB8A4C}.DomainModel - Debug|Any CPU.ActiveCfg = Debug|Any CPU
		{96DB7413-005C-4001-894F-5821EFCB8A4C}.DomainModel - Debug|Any CPU.Build.0 = Debug|Any CPU
		{96DB7413-005C-4001-894F-5821EFCB8A4C}.DomainModel - Debug|x86.ActiveCfg = Debug|x86
		{96DB7413-005C-4001-894F-5821EFCB8A4C}.DomainModel - Debug|x86.Build.0 = Debug|x86
		{96DB7413-005C-4001-894F-5821EFCB8A4C}.Release|Any CPU.ActiveCfg = Release|Any CPU
		{96DB7413-005C-4001-894F-5821EFCB8A4C}.Release|Any CPU.Build.0 = Release|Any CPU
		{96DB7413-005C-4001-894F-5821EFCB8A4C}.Release|x86.ActiveCfg = Release|x86
		{96DB7413-005C-4001-894F-5821EFCB8A4C}.Release|x86.Build.0 = Release|x86
		{64D97E2C-3CA6-43A6-BCE3-F69077919675}.Client.Framework - Debug|Any CPU.ActiveCfg = Debug|Any CPU
		{64D97E2C-3CA6-43A6-BCE3-F69077919675}.Client.Framework - Debug|Any CPU.Build.0 = Debug|Any CPU
		{64D97E2C-3CA6-43A6-BCE3-F69077919675}.Client.Framework - Debug|x86.ActiveCfg = Debug|x86
		{64D97E2C-3CA6-43A6-BCE3-F69077919675}.Client.Framework - Debug|x86.Build.0 = Debug|x86
		{64D97E2C-3CA6-43A6-BCE3-F69077919675}.Debug|Any CPU.ActiveCfg = Debug|Any CPU
		{64D97E2C-3CA6-43A6-BCE3-F69077919675}.Debug|Any CPU.Build.0 = Debug|Any CPU
		{64D97E2C-3CA6-43A6-BCE3-F69077919675}.Debug|x86.ActiveCfg = Debug|x86
		{64D97E2C-3CA6-43A6-BCE3-F69077919675}.Debug|x86.Build.0 = Debug|x86
		{64D97E2C-3CA6-43A6-BCE3-F69077919675}.DomainModel - Debug|Any CPU.ActiveCfg = Debug|Any CPU
		{64D97E2C-3CA6-43A6-BCE3-F69077919675}.DomainModel - Debug|Any CPU.Build.0 = Debug|Any CPU
		{64D97E2C-3CA6-43A6-BCE3-F69077919675}.DomainModel - Debug|x86.ActiveCfg = Debug|x86
		{64D97E2C-3CA6-43A6-BCE3-F69077919675}.DomainModel - Debug|x86.Build.0 = Debug|x86
		{64D97E2C-3CA6-43A6-BCE3-F69077919675}.Release|Any CPU.ActiveCfg = Release|Any CPU
		{64D97E2C-3CA6-43A6-BCE3-F69077919675}.Release|Any CPU.Build.0 = Release|Any CPU
		{64D97E2C-3CA6-43A6-BCE3-F69077919675}.Release|x86.ActiveCfg = Release|x86
		{64D97E2C-3CA6-43A6-BCE3-F69077919675}.Release|x86.Build.0 = Release|x86
		{9DF70FC1-5972-47B7-8000-A8BCBD3B0A9D}.Client.Framework - Debug|Any CPU.ActiveCfg = Debug|Any CPU
		{9DF70FC1-5972-47B7-8000-A8BCBD3B0A9D}.Client.Framework - Debug|x86.ActiveCfg = Debug|x86
		{9DF70FC1-5972-47B7-8000-A8BCBD3B0A9D}.Client.Framework - Debug|x86.Build.0 = Debug|x86
		{9DF70FC1-5972-47B7-8000-A8BCBD3B0A9D}.Debug|Any CPU.ActiveCfg = Debug|Any CPU
		{9DF70FC1-5972-47B7-8000-A8BCBD3B0A9D}.Debug|Any CPU.Build.0 = Debug|Any CPU
		{9DF70FC1-5972-47B7-8000-A8BCBD3B0A9D}.Debug|x86.ActiveCfg = Debug|x86
		{9DF70FC1-5972-47B7-8000-A8BCBD3B0A9D}.Debug|x86.Build.0 = Debug|x86
		{9DF70FC1-5972-47B7-8000-A8BCBD3B0A9D}.DomainModel - Debug|Any CPU.ActiveCfg = Debug|Any CPU
		{9DF70FC1-5972-47B7-8000-A8BCBD3B0A9D}.DomainModel - Debug|x86.ActiveCfg = Debug|x86
		{9DF70FC1-5972-47B7-8000-A8BCBD3B0A9D}.DomainModel - Debug|x86.Build.0 = Debug|x86
		{9DF70FC1-5972-47B7-8000-A8BCBD3B0A9D}.Release|Any CPU.ActiveCfg = Release|Any CPU
		{9DF70FC1-5972-47B7-8000-A8BCBD3B0A9D}.Release|Any CPU.Build.0 = Release|Any CPU
		{9DF70FC1-5972-47B7-8000-A8BCBD3B0A9D}.Release|x86.ActiveCfg = Release|x86
		{9DF70FC1-5972-47B7-8000-A8BCBD3B0A9D}.Release|x86.Build.0 = Release|x86
		{9AAB9A13-D535-4ACA-9DB3-36E9FBEAAE05}.Client.Framework - Debug|Any CPU.ActiveCfg = Debug|Any CPU
		{9AAB9A13-D535-4ACA-9DB3-36E9FBEAAE05}.Client.Framework - Debug|x86.ActiveCfg = Debug|x86
		{9AAB9A13-D535-4ACA-9DB3-36E9FBEAAE05}.Client.Framework - Debug|x86.Build.0 = Debug|x86
		{9AAB9A13-D535-4ACA-9DB3-36E9FBEAAE05}.Debug|Any CPU.ActiveCfg = Debug|Any CPU
		{9AAB9A13-D535-4ACA-9DB3-36E9FBEAAE05}.Debug|Any CPU.Build.0 = Debug|Any CPU
		{9AAB9A13-D535-4ACA-9DB3-36E9FBEAAE05}.Debug|x86.ActiveCfg = Debug|x86
		{9AAB9A13-D535-4ACA-9DB3-36E9FBEAAE05}.Debug|x86.Build.0 = Debug|x86
		{9AAB9A13-D535-4ACA-9DB3-36E9FBEAAE05}.DomainModel - Debug|Any CPU.ActiveCfg = Debug|Any CPU
		{9AAB9A13-D535-4ACA-9DB3-36E9FBEAAE05}.DomainModel - Debug|x86.ActiveCfg = Debug|x86
		{9AAB9A13-D535-4ACA-9DB3-36E9FBEAAE05}.DomainModel - Debug|x86.Build.0 = Debug|x86
		{9AAB9A13-D535-4ACA-9DB3-36E9FBEAAE05}.Release|Any CPU.ActiveCfg = Release|Any CPU
		{9AAB9A13-D535-4ACA-9DB3-36E9FBEAAE05}.Release|Any CPU.Build.0 = Release|Any CPU
		{9AAB9A13-D535-4ACA-9DB3-36E9FBEAAE05}.Release|x86.ActiveCfg = Release|x86
		{9AAB9A13-D535-4ACA-9DB3-36E9FBEAAE05}.Release|x86.Build.0 = Release|x86
		{BD60A0FD-5700-4853-A23F-A70D5C3A7F05}.Client.Framework - Debug|Any CPU.ActiveCfg = Debug|Any CPU
		{BD60A0FD-5700-4853-A23F-A70D5C3A7F05}.Client.Framework - Debug|x86.ActiveCfg = Debug|x86
		{BD60A0FD-5700-4853-A23F-A70D5C3A7F05}.Client.Framework - Debug|x86.Build.0 = Debug|x86
		{BD60A0FD-5700-4853-A23F-A70D5C3A7F05}.Debug|Any CPU.ActiveCfg = Debug|Any CPU
		{BD60A0FD-5700-4853-A23F-A70D5C3A7F05}.Debug|Any CPU.Build.0 = Debug|Any CPU
		{BD60A0FD-5700-4853-A23F-A70D5C3A7F05}.Debug|x86.ActiveCfg = Debug|x86
		{BD60A0FD-5700-4853-A23F-A70D5C3A7F05}.Debug|x86.Build.0 = Debug|x86
		{BD60A0FD-5700-4853-A23F-A70D5C3A7F05}.DomainModel - Debug|Any CPU.ActiveCfg = Debug|Any CPU
		{BD60A0FD-5700-4853-A23F-A70D5C3A7F05}.DomainModel - Debug|x86.ActiveCfg = Debug|x86
		{BD60A0FD-5700-4853-A23F-A70D5C3A7F05}.DomainModel - Debug|x86.Build.0 = Debug|x86
		{BD60A0FD-5700-4853-A23F-A70D5C3A7F05}.Release|Any CPU.ActiveCfg = Release|Any CPU
		{BD60A0FD-5700-4853-A23F-A70D5C3A7F05}.Release|Any CPU.Build.0 = Release|Any CPU
		{BD60A0FD-5700-4853-A23F-A70D5C3A7F05}.Release|x86.ActiveCfg = Release|x86
		{BD60A0FD-5700-4853-A23F-A70D5C3A7F05}.Release|x86.Build.0 = Release|x86
		{857BBB02-9897-44C8-93CA-C4290EE7A3E4}.Client.Framework - Debug|Any CPU.ActiveCfg = Debug|Any CPU
		{857BBB02-9897-44C8-93CA-C4290EE7A3E4}.Client.Framework - Debug|x86.ActiveCfg = Debug|x86
		{857BBB02-9897-44C8-93CA-C4290EE7A3E4}.Client.Framework - Debug|x86.Build.0 = Debug|x86
		{857BBB02-9897-44C8-93CA-C4290EE7A3E4}.Debug|Any CPU.ActiveCfg = Debug|Any CPU
		{857BBB02-9897-44C8-93CA-C4290EE7A3E4}.Debug|Any CPU.Build.0 = Debug|Any CPU
		{857BBB02-9897-44C8-93CA-C4290EE7A3E4}.Debug|x86.ActiveCfg = Debug|x86
		{857BBB02-9897-44C8-93CA-C4290EE7A3E4}.Debug|x86.Build.0 = Debug|x86
		{857BBB02-9897-44C8-93CA-C4290EE7A3E4}.DomainModel - Debug|Any CPU.ActiveCfg = Debug|Any CPU
		{857BBB02-9897-44C8-93CA-C4290EE7A3E4}.DomainModel - Debug|x86.ActiveCfg = Debug|x86
		{857BBB02-9897-44C8-93CA-C4290EE7A3E4}.DomainModel - Debug|x86.Build.0 = Debug|x86
		{857BBB02-9897-44C8-93CA-C4290EE7A3E4}.Release|Any CPU.ActiveCfg = Release|Any CPU
		{857BBB02-9897-44C8-93CA-C4290EE7A3E4}.Release|Any CPU.Build.0 = Release|Any CPU
		{857BBB02-9897-44C8-93CA-C4290EE7A3E4}.Release|x86.ActiveCfg = Release|x86
		{857BBB02-9897-44C8-93CA-C4290EE7A3E4}.Release|x86.Build.0 = Release|x86
		{CAC23290-BC18-41AB-94BF-A893FA13F8A0}.Client.Framework - Debug|Any CPU.ActiveCfg = Debug|Any CPU
		{CAC23290-BC18-41AB-94BF-A893FA13F8A0}.Client.Framework - Debug|x86.ActiveCfg = Debug|x86
		{CAC23290-BC18-41AB-94BF-A893FA13F8A0}.Client.Framework - Debug|x86.Build.0 = Debug|x86
		{CAC23290-BC18-41AB-94BF-A893FA13F8A0}.Debug|Any CPU.ActiveCfg = Debug|Any CPU
		{CAC23290-BC18-41AB-94BF-A893FA13F8A0}.Debug|Any CPU.Build.0 = Debug|Any CPU
		{CAC23290-BC18-41AB-94BF-A893FA13F8A0}.Debug|x86.ActiveCfg = Debug|x86
		{CAC23290-BC18-41AB-94BF-A893FA13F8A0}.Debug|x86.Build.0 = Debug|x86
		{CAC23290-BC18-41AB-94BF-A893FA13F8A0}.DomainModel - Debug|Any CPU.ActiveCfg = Debug|Any CPU
		{CAC23290-BC18-41AB-94BF-A893FA13F8A0}.DomainModel - Debug|x86.ActiveCfg = Debug|x86
		{CAC23290-BC18-41AB-94BF-A893FA13F8A0}.DomainModel - Debug|x86.Build.0 = Debug|x86
		{CAC23290-BC18-41AB-94BF-A893FA13F8A0}.Release|Any CPU.ActiveCfg = Release|Any CPU
		{CAC23290-BC18-41AB-94BF-A893FA13F8A0}.Release|Any CPU.Build.0 = Release|Any CPU
		{CAC23290-BC18-41AB-94BF-A893FA13F8A0}.Release|x86.ActiveCfg = Release|x86
		{CAC23290-BC18-41AB-94BF-A893FA13F8A0}.Release|x86.Build.0 = Release|x86
		{0D4C73E0-BDA9-48F8-856C-4C84391B9C48}.Client.Framework - Debug|Any CPU.ActiveCfg = Debug|Any CPU
		{0D4C73E0-BDA9-48F8-856C-4C84391B9C48}.Client.Framework - Debug|x86.ActiveCfg = Debug|Any CPU
		{0D4C73E0-BDA9-48F8-856C-4C84391B9C48}.Debug|Any CPU.ActiveCfg = Debug|Any CPU
		{0D4C73E0-BDA9-48F8-856C-4C84391B9C48}.Debug|Any CPU.Build.0 = Debug|Any CPU
		{0D4C73E0-BDA9-48F8-856C-4C84391B9C48}.Debug|x86.ActiveCfg = Debug|Any CPU
		{0D4C73E0-BDA9-48F8-856C-4C84391B9C48}.DomainModel - Debug|Any CPU.ActiveCfg = Debug|Any CPU
		{0D4C73E0-BDA9-48F8-856C-4C84391B9C48}.DomainModel - Debug|x86.ActiveCfg = Debug|Any CPU
		{0D4C73E0-BDA9-48F8-856C-4C84391B9C48}.Release|Any CPU.ActiveCfg = Release|Any CPU
		{0D4C73E0-BDA9-48F8-856C-4C84391B9C48}.Release|Any CPU.Build.0 = Release|Any CPU
		{0D4C73E0-BDA9-48F8-856C-4C84391B9C48}.Release|x86.ActiveCfg = Release|Any CPU
		{BAD5DC21-DCEF-4C1F-9FAE-11FD462F7ADE}.Client.Framework - Debug|Any CPU.ActiveCfg = Debug|Any CPU
		{BAD5DC21-DCEF-4C1F-9FAE-11FD462F7ADE}.Client.Framework - Debug|x86.ActiveCfg = Debug|x86
		{BAD5DC21-DCEF-4C1F-9FAE-11FD462F7ADE}.Client.Framework - Debug|x86.Build.0 = Debug|x86
		{BAD5DC21-DCEF-4C1F-9FAE-11FD462F7ADE}.Debug|Any CPU.ActiveCfg = Debug|Any CPU
		{BAD5DC21-DCEF-4C1F-9FAE-11FD462F7ADE}.Debug|Any CPU.Build.0 = Debug|Any CPU
		{BAD5DC21-DCEF-4C1F-9FAE-11FD462F7ADE}.Debug|x86.ActiveCfg = Debug|x86
		{BAD5DC21-DCEF-4C1F-9FAE-11FD462F7ADE}.Debug|x86.Build.0 = Debug|x86
		{BAD5DC21-DCEF-4C1F-9FAE-11FD462F7ADE}.DomainModel - Debug|Any CPU.ActiveCfg = Debug|Any CPU
		{BAD5DC21-DCEF-4C1F-9FAE-11FD462F7ADE}.DomainModel - Debug|x86.ActiveCfg = Debug|x86
		{BAD5DC21-DCEF-4C1F-9FAE-11FD462F7ADE}.DomainModel - Debug|x86.Build.0 = Debug|x86
		{BAD5DC21-DCEF-4C1F-9FAE-11FD462F7ADE}.Release|Any CPU.ActiveCfg = Release|Any CPU
		{BAD5DC21-DCEF-4C1F-9FAE-11FD462F7ADE}.Release|Any CPU.Build.0 = Release|Any CPU
		{BAD5DC21-DCEF-4C1F-9FAE-11FD462F7ADE}.Release|x86.ActiveCfg = Release|x86
		{BAD5DC21-DCEF-4C1F-9FAE-11FD462F7ADE}.Release|x86.Build.0 = Release|x86
		{40A79DFC-FC6D-4092-BA56-119770F2374A}.Client.Framework - Debug|Any CPU.ActiveCfg = Debug|Any CPU
		{40A79DFC-FC6D-4092-BA56-119770F2374A}.Client.Framework - Debug|x86.ActiveCfg = Debug|Any CPU
		{40A79DFC-FC6D-4092-BA56-119770F2374A}.Debug|Any CPU.ActiveCfg = Debug|Any CPU
		{40A79DFC-FC6D-4092-BA56-119770F2374A}.Debug|Any CPU.Build.0 = Debug|Any CPU
		{40A79DFC-FC6D-4092-BA56-119770F2374A}.Debug|x86.ActiveCfg = Debug|Any CPU
		{40A79DFC-FC6D-4092-BA56-119770F2374A}.DomainModel - Debug|Any CPU.ActiveCfg = Debug|Any CPU
		{40A79DFC-FC6D-4092-BA56-119770F2374A}.DomainModel - Debug|x86.ActiveCfg = Debug|Any CPU
		{40A79DFC-FC6D-4092-BA56-119770F2374A}.Release|Any CPU.ActiveCfg = Release|Any CPU
		{40A79DFC-FC6D-4092-BA56-119770F2374A}.Release|Any CPU.Build.0 = Release|Any CPU
		{40A79DFC-FC6D-4092-BA56-119770F2374A}.Release|x86.ActiveCfg = Release|Any CPU
		{5C71697A-3647-4061-9B58-155F02B22CEB}.Client.Framework - Debug|Any CPU.ActiveCfg = Debug|Any CPU
		{5C71697A-3647-4061-9B58-155F02B22CEB}.Client.Framework - Debug|x86.ActiveCfg = Debug|x86
		{5C71697A-3647-4061-9B58-155F02B22CEB}.Client.Framework - Debug|x86.Build.0 = Debug|x86
		{5C71697A-3647-4061-9B58-155F02B22CEB}.Debug|Any CPU.ActiveCfg = Debug|Any CPU
		{5C71697A-3647-4061-9B58-155F02B22CEB}.Debug|Any CPU.Build.0 = Debug|Any CPU
		{5C71697A-3647-4061-9B58-155F02B22CEB}.Debug|x86.ActiveCfg = Debug|x86
		{5C71697A-3647-4061-9B58-155F02B22CEB}.Debug|x86.Build.0 = Debug|x86
		{5C71697A-3647-4061-9B58-155F02B22CEB}.DomainModel - Debug|Any CPU.ActiveCfg = Debug|Any CPU
		{5C71697A-3647-4061-9B58-155F02B22CEB}.DomainModel - Debug|x86.ActiveCfg = Debug|x86
		{5C71697A-3647-4061-9B58-155F02B22CEB}.DomainModel - Debug|x86.Build.0 = Debug|x86
		{5C71697A-3647-4061-9B58-155F02B22CEB}.Release|Any CPU.ActiveCfg = Release|Any CPU
		{5C71697A-3647-4061-9B58-155F02B22CEB}.Release|Any CPU.Build.0 = Release|Any CPU
		{5C71697A-3647-4061-9B58-155F02B22CEB}.Release|x86.ActiveCfg = Release|x86
		{5C71697A-3647-4061-9B58-155F02B22CEB}.Release|x86.Build.0 = Release|x86
		{3031A8CA-BF0E-425B-B432-9299661651FB}.Client.Framework - Debug|Any CPU.ActiveCfg = Debug|Any CPU
		{3031A8CA-BF0E-425B-B432-9299661651FB}.Client.Framework - Debug|x86.ActiveCfg = Debug|Any CPU
		{3031A8CA-BF0E-425B-B432-9299661651FB}.Debug|Any CPU.ActiveCfg = Debug|Any CPU
		{3031A8CA-BF0E-425B-B432-9299661651FB}.Debug|Any CPU.Build.0 = Debug|Any CPU
		{3031A8CA-BF0E-425B-B432-9299661651FB}.Debug|x86.ActiveCfg = Debug|Any CPU
		{3031A8CA-BF0E-425B-B432-9299661651FB}.DomainModel - Debug|Any CPU.ActiveCfg = Debug|Any CPU
		{3031A8CA-BF0E-425B-B432-9299661651FB}.DomainModel - Debug|x86.ActiveCfg = Debug|Any CPU
		{3031A8CA-BF0E-425B-B432-9299661651FB}.Release|Any CPU.ActiveCfg = Release|Any CPU
		{3031A8CA-BF0E-425B-B432-9299661651FB}.Release|Any CPU.Build.0 = Release|Any CPU
		{3031A8CA-BF0E-425B-B432-9299661651FB}.Release|x86.ActiveCfg = Release|Any CPU
		{EA9E224F-FDC6-4974-AB78-54910EEF7171}.Client.Framework - Debug|Any CPU.ActiveCfg = Debug|Any CPU
		{EA9E224F-FDC6-4974-AB78-54910EEF7171}.Client.Framework - Debug|x86.ActiveCfg = Debug|Any CPU
		{EA9E224F-FDC6-4974-AB78-54910EEF7171}.Debug|Any CPU.ActiveCfg = Debug|Any CPU
		{EA9E224F-FDC6-4974-AB78-54910EEF7171}.Debug|Any CPU.Build.0 = Debug|Any CPU
		{EA9E224F-FDC6-4974-AB78-54910EEF7171}.Debug|x86.ActiveCfg = Debug|Any CPU
		{EA9E224F-FDC6-4974-AB78-54910EEF7171}.DomainModel - Debug|Any CPU.ActiveCfg = Debug|Any CPU
		{EA9E224F-FDC6-4974-AB78-54910EEF7171}.DomainModel - Debug|Any CPU.Build.0 = Debug|Any CPU
		{EA9E224F-FDC6-4974-AB78-54910EEF7171}.DomainModel - Debug|x86.ActiveCfg = Debug|Any CPU
		{EA9E224F-FDC6-4974-AB78-54910EEF7171}.Release|Any CPU.ActiveCfg = Release|Any CPU
		{EA9E224F-FDC6-4974-AB78-54910EEF7171}.Release|Any CPU.Build.0 = Release|Any CPU
		{EA9E224F-FDC6-4974-AB78-54910EEF7171}.Release|x86.ActiveCfg = Release|Any CPU
		{5DE9E55F-AD3C-4217-85B2-F3C5971D03E5}.Client.Framework - Debug|Any CPU.ActiveCfg = Debug|Any CPU
		{5DE9E55F-AD3C-4217-85B2-F3C5971D03E5}.Client.Framework - Debug|x86.ActiveCfg = Debug|Any CPU
		{5DE9E55F-AD3C-4217-85B2-F3C5971D03E5}.Debug|Any CPU.ActiveCfg = Debug|Any CPU
		{5DE9E55F-AD3C-4217-85B2-F3C5971D03E5}.Debug|Any CPU.Build.0 = Debug|Any CPU
		{5DE9E55F-AD3C-4217-85B2-F3C5971D03E5}.Debug|x86.ActiveCfg = Debug|Any CPU
		{5DE9E55F-AD3C-4217-85B2-F3C5971D03E5}.DomainModel - Debug|Any CPU.ActiveCfg = Debug|Any CPU
		{5DE9E55F-AD3C-4217-85B2-F3C5971D03E5}.DomainModel - Debug|x86.ActiveCfg = Debug|Any CPU
		{5DE9E55F-AD3C-4217-85B2-F3C5971D03E5}.Release|Any CPU.ActiveCfg = Release|Any CPU
		{5DE9E55F-AD3C-4217-85B2-F3C5971D03E5}.Release|Any CPU.Build.0 = Release|Any CPU
		{5DE9E55F-AD3C-4217-85B2-F3C5971D03E5}.Release|x86.ActiveCfg = Release|Any CPU
		{A254C31C-8711-4AC5-A6E0-AF55672D681B}.Client.Framework - Debug|Any CPU.ActiveCfg = Debug|Any CPU
		{A254C31C-8711-4AC5-A6E0-AF55672D681B}.Client.Framework - Debug|x86.ActiveCfg = Debug|Any CPU
		{A254C31C-8711-4AC5-A6E0-AF55672D681B}.Debug|Any CPU.ActiveCfg = Debug|Any CPU
		{A254C31C-8711-4AC5-A6E0-AF55672D681B}.Debug|Any CPU.Build.0 = Debug|Any CPU
		{A254C31C-8711-4AC5-A6E0-AF55672D681B}.Debug|x86.ActiveCfg = Debug|Any CPU
		{A254C31C-8711-4AC5-A6E0-AF55672D681B}.DomainModel - Debug|Any CPU.ActiveCfg = Debug|Any CPU
		{A254C31C-8711-4AC5-A6E0-AF55672D681B}.DomainModel - Debug|x86.ActiveCfg = Debug|Any CPU
		{A254C31C-8711-4AC5-A6E0-AF55672D681B}.Release|Any CPU.ActiveCfg = Release|Any CPU
		{A254C31C-8711-4AC5-A6E0-AF55672D681B}.Release|Any CPU.Build.0 = Release|Any CPU
		{A254C31C-8711-4AC5-A6E0-AF55672D681B}.Release|x86.ActiveCfg = Release|Any CPU
		{91F7D534-224D-4F93-885D-FC46C84A1210}.Client.Framework - Debug|Any CPU.ActiveCfg = Debug|Any CPU
		{91F7D534-224D-4F93-885D-FC46C84A1210}.Client.Framework - Debug|x86.ActiveCfg = Debug|Any CPU
		{91F7D534-224D-4F93-885D-FC46C84A1210}.Debug|Any CPU.ActiveCfg = Debug|Any CPU
		{91F7D534-224D-4F93-885D-FC46C84A1210}.Debug|Any CPU.Build.0 = Debug|Any CPU
		{91F7D534-224D-4F93-885D-FC46C84A1210}.Debug|x86.ActiveCfg = Debug|Any CPU
		{91F7D534-224D-4F93-885D-FC46C84A1210}.DomainModel - Debug|Any CPU.ActiveCfg = Debug|Any CPU
		{91F7D534-224D-4F93-885D-FC46C84A1210}.DomainModel - Debug|x86.ActiveCfg = Debug|Any CPU
		{91F7D534-224D-4F93-885D-FC46C84A1210}.Release|Any CPU.ActiveCfg = Release|Any CPU
		{91F7D534-224D-4F93-885D-FC46C84A1210}.Release|Any CPU.Build.0 = Release|Any CPU
		{91F7D534-224D-4F93-885D-FC46C84A1210}.Release|x86.ActiveCfg = Release|Any CPU
		{3488E062-2B64-4654-B506-B7A064E9EF4E}.Client.Framework - Debug|Any CPU.ActiveCfg = Debug|Any CPU
		{3488E062-2B64-4654-B506-B7A064E9EF4E}.Client.Framework - Debug|x86.ActiveCfg = Debug|Any CPU
		{3488E062-2B64-4654-B506-B7A064E9EF4E}.Debug|Any CPU.ActiveCfg = Debug|Any CPU
		{3488E062-2B64-4654-B506-B7A064E9EF4E}.Debug|Any CPU.Build.0 = Debug|Any CPU
		{3488E062-2B64-4654-B506-B7A064E9EF4E}.Debug|x86.ActiveCfg = Debug|Any CPU
		{3488E062-2B64-4654-B506-B7A064E9EF4E}.DomainModel - Debug|Any CPU.ActiveCfg = Debug|Any CPU
		{3488E062-2B64-4654-B506-B7A064E9EF4E}.DomainModel - Debug|x86.ActiveCfg = Debug|Any CPU
		{3488E062-2B64-4654-B506-B7A064E9EF4E}.Release|Any CPU.ActiveCfg = Release|Any CPU
		{3488E062-2B64-4654-B506-B7A064E9EF4E}.Release|Any CPU.Build.0 = Release|Any CPU
		{3488E062-2B64-4654-B506-B7A064E9EF4E}.Release|x86.ActiveCfg = Release|Any CPU
		{6D9506E2-A655-4A52-936D-F17638931E23}.Client.Framework - Debug|Any CPU.ActiveCfg = Debug|Any CPU
		{6D9506E2-A655-4A52-936D-F17638931E23}.Client.Framework - Debug|x86.ActiveCfg = Debug|Any CPU
		{6D9506E2-A655-4A52-936D-F17638931E23}.Debug|Any CPU.ActiveCfg = Debug|Any CPU
		{6D9506E2-A655-4A52-936D-F17638931E23}.Debug|Any CPU.Build.0 = Debug|Any CPU
		{6D9506E2-A655-4A52-936D-F17638931E23}.Debug|x86.ActiveCfg = Debug|Any CPU
		{6D9506E2-A655-4A52-936D-F17638931E23}.DomainModel - Debug|Any CPU.ActiveCfg = Debug|Any CPU
		{6D9506E2-A655-4A52-936D-F17638931E23}.DomainModel - Debug|x86.ActiveCfg = Debug|Any CPU
		{6D9506E2-A655-4A52-936D-F17638931E23}.Release|Any CPU.ActiveCfg = Release|Any CPU
		{6D9506E2-A655-4A52-936D-F17638931E23}.Release|Any CPU.Build.0 = Release|Any CPU
		{6D9506E2-A655-4A52-936D-F17638931E23}.Release|x86.ActiveCfg = Release|Any CPU
		{2010684E-AE16-4A45-B64A-252F807E7DB5}.Client.Framework - Debug|Any CPU.ActiveCfg = Debug|Any CPU
		{2010684E-AE16-4A45-B64A-252F807E7DB5}.Client.Framework - Debug|x86.ActiveCfg = Debug|x86
		{2010684E-AE16-4A45-B64A-252F807E7DB5}.Client.Framework - Debug|x86.Build.0 = Debug|x86
		{2010684E-AE16-4A45-B64A-252F807E7DB5}.Debug|Any CPU.ActiveCfg = Debug|Any CPU
		{2010684E-AE16-4A45-B64A-252F807E7DB5}.Debug|Any CPU.Build.0 = Debug|Any CPU
		{2010684E-AE16-4A45-B64A-252F807E7DB5}.Debug|x86.ActiveCfg = Debug|x86
		{2010684E-AE16-4A45-B64A-252F807E7DB5}.Debug|x86.Build.0 = Debug|x86
		{2010684E-AE16-4A45-B64A-252F807E7DB5}.DomainModel - Debug|Any CPU.ActiveCfg = Debug|Any CPU
		{2010684E-AE16-4A45-B64A-252F807E7DB5}.DomainModel - Debug|x86.ActiveCfg = Debug|x86
		{2010684E-AE16-4A45-B64A-252F807E7DB5}.DomainModel - Debug|x86.Build.0 = Debug|x86
		{2010684E-AE16-4A45-B64A-252F807E7DB5}.Release|Any CPU.ActiveCfg = Release|Any CPU
		{2010684E-AE16-4A45-B64A-252F807E7DB5}.Release|Any CPU.Build.0 = Release|Any CPU
		{2010684E-AE16-4A45-B64A-252F807E7DB5}.Release|x86.ActiveCfg = Release|x86
		{2010684E-AE16-4A45-B64A-252F807E7DB5}.Release|x86.Build.0 = Release|x86
		{EB96EC6A-173A-4D65-A266-0E8F6776B394}.Client.Framework - Debug|Any CPU.ActiveCfg = Debug|Any CPU
		{EB96EC6A-173A-4D65-A266-0E8F6776B394}.Client.Framework - Debug|x86.ActiveCfg = Debug|x86
		{EB96EC6A-173A-4D65-A266-0E8F6776B394}.Client.Framework - Debug|x86.Build.0 = Debug|x86
		{EB96EC6A-173A-4D65-A266-0E8F6776B394}.Debug|Any CPU.ActiveCfg = Debug|Any CPU
		{EB96EC6A-173A-4D65-A266-0E8F6776B394}.Debug|Any CPU.Build.0 = Debug|Any CPU
		{EB96EC6A-173A-4D65-A266-0E8F6776B394}.Debug|x86.ActiveCfg = Debug|x86
		{EB96EC6A-173A-4D65-A266-0E8F6776B394}.Debug|x86.Build.0 = Debug|x86
		{EB96EC6A-173A-4D65-A266-0E8F6776B394}.DomainModel - Debug|Any CPU.ActiveCfg = Debug|Any CPU
		{EB96EC6A-173A-4D65-A266-0E8F6776B394}.DomainModel - Debug|x86.ActiveCfg = Debug|x86
		{EB96EC6A-173A-4D65-A266-0E8F6776B394}.DomainModel - Debug|x86.Build.0 = Debug|x86
		{EB96EC6A-173A-4D65-A266-0E8F6776B394}.Release|Any CPU.ActiveCfg = Release|Any CPU
		{EB96EC6A-173A-4D65-A266-0E8F6776B394}.Release|Any CPU.Build.0 = Release|Any CPU
		{EB96EC6A-173A-4D65-A266-0E8F6776B394}.Release|x86.ActiveCfg = Release|x86
		{EB96EC6A-173A-4D65-A266-0E8F6776B394}.Release|x86.Build.0 = Release|x86
		{E63B0802-67A6-4B3E-B8D3-C3EFB4FEB03E}.Client.Framework - Debug|Any CPU.ActiveCfg = Debug|Any CPU
		{E63B0802-67A6-4B3E-B8D3-C3EFB4FEB03E}.Client.Framework - Debug|x86.ActiveCfg = Debug|x86
		{E63B0802-67A6-4B3E-B8D3-C3EFB4FEB03E}.Client.Framework - Debug|x86.Build.0 = Debug|x86
		{E63B0802-67A6-4B3E-B8D3-C3EFB4FEB03E}.Debug|Any CPU.ActiveCfg = Debug|Any CPU
		{E63B0802-67A6-4B3E-B8D3-C3EFB4FEB03E}.Debug|Any CPU.Build.0 = Debug|Any CPU
		{E63B0802-67A6-4B3E-B8D3-C3EFB4FEB03E}.Debug|x86.ActiveCfg = Debug|x86
		{E63B0802-67A6-4B3E-B8D3-C3EFB4FEB03E}.Debug|x86.Build.0 = Debug|x86
		{E63B0802-67A6-4B3E-B8D3-C3EFB4FEB03E}.DomainModel - Debug|Any CPU.ActiveCfg = Debug|Any CPU
		{E63B0802-67A6-4B3E-B8D3-C3EFB4FEB03E}.DomainModel - Debug|x86.ActiveCfg = Debug|x86
		{E63B0802-67A6-4B3E-B8D3-C3EFB4FEB03E}.DomainModel - Debug|x86.Build.0 = Debug|x86
		{E63B0802-67A6-4B3E-B8D3-C3EFB4FEB03E}.Release|Any CPU.ActiveCfg = Release|Any CPU
		{E63B0802-67A6-4B3E-B8D3-C3EFB4FEB03E}.Release|Any CPU.Build.0 = Release|Any CPU
		{E63B0802-67A6-4B3E-B8D3-C3EFB4FEB03E}.Release|x86.ActiveCfg = Release|x86
		{E63B0802-67A6-4B3E-B8D3-C3EFB4FEB03E}.Release|x86.Build.0 = Release|x86
		{8C68335F-4C05-4939-ACFE-830836E59A66}.Client.Framework - Debug|Any CPU.ActiveCfg = Debug|Any CPU
		{8C68335F-4C05-4939-ACFE-830836E59A66}.Client.Framework - Debug|x86.ActiveCfg = Debug|Any CPU
		{8C68335F-4C05-4939-ACFE-830836E59A66}.Debug|Any CPU.ActiveCfg = Debug|Any CPU
		{8C68335F-4C05-4939-ACFE-830836E59A66}.Debug|Any CPU.Build.0 = Debug|Any CPU
		{8C68335F-4C05-4939-ACFE-830836E59A66}.Debug|x86.ActiveCfg = Debug|Any CPU
		{8C68335F-4C05-4939-ACFE-830836E59A66}.DomainModel - Debug|Any CPU.ActiveCfg = Debug|Any CPU
		{8C68335F-4C05-4939-ACFE-830836E59A66}.DomainModel - Debug|x86.ActiveCfg = Debug|Any CPU
		{8C68335F-4C05-4939-ACFE-830836E59A66}.Release|Any CPU.ActiveCfg = Release|Any CPU
		{8C68335F-4C05-4939-ACFE-830836E59A66}.Release|Any CPU.Build.0 = Release|Any CPU
		{8C68335F-4C05-4939-ACFE-830836E59A66}.Release|x86.ActiveCfg = Release|Any CPU
		{6B428B15-70F8-4C17-85B7-328DB8273948}.Client.Framework - Debug|Any CPU.ActiveCfg = Debug|Any CPU
		{6B428B15-70F8-4C17-85B7-328DB8273948}.Client.Framework - Debug|x86.ActiveCfg = Debug|Any CPU
		{6B428B15-70F8-4C17-85B7-328DB8273948}.Debug|Any CPU.ActiveCfg = Debug|Any CPU
		{6B428B15-70F8-4C17-85B7-328DB8273948}.Debug|Any CPU.Build.0 = Debug|Any CPU
		{6B428B15-70F8-4C17-85B7-328DB8273948}.Debug|x86.ActiveCfg = Debug|Any CPU
		{6B428B15-70F8-4C17-85B7-328DB8273948}.DomainModel - Debug|Any CPU.ActiveCfg = Debug|Any CPU
		{6B428B15-70F8-4C17-85B7-328DB8273948}.DomainModel - Debug|x86.ActiveCfg = Debug|Any CPU
		{6B428B15-70F8-4C17-85B7-328DB8273948}.Release|Any CPU.ActiveCfg = Release|Any CPU
		{6B428B15-70F8-4C17-85B7-328DB8273948}.Release|Any CPU.Build.0 = Release|Any CPU
		{6B428B15-70F8-4C17-85B7-328DB8273948}.Release|x86.ActiveCfg = Release|Any CPU
		{95DF63D4-D4A0-4D14-A83C-3DC7896A5602}.Client.Framework - Debug|Any CPU.ActiveCfg = Debug|Any CPU
		{95DF63D4-D4A0-4D14-A83C-3DC7896A5602}.Client.Framework - Debug|x86.ActiveCfg = Debug|Any CPU
		{95DF63D4-D4A0-4D14-A83C-3DC7896A5602}.Debug|Any CPU.ActiveCfg = Debug|Any CPU
		{95DF63D4-D4A0-4D14-A83C-3DC7896A5602}.Debug|Any CPU.Build.0 = Debug|Any CPU
		{95DF63D4-D4A0-4D14-A83C-3DC7896A5602}.Debug|x86.ActiveCfg = Debug|Any CPU
		{95DF63D4-D4A0-4D14-A83C-3DC7896A5602}.DomainModel - Debug|Any CPU.ActiveCfg = Debug|Any CPU
		{95DF63D4-D4A0-4D14-A83C-3DC7896A5602}.DomainModel - Debug|x86.ActiveCfg = Debug|Any CPU
		{95DF63D4-D4A0-4D14-A83C-3DC7896A5602}.Release|Any CPU.ActiveCfg = Release|Any CPU
		{95DF63D4-D4A0-4D14-A83C-3DC7896A5602}.Release|Any CPU.Build.0 = Release|Any CPU
		{95DF63D4-D4A0-4D14-A83C-3DC7896A5602}.Release|x86.ActiveCfg = Release|Any CPU
		{60D64434-D706-4C84-91A2-80239C6AABA2}.Client.Framework - Debug|Any CPU.ActiveCfg = Debug|Any CPU
		{60D64434-D706-4C84-91A2-80239C6AABA2}.Client.Framework - Debug|x86.ActiveCfg = Debug|Any CPU
		{60D64434-D706-4C84-91A2-80239C6AABA2}.Debug|Any CPU.ActiveCfg = Debug|Any CPU
		{60D64434-D706-4C84-91A2-80239C6AABA2}.Debug|Any CPU.Build.0 = Debug|Any CPU
		{60D64434-D706-4C84-91A2-80239C6AABA2}.Debug|x86.ActiveCfg = Debug|Any CPU
		{60D64434-D706-4C84-91A2-80239C6AABA2}.DomainModel - Debug|Any CPU.ActiveCfg = Debug|Any CPU
		{60D64434-D706-4C84-91A2-80239C6AABA2}.DomainModel - Debug|x86.ActiveCfg = Debug|Any CPU
		{60D64434-D706-4C84-91A2-80239C6AABA2}.Release|Any CPU.ActiveCfg = Release|Any CPU
		{60D64434-D706-4C84-91A2-80239C6AABA2}.Release|Any CPU.Build.0 = Release|Any CPU
		{60D64434-D706-4C84-91A2-80239C6AABA2}.Release|x86.ActiveCfg = Release|Any CPU
		{6AA6AA3B-5D1E-481E-B307-B553F3F3508E}.Client.Framework - Debug|Any CPU.ActiveCfg = Debug|Any CPU
		{6AA6AA3B-5D1E-481E-B307-B553F3F3508E}.Client.Framework - Debug|Any CPU.Build.0 = Debug|Any CPU
		{6AA6AA3B-5D1E-481E-B307-B553F3F3508E}.Client.Framework - Debug|x86.ActiveCfg = Debug|Any CPU
		{6AA6AA3B-5D1E-481E-B307-B553F3F3508E}.Debug|Any CPU.ActiveCfg = Debug|Any CPU
		{6AA6AA3B-5D1E-481E-B307-B553F3F3508E}.Debug|Any CPU.Build.0 = Debug|Any CPU
		{6AA6AA3B-5D1E-481E-B307-B553F3F3508E}.Debug|x86.ActiveCfg = Debug|Any CPU
		{6AA6AA3B-5D1E-481E-B307-B553F3F3508E}.DomainModel - Debug|Any CPU.ActiveCfg = Debug|Any CPU
		{6AA6AA3B-5D1E-481E-B307-B553F3F3508E}.DomainModel - Debug|x86.ActiveCfg = Debug|Any CPU
		{6AA6AA3B-5D1E-481E-B307-B553F3F3508E}.Release|Any CPU.ActiveCfg = Release|Any CPU
		{6AA6AA3B-5D1E-481E-B307-B553F3F3508E}.Release|Any CPU.Build.0 = Release|Any CPU
		{6AA6AA3B-5D1E-481E-B307-B553F3F3508E}.Release|x86.ActiveCfg = Release|Any CPU
		{3600462F-DDE6-41BC-9616-6F5D0465260B}.Client.Framework - Debug|Any CPU.ActiveCfg = Debug|Any CPU
		{3600462F-DDE6-41BC-9616-6F5D0465260B}.Client.Framework - Debug|Any CPU.Build.0 = Debug|Any CPU
		{3600462F-DDE6-41BC-9616-6F5D0465260B}.Client.Framework - Debug|x86.ActiveCfg = Debug|Any CPU
		{3600462F-DDE6-41BC-9616-6F5D0465260B}.Debug|Any CPU.ActiveCfg = Debug|Any CPU
		{3600462F-DDE6-41BC-9616-6F5D0465260B}.Debug|Any CPU.Build.0 = Debug|Any CPU
		{3600462F-DDE6-41BC-9616-6F5D0465260B}.Debug|x86.ActiveCfg = Debug|Any CPU
		{3600462F-DDE6-41BC-9616-6F5D0465260B}.DomainModel - Debug|Any CPU.ActiveCfg = Debug|Any CPU
		{3600462F-DDE6-41BC-9616-6F5D0465260B}.DomainModel - Debug|x86.ActiveCfg = Debug|Any CPU
		{3600462F-DDE6-41BC-9616-6F5D0465260B}.Release|Any CPU.ActiveCfg = Release|Any CPU
		{3600462F-DDE6-41BC-9616-6F5D0465260B}.Release|Any CPU.Build.0 = Release|Any CPU
		{3600462F-DDE6-41BC-9616-6F5D0465260B}.Release|x86.ActiveCfg = Release|Any CPU
		{1F702879-3C0A-4915-8EB9-BD6DF586A77F}.Client.Framework - Debug|Any CPU.ActiveCfg = Debug|Any CPU
		{1F702879-3C0A-4915-8EB9-BD6DF586A77F}.Client.Framework - Debug|Any CPU.Build.0 = Debug|Any CPU
		{1F702879-3C0A-4915-8EB9-BD6DF586A77F}.Client.Framework - Debug|x86.ActiveCfg = Debug|Any CPU
		{1F702879-3C0A-4915-8EB9-BD6DF586A77F}.Debug|Any CPU.ActiveCfg = Debug|Any CPU
		{1F702879-3C0A-4915-8EB9-BD6DF586A77F}.Debug|Any CPU.Build.0 = Debug|Any CPU
		{1F702879-3C0A-4915-8EB9-BD6DF586A77F}.Debug|x86.ActiveCfg = Debug|Any CPU
		{1F702879-3C0A-4915-8EB9-BD6DF586A77F}.DomainModel - Debug|Any CPU.ActiveCfg = Debug|Any CPU
		{1F702879-3C0A-4915-8EB9-BD6DF586A77F}.DomainModel - Debug|x86.ActiveCfg = Debug|Any CPU
		{1F702879-3C0A-4915-8EB9-BD6DF586A77F}.Release|Any CPU.ActiveCfg = Release|Any CPU
		{1F702879-3C0A-4915-8EB9-BD6DF586A77F}.Release|Any CPU.Build.0 = Release|Any CPU
		{1F702879-3C0A-4915-8EB9-BD6DF586A77F}.Release|x86.ActiveCfg = Release|Any CPU
		{97E9523B-DB3B-46AA-A7F9-9716FDA63A3C}.Client.Framework - Debug|Any CPU.ActiveCfg = Debug|Any CPU
		{97E9523B-DB3B-46AA-A7F9-9716FDA63A3C}.Client.Framework - Debug|Any CPU.Build.0 = Debug|Any CPU
		{97E9523B-DB3B-46AA-A7F9-9716FDA63A3C}.Client.Framework - Debug|x86.ActiveCfg = Debug|Any CPU
		{97E9523B-DB3B-46AA-A7F9-9716FDA63A3C}.Debug|Any CPU.ActiveCfg = Debug|Any CPU
		{97E9523B-DB3B-46AA-A7F9-9716FDA63A3C}.Debug|Any CPU.Build.0 = Debug|Any CPU
		{97E9523B-DB3B-46AA-A7F9-9716FDA63A3C}.Debug|x86.ActiveCfg = Debug|Any CPU
		{97E9523B-DB3B-46AA-A7F9-9716FDA63A3C}.DomainModel - Debug|Any CPU.ActiveCfg = Debug|Any CPU
		{97E9523B-DB3B-46AA-A7F9-9716FDA63A3C}.DomainModel - Debug|Any CPU.Build.0 = Debug|Any CPU
		{97E9523B-DB3B-46AA-A7F9-9716FDA63A3C}.DomainModel - Debug|x86.ActiveCfg = Debug|Any CPU
		{97E9523B-DB3B-46AA-A7F9-9716FDA63A3C}.Release|Any CPU.ActiveCfg = Release|Any CPU
		{97E9523B-DB3B-46AA-A7F9-9716FDA63A3C}.Release|Any CPU.Build.0 = Release|Any CPU
		{97E9523B-DB3B-46AA-A7F9-9716FDA63A3C}.Release|x86.ActiveCfg = Release|Any CPU
		{9C929E6A-CED4-4279-86A7-2E4ACCC5962E}.Client.Framework - Debug|Any CPU.ActiveCfg = Debug|Any CPU
		{9C929E6A-CED4-4279-86A7-2E4ACCC5962E}.Client.Framework - Debug|Any CPU.Build.0 = Debug|Any CPU
		{9C929E6A-CED4-4279-86A7-2E4ACCC5962E}.Client.Framework - Debug|x86.ActiveCfg = Debug|Any CPU
		{9C929E6A-CED4-4279-86A7-2E4ACCC5962E}.Debug|Any CPU.ActiveCfg = Debug|Any CPU
		{9C929E6A-CED4-4279-86A7-2E4ACCC5962E}.Debug|Any CPU.Build.0 = Debug|Any CPU
		{9C929E6A-CED4-4279-86A7-2E4ACCC5962E}.Debug|x86.ActiveCfg = Debug|Any CPU
		{9C929E6A-CED4-4279-86A7-2E4ACCC5962E}.DomainModel - Debug|Any CPU.ActiveCfg = Debug|Any CPU
		{9C929E6A-CED4-4279-86A7-2E4ACCC5962E}.DomainModel - Debug|Any CPU.Build.0 = Debug|Any CPU
		{9C929E6A-CED4-4279-86A7-2E4ACCC5962E}.DomainModel - Debug|x86.ActiveCfg = Debug|Any CPU
		{9C929E6A-CED4-4279-86A7-2E4ACCC5962E}.Release|Any CPU.ActiveCfg = Release|Any CPU
		{9C929E6A-CED4-4279-86A7-2E4ACCC5962E}.Release|Any CPU.Build.0 = Release|Any CPU
		{9C929E6A-CED4-4279-86A7-2E4ACCC5962E}.Release|x86.ActiveCfg = Release|Any CPU
		{366E9F59-AA7E-4059-8176-20FFF07F7EF4}.Client.Framework - Debug|Any CPU.ActiveCfg = Debug|Any CPU
		{366E9F59-AA7E-4059-8176-20FFF07F7EF4}.Client.Framework - Debug|Any CPU.Build.0 = Debug|Any CPU
		{366E9F59-AA7E-4059-8176-20FFF07F7EF4}.Client.Framework - Debug|x86.ActiveCfg = Debug|Any CPU
		{366E9F59-AA7E-4059-8176-20FFF07F7EF4}.Debug|Any CPU.ActiveCfg = Debug|Any CPU
		{366E9F59-AA7E-4059-8176-20FFF07F7EF4}.Debug|Any CPU.Build.0 = Debug|Any CPU
		{366E9F59-AA7E-4059-8176-20FFF07F7EF4}.Debug|x86.ActiveCfg = Debug|Any CPU
		{366E9F59-AA7E-4059-8176-20FFF07F7EF4}.DomainModel - Debug|Any CPU.ActiveCfg = Debug|Any CPU
		{366E9F59-AA7E-4059-8176-20FFF07F7EF4}.DomainModel - Debug|Any CPU.Build.0 = Debug|Any CPU
		{366E9F59-AA7E-4059-8176-20FFF07F7EF4}.DomainModel - Debug|x86.ActiveCfg = Debug|Any CPU
		{366E9F59-AA7E-4059-8176-20FFF07F7EF4}.Release|Any CPU.ActiveCfg = Release|Any CPU
		{366E9F59-AA7E-4059-8176-20FFF07F7EF4}.Release|Any CPU.Build.0 = Release|Any CPU
		{366E9F59-AA7E-4059-8176-20FFF07F7EF4}.Release|x86.ActiveCfg = Release|Any CPU
		{5C51D91C-8A5B-4308-8963-C522888ADB4D}.Client.Framework - Debug|Any CPU.ActiveCfg = Debug|Any CPU
		{5C51D91C-8A5B-4308-8963-C522888ADB4D}.Client.Framework - Debug|Any CPU.Build.0 = Debug|Any CPU
		{5C51D91C-8A5B-4308-8963-C522888ADB4D}.Client.Framework - Debug|x86.ActiveCfg = Debug|Any CPU
		{5C51D91C-8A5B-4308-8963-C522888ADB4D}.Debug|Any CPU.ActiveCfg = Debug|Any CPU
		{5C51D91C-8A5B-4308-8963-C522888ADB4D}.Debug|Any CPU.Build.0 = Debug|Any CPU
		{5C51D91C-8A5B-4308-8963-C522888ADB4D}.Debug|x86.ActiveCfg = Debug|Any CPU
		{5C51D91C-8A5B-4308-8963-C522888ADB4D}.DomainModel - Debug|Any CPU.ActiveCfg = Debug|Any CPU
		{5C51D91C-8A5B-4308-8963-C522888ADB4D}.DomainModel - Debug|Any CPU.Build.0 = Debug|Any CPU
		{5C51D91C-8A5B-4308-8963-C522888ADB4D}.DomainModel - Debug|x86.ActiveCfg = Debug|Any CPU
		{5C51D91C-8A5B-4308-8963-C522888ADB4D}.Release|Any CPU.ActiveCfg = Release|Any CPU
		{5C51D91C-8A5B-4308-8963-C522888ADB4D}.Release|Any CPU.Build.0 = Release|Any CPU
		{5C51D91C-8A5B-4308-8963-C522888ADB4D}.Release|x86.ActiveCfg = Release|Any CPU
		{1A6D909E-7BAD-43BA-928D-DC8786CB3EE3}.Client.Framework - Debug|Any CPU.ActiveCfg = Debug|Any CPU
		{1A6D909E-7BAD-43BA-928D-DC8786CB3EE3}.Client.Framework - Debug|Any CPU.Build.0 = Debug|Any CPU
		{1A6D909E-7BAD-43BA-928D-DC8786CB3EE3}.Client.Framework - Debug|x86.ActiveCfg = Debug|Any CPU
		{1A6D909E-7BAD-43BA-928D-DC8786CB3EE3}.Debug|Any CPU.ActiveCfg = Debug|Any CPU
		{1A6D909E-7BAD-43BA-928D-DC8786CB3EE3}.Debug|Any CPU.Build.0 = Debug|Any CPU
		{1A6D909E-7BAD-43BA-928D-DC8786CB3EE3}.Debug|x86.ActiveCfg = Debug|Any CPU
		{1A6D909E-7BAD-43BA-928D-DC8786CB3EE3}.DomainModel - Debug|Any CPU.ActiveCfg = Debug|Any CPU
		{1A6D909E-7BAD-43BA-928D-DC8786CB3EE3}.DomainModel - Debug|Any CPU.Build.0 = Debug|Any CPU
		{1A6D909E-7BAD-43BA-928D-DC8786CB3EE3}.DomainModel - Debug|x86.ActiveCfg = Debug|Any CPU
		{1A6D909E-7BAD-43BA-928D-DC8786CB3EE3}.Release|Any CPU.ActiveCfg = Release|Any CPU
		{1A6D909E-7BAD-43BA-928D-DC8786CB3EE3}.Release|Any CPU.Build.0 = Release|Any CPU
		{1A6D909E-7BAD-43BA-928D-DC8786CB3EE3}.Release|x86.ActiveCfg = Release|Any CPU
		{87C4635A-B2A9-4A50-A95F-95F40DDFDAB2}.Client.Framework - Debug|Any CPU.ActiveCfg = Debug|Any CPU
		{87C4635A-B2A9-4A50-A95F-95F40DDFDAB2}.Client.Framework - Debug|Any CPU.Build.0 = Debug|Any CPU
		{87C4635A-B2A9-4A50-A95F-95F40DDFDAB2}.Client.Framework - Debug|x86.ActiveCfg = Debug|Any CPU
		{87C4635A-B2A9-4A50-A95F-95F40DDFDAB2}.Debug|Any CPU.ActiveCfg = Debug|Any CPU
		{87C4635A-B2A9-4A50-A95F-95F40DDFDAB2}.Debug|Any CPU.Build.0 = Debug|Any CPU
		{87C4635A-B2A9-4A50-A95F-95F40DDFDAB2}.Debug|x86.ActiveCfg = Debug|Any CPU
		{87C4635A-B2A9-4A50-A95F-95F40DDFDAB2}.DomainModel - Debug|Any CPU.ActiveCfg = Debug|Any CPU
		{87C4635A-B2A9-4A50-A95F-95F40DDFDAB2}.DomainModel - Debug|Any CPU.Build.0 = Debug|Any CPU
		{87C4635A-B2A9-4A50-A95F-95F40DDFDAB2}.DomainModel - Debug|x86.ActiveCfg = Debug|Any CPU
		{87C4635A-B2A9-4A50-A95F-95F40DDFDAB2}.Release|Any CPU.ActiveCfg = Release|Any CPU
		{87C4635A-B2A9-4A50-A95F-95F40DDFDAB2}.Release|Any CPU.Build.0 = Release|Any CPU
		{87C4635A-B2A9-4A50-A95F-95F40DDFDAB2}.Release|x86.ActiveCfg = Release|Any CPU
		{8D16BD2B-1251-48EA-9349-145EF4BCB5FA}.Client.Framework - Debug|Any CPU.ActiveCfg = Debug|Any CPU
		{8D16BD2B-1251-48EA-9349-145EF4BCB5FA}.Client.Framework - Debug|Any CPU.Build.0 = Debug|Any CPU
		{8D16BD2B-1251-48EA-9349-145EF4BCB5FA}.Client.Framework - Debug|x86.ActiveCfg = Debug|Any CPU
		{8D16BD2B-1251-48EA-9349-145EF4BCB5FA}.Debug|Any CPU.ActiveCfg = Debug|Any CPU
		{8D16BD2B-1251-48EA-9349-145EF4BCB5FA}.Debug|Any CPU.Build.0 = Debug|Any CPU
		{8D16BD2B-1251-48EA-9349-145EF4BCB5FA}.Debug|x86.ActiveCfg = Debug|Any CPU
		{8D16BD2B-1251-48EA-9349-145EF4BCB5FA}.DomainModel - Debug|Any CPU.ActiveCfg = Debug|Any CPU
		{8D16BD2B-1251-48EA-9349-145EF4BCB5FA}.DomainModel - Debug|Any CPU.Build.0 = Debug|Any CPU
		{8D16BD2B-1251-48EA-9349-145EF4BCB5FA}.DomainModel - Debug|x86.ActiveCfg = Debug|Any CPU
		{8D16BD2B-1251-48EA-9349-145EF4BCB5FA}.Release|Any CPU.ActiveCfg = Release|Any CPU
		{8D16BD2B-1251-48EA-9349-145EF4BCB5FA}.Release|Any CPU.Build.0 = Release|Any CPU
		{8D16BD2B-1251-48EA-9349-145EF4BCB5FA}.Release|x86.ActiveCfg = Release|Any CPU
	EndGlobalSection
	GlobalSection(SolutionProperties) = preSolution
		HideSolutionNode = FALSE
	EndGlobalSection
	GlobalSection(NestedProjects) = preSolution
		{6D3D6DF1-E250-46D8-914D-05C09E6BFA54} = {DBFAEEDF-45E5-4D81-B80B-14CECABC0614}
		{6D860A9B-0B17-4E78-AB4D-533D1698F225} = {DBFAEEDF-45E5-4D81-B80B-14CECABC0614}
		{0108432D-68EB-4F91-962D-D7FF842F8988} = {DBFAEEDF-45E5-4D81-B80B-14CECABC0614}
		{5D4669EF-F733-4893-90CE-A4F577B2BD63} = {DBFAEEDF-45E5-4D81-B80B-14CECABC0614}
		{7C423CC1-417A-410A-81C9-741029DC0F8B} = {DBFAEEDF-45E5-4D81-B80B-14CECABC0614}
		{124594EB-B92D-49B1-9E1D-F3557A0413D8} = {DBFAEEDF-45E5-4D81-B80B-14CECABC0614}
		{88EB074E-ADA5-4098-8F85-79CE30913CFD} = {C8A901E0-BFBC-472A-87C9-8A7DB2EE30D8}
		{7882F92F-E48B-479E-A2EA-68844EE1C113} = {C8A901E0-BFBC-472A-87C9-8A7DB2EE30D8}
		{DB3A158F-D0F2-46F2-BC90-1BB163EA76AB} = {C8A901E0-BFBC-472A-87C9-8A7DB2EE30D8}
		{B462D2F5-B13F-41FD-907C-02343087FF13} = {C8A901E0-BFBC-472A-87C9-8A7DB2EE30D8}
		{1E77D895-A0E6-4DC9-82FF-3379D65836C1} = {C8A901E0-BFBC-472A-87C9-8A7DB2EE30D8}
		{82E89814-481B-48A7-9EBB-6717E47640EA} = {C8A901E0-BFBC-472A-87C9-8A7DB2EE30D8}
		{98E0FA30-C35F-4AF4-99B9-7597F6A0F1A1} = {C8A901E0-BFBC-472A-87C9-8A7DB2EE30D8}
		{377B2C84-D2F4-4521-97A4-ADDDA50F53C7} = {C8A901E0-BFBC-472A-87C9-8A7DB2EE30D8}
		{97AD9B12-AA77-49B0-B7A6-9D78FB387EE3} = {88EB074E-ADA5-4098-8F85-79CE30913CFD}
		{F6F08036-B1F1-4415-93B3-61CD0D4724BC} = {88EB074E-ADA5-4098-8F85-79CE30913CFD}
		{FBCC72D4-8577-407F-9DC4-D9DD43F9234A} = {88EB074E-ADA5-4098-8F85-79CE30913CFD}
		{A8DAA6B2-1761-4D5F-91F6-5E3D50F76FE4} = {88EB074E-ADA5-4098-8F85-79CE30913CFD}
		{57BB7959-11F6-4A25-BA74-4C1C7FA1AF7B} = {88EB074E-ADA5-4098-8F85-79CE30913CFD}
		{1FA71300-2252-4004-A091-382B9962171E} = {88EB074E-ADA5-4098-8F85-79CE30913CFD}
		{59F06562-E4B1-46F1-9135-038CB0B1772F} = {88EB074E-ADA5-4098-8F85-79CE30913CFD}
		{1A8A616E-9980-49CF-A49C-0540E705D4E4} = {88EB074E-ADA5-4098-8F85-79CE30913CFD}
		{90633D78-261A-4FC7-A876-E35C10A50D95} = {88EB074E-ADA5-4098-8F85-79CE30913CFD}
		{A4274041-04F7-436E-8A1B-CB72D4916013} = {88EB074E-ADA5-4098-8F85-79CE30913CFD}
		{5C51D91C-8A5B-4308-8963-C522888ADB4D} = {88EB074E-ADA5-4098-8F85-79CE30913CFD}
		{1A6D909E-7BAD-43BA-928D-DC8786CB3EE3} = {88EB074E-ADA5-4098-8F85-79CE30913CFD}
		{87C4635A-B2A9-4A50-A95F-95F40DDFDAB2} = {88EB074E-ADA5-4098-8F85-79CE30913CFD}
		{8D16BD2B-1251-48EA-9349-145EF4BCB5FA} = {88EB074E-ADA5-4098-8F85-79CE30913CFD}
		{8B63D9B3-7728-413A-94E6-167C30F1B429} = {97AD9B12-AA77-49B0-B7A6-9D78FB387EE3}
		{203A07E5-D01B-4241-B330-8BC91CFBE303} = {97AD9B12-AA77-49B0-B7A6-9D78FB387EE3}
		{55A12310-9C06-4C3F-A2E8-57BBAC0E4A0F} = {97AD9B12-AA77-49B0-B7A6-9D78FB387EE3}
		{900E0DA9-9341-41A5-B562-063815073DF4} = {F6F08036-B1F1-4415-93B3-61CD0D4724BC}
		{9886A595-ADFA-4E80-A383-64B567DB008C} = {F6F08036-B1F1-4415-93B3-61CD0D4724BC}
		{DAE0045C-6153-4512-A265-F49798DFA84B} = {F6F08036-B1F1-4415-93B3-61CD0D4724BC}
		{4ABCB9D9-E9EF-40FE-9AA9-E77714A5E275} = {FBCC72D4-8577-407F-9DC4-D9DD43F9234A}
		{B84CF0E7-086A-4836-A317-7FF06AD0D52F} = {FBCC72D4-8577-407F-9DC4-D9DD43F9234A}
		{E374F5FC-DE03-4A95-B28F-2A227841B2AD} = {FBCC72D4-8577-407F-9DC4-D9DD43F9234A}
		{754C1232-CD79-474B-B21C-B3243015C1DC} = {A8DAA6B2-1761-4D5F-91F6-5E3D50F76FE4}
		{1B46775D-B317-411F-8111-645C7A81614E} = {57BB7959-11F6-4A25-BA74-4C1C7FA1AF7B}
		{A93BB217-B5AA-4465-B61A-AEE9D25D73AE} = {57BB7959-11F6-4A25-BA74-4C1C7FA1AF7B}
		{2298D45A-84B7-48E7-8823-52A124F4A911} = {57BB7959-11F6-4A25-BA74-4C1C7FA1AF7B}
		{F00CBB10-58D2-40B9-82DD-D8ABD14E1995} = {EFCEC0CE-DCF4-40D0-AE9A-8FE6B1367B99}
		{EA9E224F-FDC6-4974-AB78-54910EEF7171} = {EFCEC0CE-DCF4-40D0-AE9A-8FE6B1367B99}
		{1F90A7BD-75F0-489B-BD81-2E6A40BCDF7C} = {EFCEC0CE-DCF4-40D0-AE9A-8FE6B1367B99}
		{42A87EF0-008B-4AAB-8A95-3FD07E8B0992} = {1FA71300-2252-4004-A091-382B9962171E}
		{5A6EF1DD-D358-4907-859B-111F3A45A9EF} = {1FA71300-2252-4004-A091-382B9962171E}
		{DFEE3182-BD20-4747-BCAD-F19C277A8070} = {1FA71300-2252-4004-A091-382B9962171E}
		{9DF70FC1-5972-47B7-8000-A8BCBD3B0A9D} = {29D6840E-0105-4553-A33F-FAB466A377CD}
		{9AAB9A13-D535-4ACA-9DB3-36E9FBEAAE05} = {29D6840E-0105-4553-A33F-FAB466A377CD}
		{BD60A0FD-5700-4853-A23F-A70D5C3A7F05} = {29D6840E-0105-4553-A33F-FAB466A377CD}
		{857BBB02-9897-44C8-93CA-C4290EE7A3E4} = {29D6840E-0105-4553-A33F-FAB466A377CD}
		{C64BEC1B-7349-4B9B-86F6-0C51DFEB3F61} = {29D6840E-0105-4553-A33F-FAB466A377CD}
		{47431D6D-1824-41E1-87B8-D90872E4FA04} = {FC11CD76-1039-4981-B981-A7EA21A2AA84}
		{D5058BDF-B5D2-48DB-9DD7-04BFB7541509} = {FC11CD76-1039-4981-B981-A7EA21A2AA84}
		{96DB7413-005C-4001-894F-5821EFCB8A4C} = {FC11CD76-1039-4981-B981-A7EA21A2AA84}
		{64D97E2C-3CA6-43A6-BCE3-F69077919675} = {FC11CD76-1039-4981-B981-A7EA21A2AA84}
		{CAC23290-BC18-41AB-94BF-A893FA13F8A0} = {59F06562-E4B1-46F1-9135-038CB0B1772F}
		{BAD5DC21-DCEF-4C1F-9FAE-11FD462F7ADE} = {59F06562-E4B1-46F1-9135-038CB0B1772F}
		{5C71697A-3647-4061-9B58-155F02B22CEB} = {59F06562-E4B1-46F1-9135-038CB0B1772F}
		{0D4C73E0-BDA9-48F8-856C-4C84391B9C48} = {1A8A616E-9980-49CF-A49C-0540E705D4E4}
		{40A79DFC-FC6D-4092-BA56-119770F2374A} = {1A8A616E-9980-49CF-A49C-0540E705D4E4}
		{3031A8CA-BF0E-425B-B432-9299661651FB} = {1A8A616E-9980-49CF-A49C-0540E705D4E4}
		{5DE9E55F-AD3C-4217-85B2-F3C5971D03E5} = {90633D78-261A-4FC7-A876-E35C10A50D95}
		{A254C31C-8711-4AC5-A6E0-AF55672D681B} = {90633D78-261A-4FC7-A876-E35C10A50D95}
		{91F7D534-224D-4F93-885D-FC46C84A1210} = {42A87EF0-008B-4AAB-8A95-3FD07E8B0992}
		{3488E062-2B64-4654-B506-B7A064E9EF4E} = {42A87EF0-008B-4AAB-8A95-3FD07E8B0992}
		{6D9506E2-A655-4A52-936D-F17638931E23} = {42A87EF0-008B-4AAB-8A95-3FD07E8B0992}
		{2010684E-AE16-4A45-B64A-252F807E7DB5} = {C64BEC1B-7349-4B9B-86F6-0C51DFEB3F61}
		{EB96EC6A-173A-4D65-A266-0E8F6776B394} = {C64BEC1B-7349-4B9B-86F6-0C51DFEB3F61}
		{E63B0802-67A6-4B3E-B8D3-C3EFB4FEB03E} = {C64BEC1B-7349-4B9B-86F6-0C51DFEB3F61}
		{8C68335F-4C05-4939-ACFE-830836E59A66} = {C64BEC1B-7349-4B9B-86F6-0C51DFEB3F61}
		{6B428B15-70F8-4C17-85B7-328DB8273948} = {5A6EF1DD-D358-4907-859B-111F3A45A9EF}
		{95DF63D4-D4A0-4D14-A83C-3DC7896A5602} = {5A6EF1DD-D358-4907-859B-111F3A45A9EF}
		{60D64434-D706-4C84-91A2-80239C6AABA2} = {5A6EF1DD-D358-4907-859B-111F3A45A9EF}
		{6AA6AA3B-5D1E-481E-B307-B553F3F3508E} = {DFEE3182-BD20-4747-BCAD-F19C277A8070}
		{3600462F-DDE6-41BC-9616-6F5D0465260B} = {DFEE3182-BD20-4747-BCAD-F19C277A8070}
		{1F702879-3C0A-4915-8EB9-BD6DF586A77F} = {DFEE3182-BD20-4747-BCAD-F19C277A8070}
		{97E9523B-DB3B-46AA-A7F9-9716FDA63A3C} = {A4274041-04F7-436E-8A1B-CB72D4916013}
		{9C929E6A-CED4-4279-86A7-2E4ACCC5962E} = {A4274041-04F7-436E-8A1B-CB72D4916013}
		{366E9F59-AA7E-4059-8176-20FFF07F7EF4} = {A4274041-04F7-436E-8A1B-CB72D4916013}
	EndGlobalSection
EndGlobal
